{
  "originHash" : "a758ccf717fdfdb86f09136097e776d790bde8518689cbfe41619ea2215ecb20",
  "pins" : [
    {
      "identity" : "pageboy",
      "kind" : "remoteSourceControl",
      "location" : "https://github.com/uias/Pageboy",
      "state" : {
        "revision" : "be0c1f6f1964cfb07f9d819b0863f2c3f255f612",
        "version" : "4.2.0"
      }
    }
  ],
  "version" : 3
}
