{
  "originHash" : "a758ccf717fdfdb86f09136097e776d790bde8518689cbfe41619ea2215ecb20",
  "pins" : [
    {
      "identity" : "pageboy",
      "kind" : "remoteSourceControl",
      "location" : "https://github.com/uias/Pageboy",
      "state" : {
        "revision" : "adce5f6e6e5501296a0828b5358190b7ec7a8b7e",
        "version" : "5.0.0"
      }
    }
  ],
  "version" : 3
}
