// !$*UTF8*$!
{
	archiveVersion = 1;
	classes = {
	};
	objectVersion = 46;
	objects = {

/* Begin PBXBuildFile section */
		D62AC0D91E5733A80020B8AE /* AppDelegate.swift in Sources */ = {isa = PBXBuildFile; fileRef = D62AC0D81E5733A80020B8AE /* AppDelegate.swift */; };
		D62AC0DE1E5733A80020B8AE /* Main.storyboard in Resources */ = {isa = PBXBuildFile; fileRef = D62AC0DC1E5733A80020B8AE /* Main.storyboard */; };
		D62AC0E01E5733A80020B8AE /* Assets.xcassets in Resources */ = {isa = PBXBuildFile; fileRef = D62AC0DF1E5733A80020B8AE /* Assets.xcassets */; };
		D62AC0E31E5733A80020B8AE /* LaunchScreen.storyboard in Resources */ = {isa = PBXBuildFile; fileRef = D62AC0E11E5733A80020B8AE /* LaunchScreen.storyboard */; };
		D62AC1091E5736A10020B8AE /* ChildViewController.swift in Sources */ = {isa = PBXBuildFile; fileRef = D62AC1041E5736A10020B8AE /* ChildViewController.swift */; };
		D62AC10A1E5736A10020B8AE /* GradientView.swift in Sources */ = {isa = PBXBuildFile; fileRef = D62AC1051E5736A10020B8AE /* GradientView.swift */; };
		D62AC10B1E5736A10020B8AE /* PageViewController.swift in Sources */ = {isa = PBXBuildFile; fileRef = D62AC1061E5736A10020B8AE /* PageViewController.swift */; };
		D62AC10C1E5736A10020B8AE /* PageViewControllerAppearance.swift in Sources */ = {isa = PBXBuildFile; fileRef = D62AC1071E5736A10020B8AE /* PageViewControllerAppearance.swift */; };
		D62AC10D1E5736A10020B8AE /* TransparentNavigationBar.swift in Sources */ = {isa = PBXBuildFile; fileRef = D62AC1081E5736A10020B8AE /* TransparentNavigationBar.swift */; };
		D62AC1101E5737590020B8AE /* Tabman.framework in Frameworks */ = {isa = PBXBuildFile; fileRef = D62AC0FC1E5734260020B8AE /* Tabman.framework */; };
		D62AC1111E5737590020B8AE /* Tabman.framework in Embed Frameworks */ = {isa = PBXBuildFile; fileRef = D62AC0FC1E5734260020B8AE /* Tabman.framework */; settings = {ATTRIBUTES = (CodeSignOnCopy, RemoveHeadersOnCopy, ); }; };
/* End PBXBuildFile section */

/* Begin PBXContainerItemProxy section */
		D62AC0FB1E5734260020B8AE /* PBXContainerItemProxy */ = {
			isa = PBXContainerItemProxy;
			containerPortal = D62AC0F61E5734260020B8AE /* Tabman.xcodeproj */;
			proxyType = 2;
			remoteGlobalIDString = D62AC0B21E5733810020B8AE;
			remoteInfo = Tabman;
		};
		D62AC0FD1E5734260020B8AE /* PBXContainerItemProxy */ = {
			isa = PBXContainerItemProxy;
			containerPortal = D62AC0F61E5734260020B8AE /* Tabman.xcodeproj */;
			proxyType = 2;
			remoteGlobalIDString = D62AC0BB1E5733810020B8AE;
			remoteInfo = TabmanTests;
		};
		D62AC1121E5737590020B8AE /* PBXContainerItemProxy */ = {
			isa = PBXContainerItemProxy;
			containerPortal = D62AC0F61E5734260020B8AE /* Tabman.xcodeproj */;
			proxyType = 1;
			remoteGlobalIDString = D62AC0B11E5733810020B8AE;
			remoteInfo = Tabman;
		};
/* End PBXContainerItemProxy section */

/* Begin PBXCopyFilesBuildPhase section */
		D62AC1141E5737590020B8AE /* Embed Frameworks */ = {
			isa = PBXCopyFilesBuildPhase;
			buildActionMask = 2147483647;
			dstPath = "";
			dstSubfolderSpec = 10;
			files = (
				D62AC1111E5737590020B8AE /* Tabman.framework in Embed Frameworks */,
			);
			name = "Embed Frameworks";
			runOnlyForDeploymentPostprocessing = 0;
		};
/* End PBXCopyFilesBuildPhase section */

/* Begin PBXFileReference section */
		D62AC0D51E5733A80020B8AE /* Tabman-Example.app */ = {isa = PBXFileReference; explicitFileType = wrapper.application; includeInIndex = 0; path = "Tabman-Example.app"; sourceTree = BUILT_PRODUCTS_DIR; };
		D62AC0D81E5733A80020B8AE /* AppDelegate.swift */ = {isa = PBXFileReference; lastKnownFileType = sourcecode.swift; path = AppDelegate.swift; sourceTree = "<group>"; };
		D62AC0DD1E5733A80020B8AE /* Base */ = {isa = PBXFileReference; lastKnownFileType = file.storyboard; name = Base; path = Base.lproj/Main.storyboard; sourceTree = "<group>"; };
		D62AC0DF1E5733A80020B8AE /* Assets.xcassets */ = {isa = PBXFileReference; lastKnownFileType = folder.assetcatalog; path = Assets.xcassets; sourceTree = "<group>"; };
		D62AC0E21E5733A80020B8AE /* Base */ = {isa = PBXFileReference; lastKnownFileType = file.storyboard; name = Base; path = Base.lproj/LaunchScreen.storyboard; sourceTree = "<group>"; };
		D62AC0E41E5733A80020B8AE /* Info.plist */ = {isa = PBXFileReference; lastKnownFileType = text.plist.xml; path = Info.plist; sourceTree = "<group>"; };
		D62AC0F61E5734260020B8AE /* Tabman.xcodeproj */ = {isa = PBXFileReference; lastKnownFileType = "wrapper.pb-project"; name = Tabman.xcodeproj; path = ../Sources/Tabman.xcodeproj; sourceTree = "<group>"; };
		D62AC1041E5736A10020B8AE /* ChildViewController.swift */ = {isa = PBXFileReference; fileEncoding = 4; lastKnownFileType = sourcecode.swift; path = ChildViewController.swift; sourceTree = "<group>"; };
		D62AC1051E5736A10020B8AE /* GradientView.swift */ = {isa = PBXFileReference; fileEncoding = 4; lastKnownFileType = sourcecode.swift; path = GradientView.swift; sourceTree = "<group>"; };
		D62AC1061E5736A10020B8AE /* PageViewController.swift */ = {isa = PBXFileReference; fileEncoding = 4; lastKnownFileType = sourcecode.swift; path = PageViewController.swift; sourceTree = "<group>"; };
		D62AC1071E5736A10020B8AE /* PageViewControllerAppearance.swift */ = {isa = PBXFileReference; fileEncoding = 4; lastKnownFileType = sourcecode.swift; path = PageViewControllerAppearance.swift; sourceTree = "<group>"; };
		D62AC1081E5736A10020B8AE /* TransparentNavigationBar.swift */ = {isa = PBXFileReference; fileEncoding = 4; lastKnownFileType = sourcecode.swift; path = TransparentNavigationBar.swift; sourceTree = "<group>"; };
/* End PBXFileReference section */

/* Begin PBXFrameworksBuildPhase section */
		D62AC0D21E5733A80020B8AE /* Frameworks */ = {
			isa = PBXFrameworksBuildPhase;
			buildActionMask = 2147483647;
			files = (
				D62AC1101E5737590020B8AE /* Tabman.framework in Frameworks */,
			);
			runOnlyForDeploymentPostprocessing = 0;
		};
/* End PBXFrameworksBuildPhase section */

/* Begin PBXGroup section */
		D62AC0CC1E5733A80020B8AE = {
			isa = PBXGroup;
			children = (
				D62AC0F61E5734260020B8AE /* Tabman.xcodeproj */,
				D62AC0D71E5733A80020B8AE /* Tabman-Example */,
				D62AC0D61E5733A80020B8AE /* Products */,
			);
			sourceTree = "<group>";
		};
		D62AC0D61E5733A80020B8AE /* Products */ = {
			isa = PBXGroup;
			children = (
				D62AC0D51E5733A80020B8AE /* Tabman-Example.app */,
			);
			name = Products;
			sourceTree = "<group>";
		};
		D62AC0D71E5733A80020B8AE /* Tabman-Example */ = {
			isa = PBXGroup;
			children = (
				D62AC0D81E5733A80020B8AE /* AppDelegate.swift */,
				D62AC1061E5736A10020B8AE /* PageViewController.swift */,
				D62AC1041E5736A10020B8AE /* ChildViewController.swift */,
				D62AC0DC1E5733A80020B8AE /* Main.storyboard */,
				D62AC10E1E5736B20020B8AE /* Example Components */,
				D62AC10F1E5736BE0020B8AE /* Resources */,
			);
			path = "Tabman-Example";
			sourceTree = "<group>";
		};
		D62AC0F71E5734260020B8AE /* Products */ = {
			isa = PBXGroup;
			children = (
				D62AC0FC1E5734260020B8AE /* Tabman.framework */,
				D62AC0FE1E5734260020B8AE /* TabmanTests.xctest */,
			);
			name = Products;
			sourceTree = "<group>";
		};
		D62AC10E1E5736B20020B8AE /* Example Components */ = {
			isa = PBXGroup;
			children = (
				D62AC1051E5736A10020B8AE /* GradientView.swift */,
				D62AC1071E5736A10020B8AE /* PageViewControllerAppearance.swift */,
				D62AC1081E5736A10020B8AE /* TransparentNavigationBar.swift */,
			);
			name = "Example Components";
			sourceTree = "<group>";
		};
		D62AC10F1E5736BE0020B8AE /* Resources */ = {
			isa = PBXGroup;
			children = (
				D62AC0DF1E5733A80020B8AE /* Assets.xcassets */,
				D62AC0E11E5733A80020B8AE /* LaunchScreen.storyboard */,
				D62AC0E41E5733A80020B8AE /* Info.plist */,
			);
			name = Resources;
			sourceTree = "<group>";
		};
/* End PBXGroup section */

/* Begin PBXNativeTarget section */
		D62AC0D41E5733A80020B8AE /* Tabman-Example */ = {
			isa = PBXNativeTarget;
			buildConfigurationList = D62AC0E71E5733A80020B8AE /* Build configuration list for PBXNativeTarget "Tabman-Example" */;
			buildPhases = (
				D62AC0D11E5733A80020B8AE /* Sources */,
				D62AC0D21E5733A80020B8AE /* Frameworks */,
				D62AC0D31E5733A80020B8AE /* Resources */,
				D62AC1141E5737590020B8AE /* Embed Frameworks */,
			);
			buildRules = (
			);
			dependencies = (
				D62AC1131E5737590020B8AE /* PBXTargetDependency */,
			);
			name = "Tabman-Example";
			productName = "Tabman-Example";
			productReference = D62AC0D51E5733A80020B8AE /* Tabman-Example.app */;
			productType = "com.apple.product-type.application";
		};
/* End PBXNativeTarget section */

/* Begin PBXProject section */
		D62AC0CD1E5733A80020B8AE /* Project object */ = {
			isa = PBXProject;
			attributes = {
				LastSwiftUpdateCheck = 0820;
				LastUpgradeCheck = 0820;
				ORGANIZATIONNAME = "Merrick Sapsford";
				TargetAttributes = {
					D62AC0D41E5733A80020B8AE = {
						CreatedOnToolsVersion = 8.2;
						ProvisioningStyle = Automatic;
					};
				};
			};
			buildConfigurationList = D62AC0D01E5733A80020B8AE /* Build configuration list for PBXProject "Tabman-Example" */;
			compatibilityVersion = "Xcode 3.2";
			developmentRegion = English;
			hasScannedForEncodings = 0;
			knownRegions = (
				en,
				Base,
			);
			mainGroup = D62AC0CC1E5733A80020B8AE;
			productRefGroup = D62AC0D61E5733A80020B8AE /* Products */;
			projectDirPath = "";
			projectReferences = (
				{
					ProductGroup = D62AC0F71E5734260020B8AE /* Products */;
					ProjectRef = D62AC0F61E5734260020B8AE /* Tabman.xcodeproj */;
				},
			);
			projectRoot = "";
			targets = (
				D62AC0D41E5733A80020B8AE /* Tabman-Example */,
			);
		};
/* End PBXProject section */

/* Begin PBXReferenceProxy section */
		D62AC0FC1E5734260020B8AE /* Tabman.framework */ = {
			isa = PBXReferenceProxy;
			fileType = wrapper.framework;
			path = Tabman.framework;
			remoteRef = D62AC0FB1E5734260020B8AE /* PBXContainerItemProxy */;
			sourceTree = BUILT_PRODUCTS_DIR;
		};
		D62AC0FE1E5734260020B8AE /* TabmanTests.xctest */ = {
			isa = PBXReferenceProxy;
			fileType = wrapper.cfbundle;
			path = TabmanTests.xctest;
			remoteRef = D62AC0FD1E5734260020B8AE /* PBXContainerItemProxy */;
			sourceTree = BUILT_PRODUCTS_DIR;
		};
/* End PBXReferenceProxy section */

/* Begin PBXResourcesBuildPhase section */
		D62AC0D31E5733A80020B8AE /* Resources */ = {
			isa = PBXResourcesBuildPhase;
			buildActionMask = 2147483647;
			files = (
				D62AC0E31E5733A80020B8AE /* LaunchScreen.storyboard in Resources */,
				D62AC0E01E5733A80020B8AE /* Assets.xcassets in Resources */,
				D62AC0DE1E5733A80020B8AE /* Main.storyboard in Resources */,
			);
			runOnlyForDeploymentPostprocessing = 0;
		};
/* End PBXResourcesBuildPhase section */

/* Begin PBXSourcesBuildPhase section */
		D62AC0D11E5733A80020B8AE /* Sources */ = {
			isa = PBXSourcesBuildPhase;
			buildActionMask = 2147483647;
			files = (
				D62AC0D91E5733A80020B8AE /* AppDelegate.swift in Sources */,
				D62AC1091E5736A10020B8AE /* ChildViewController.swift in Sources */,
				D62AC10D1E5736A10020B8AE /* TransparentNavigationBar.swift in Sources */,
				D62AC10C1E5736A10020B8AE /* PageViewControllerAppearance.swift in Sources */,
				D62AC10A1E5736A10020B8AE /* GradientView.swift in Sources */,
				D62AC10B1E5736A10020B8AE /* PageViewController.swift in Sources */,
			);
			runOnlyForDeploymentPostprocessing = 0;
		};
/* End PBXSourcesBuildPhase section */

/* Begin PBXTargetDependency section */
		D62AC1131E5737590020B8AE /* PBXTargetDependency */ = {
			isa = PBXTargetDependency;
			name = Tabman;
			targetProxy = D62AC1121E5737590020B8AE /* PBXContainerItemProxy */;
		};
/* End PBXTargetDependency section */

/* Begin PBXVariantGroup section */
		D62AC0DC1E5733A80020B8AE /* Main.storyboard */ = {
			isa = PBXVariantGroup;
			children = (
				D62AC0DD1E5733A80020B8AE /* Base */,
			);
			name = Main.storyboard;
			sourceTree = "<group>";
		};
		D62AC0E11E5733A80020B8AE /* LaunchScreen.storyboard */ = {
			isa = PBXVariantGroup;
			children = (
				D62AC0E21E5733A80020B8AE /* Base */,
			);
			name = LaunchScreen.storyboard;
			sourceTree = "<group>";
		};
/* End PBXVariantGroup section */

/* Begin XCBuildConfiguration section */
		D62AC0E51E5733A80020B8AE /* Debug */ = {
			isa = XCBuildConfiguration;
			buildSettings = {
				ALWAYS_SEARCH_USER_PATHS = NO;
				CLANG_ANALYZER_NONNULL = YES;
				CLANG_CXX_LANGUAGE_STANDARD = "gnu++0x";
				CLANG_CXX_LIBRARY = "libc++";
				CLANG_ENABLE_MODULES = YES;
				CLANG_ENABLE_OBJC_ARC = YES;
				CLANG_WARN_BOOL_CONVERSION = YES;
				CLANG_WARN_CONSTANT_CONVERSION = YES;
				CLANG_WARN_DIRECT_OBJC_ISA_USAGE = YES_ERROR;
				CLANG_WARN_DOCUMENTATION_COMMENTS = YES;
				CLANG_WARN_EMPTY_BODY = YES;
				CLANG_WARN_ENUM_CONVERSION = YES;
				CLANG_WARN_INFINITE_RECURSION = YES;
				CLANG_WARN_INT_CONVERSION = YES;
				CLANG_WARN_OBJC_ROOT_CLASS = YES_ERROR;
				CLANG_WARN_SUSPICIOUS_MOVE = YES;
				CLANG_WARN_UNREACHABLE_CODE = YES;
				CLANG_WARN__DUPLICATE_METHOD_MATCH = YES;
				"CODE_SIGN_IDENTITY[sdk=iphoneos*]" = "iPhone Developer";
				COPY_PHASE_STRIP = NO;
				DEBUG_INFORMATION_FORMAT = dwarf;
				ENABLE_STRICT_OBJC_MSGSEND = YES;
				ENABLE_TESTABILITY = YES;
				GCC_C_LANGUAGE_STANDARD = gnu99;
				GCC_DYNAMIC_NO_PIC = NO;
				GCC_NO_COMMON_BLOCKS = YES;
				GCC_OPTIMIZATION_LEVEL = 0;
				GCC_PREPROCESSOR_DEFINITIONS = (
					"DEBUG=1",
					"$(inherited)",
				);
				GCC_WARN_64_TO_32_BIT_CONVERSION = YES;
				GCC_WARN_ABOUT_RETURN_TYPE = YES_ERROR;
				GCC_WARN_UNDECLARED_SELECTOR = YES;
				GCC_WARN_UNINITIALIZED_AUTOS = YES_AGGRESSIVE;
				GCC_WARN_UNUSED_FUNCTION = YES;
				GCC_WARN_UNUSED_VARIABLE = YES;
				IPHONEOS_DEPLOYMENT_TARGET = 10.2;
				MTL_ENABLE_DEBUG_INFO = YES;
				ONLY_ACTIVE_ARCH = YES;
				SDKROOT = iphoneos;
				SWIFT_ACTIVE_COMPILATION_CONDITIONS = DEBUG;
				SWIFT_OPTIMIZATION_LEVEL = "-Onone";
			};
			name = Debug;
		};
		D62AC0E61E5733A80020B8AE /* Release */ = {
			isa = XCBuildConfiguration;
			buildSettings = {
				ALWAYS_SEARCH_USER_PATHS = NO;
				CLANG_ANALYZER_NONNULL = YES;
				CLANG_CXX_LANGUAGE_STANDARD = "gnu++0x";
				CLANG_CXX_LIBRARY = "libc++";
				CLANG_ENABLE_MODULES = YES;
				CLANG_ENABLE_OBJC_ARC = YES;
				CLANG_WARN_BOOL_CONVERSION = YES;
				CLANG_WARN_CONSTANT_CONVERSION = YES;
				CLANG_WARN_DIRECT_OBJC_ISA_USAGE = YES_ERROR;
				CLANG_WARN_DOCUMENTATION_COMMENTS = YES;
				CLANG_WARN_EMPTY_BODY = YES;
				CLANG_WARN_ENUM_CONVERSION = YES;
				CLANG_WARN_INFINITE_RECURSION = YES;
				CLANG_WARN_INT_CONVERSION = YES;
				CLANG_WARN_OBJC_ROOT_CLASS = YES_ERROR;
				CLANG_WARN_SUSPICIOUS_MOVE = YES;
				CLANG_WARN_UNREACHABLE_CODE = YES;
				CLANG_WARN__DUPLICATE_METHOD_MATCH = YES;
				"CODE_SIGN_IDENTITY[sdk=iphoneos*]" = "iPhone Developer";
				COPY_PHASE_STRIP = NO;
				DEBUG_INFORMATION_FORMAT = "dwarf-with-dsym";
				ENABLE_NS_ASSERTIONS = NO;
				ENABLE_STRICT_OBJC_MSGSEND = YES;
				GCC_C_LANGUAGE_STANDARD = gnu99;
				GCC_NO_COMMON_BLOCKS = YES;
				GCC_WARN_64_TO_32_BIT_CONVERSION = YES;
				GCC_WARN_ABOUT_RETURN_TYPE = YES_ERROR;
				GCC_WARN_UNDECLARED_SELECTOR = YES;
				GCC_WARN_UNINITIALIZED_AUTOS = YES_AGGRESSIVE;
				GCC_WARN_UNUSED_FUNCTION = YES;
				GCC_WARN_UNUSED_VARIABLE = YES;
				IPHONEOS_DEPLOYMENT_TARGET = 10.2;
				MTL_ENABLE_DEBUG_INFO = NO;
				SDKROOT = iphoneos;
				SWIFT_OPTIMIZATION_LEVEL = "-Owholemodule";
				VALIDATE_PRODUCT = YES;
			};
			name = Release;
		};
		D62AC0E81E5733A80020B8AE /* Debug */ = {
			isa = XCBuildConfiguration;
			buildSettings = {
				ALWAYS_EMBED_SWIFT_STANDARD_LIBRARIES = YES;
				ASSETCATALOG_COMPILER_APPICON_NAME = AppIcon;
				INFOPLIST_FILE = "Tabman-Example/Info.plist";
				LD_RUNPATH_SEARCH_PATHS = "$(inherited) @executable_path/Frameworks";
				PRODUCT_BUNDLE_IDENTIFIER = "com.msapsford.Tabman-Example";
				PRODUCT_NAME = "$(TARGET_NAME)";
				SWIFT_VERSION = 3.0;
			};
			name = Debug;
		};
		D62AC0E91E5733A80020B8AE /* Release */ = {
			isa = XCBuildConfiguration;
			buildSettings = {
				ALWAYS_EMBED_SWIFT_STANDARD_LIBRARIES = YES;
				ASSETCATALOG_COMPILER_APPICON_NAME = AppIcon;
				INFOPLIST_FILE = "Tabman-Example/Info.plist";
				LD_RUNPATH_SEARCH_PATHS = "$(inherited) @executable_path/Frameworks";
				PRODUCT_BUNDLE_IDENTIFIER = "com.msapsford.Tabman-Example";
				PRODUCT_NAME = "$(TARGET_NAME)";
				SWIFT_VERSION = 3.0;
			};
			name = Release;
		};
/* End XCBuildConfiguration section */

/* Begin XCConfigurationList section */
		D62AC0D01E5733A80020B8AE /* Build configuration list for PBXProject "Tabman-Example" */ = {
			isa = XCConfigurationList;
			buildConfigurations = (
				D62AC0E51E5733A80020B8AE /* Debug */,
				D62AC0E61E5733A80020B8AE /* Release */,
			);
			defaultConfigurationIsVisible = 0;
			defaultConfigurationName = Release;
		};
		D62AC0E71E5733A80020B8AE /* Build configuration list for PBXNativeTarget "Tabman-Example" */ = {
			isa = XCConfigurationList;
			buildConfigurations = (
				D62AC0E81E5733A80020B8AE /* Debug */,
				D62AC0E91E5733A80020B8AE /* Release */,
			);
			defaultConfigurationIsVisible = 0;
			defaultConfigurationName = Release;
		};
/* End XCConfigurationList section */
	};
	rootObject = D62AC0CD1E5733A80020B8AE /* Project object */;
}
