// !$*UTF8*$!
{
	archiveVersion = 1;
	classes = {
	};
	objectVersion = 46;
	objects = {

/* Begin PBXBuildFile section */
		D6020AC31E602BB500C2B7BA /* PureLayout.framework in Frameworks */ = {isa = PBXBuildFile; fileRef = D62AC18D1E5B03B50020B8AE /* PureLayout.framework */; };
		D6020AC41E602BB500C2B7BA /* PureLayout.framework in Embed Frameworks */ = {isa = PBXBuildFile; fileRef = D62AC18D1E5B03B50020B8AE /* PureLayout.framework */; settings = {ATTRIBUTES = (CodeSignOnCopy, RemoveHeadersOnCopy, ); }; };
		D6020AC71E602BBB00C2B7BA /* Pageboy.framework in Frameworks */ = {isa = PBXBuildFile; fileRef = D62AC1501E5AF5440020B8AE /* Pageboy.framework */; };
		D6020AC81E602BBB00C2B7BA /* Pageboy.framework in Embed Frameworks */ = {isa = PBXBuildFile; fileRef = D62AC1501E5AF5440020B8AE /* Pageboy.framework */; settings = {ATTRIBUTES = (CodeSignOnCopy, RemoveHeadersOnCopy, ); }; };
		D61E50BC1E64452D00AC8C75 /* CircularButton.swift in Sources */ = {isa = PBXBuildFile; fileRef = D61E50BB1E64452D00AC8C75 /* CircularButton.swift */; };
		D61E50C81E644A2200AC8C75 /* SettingsViewController.swift in Sources */ = {isa = PBXBuildFile; fileRef = D61E50C71E644A2200AC8C75 /* SettingsViewController.swift */; };
		D61E50CA1E644A7500AC8C75 /* SettingsNavigationController.swift in Sources */ = {isa = PBXBuildFile; fileRef = D61E50C91E644A7500AC8C75 /* SettingsNavigationController.swift */; };
		D61E50CC1E646FAD00AC8C75 /* SettingsPresentTransitionController.swift in Sources */ = {isa = PBXBuildFile; fileRef = D61E50CB1E646FAD00AC8C75 /* SettingsPresentTransitionController.swift */; };
		D61E50CE1E64757000AC8C75 /* SettingsDismissTransitionController.swift in Sources */ = {isa = PBXBuildFile; fileRef = D61E50CD1E64757000AC8C75 /* SettingsDismissTransitionController.swift */; };
		D61E50D11E6481C300AC8C75 /* SettingsItem.swift in Sources */ = {isa = PBXBuildFile; fileRef = D61E50D01E6481C300AC8C75 /* SettingsItem.swift */; };
		D61E50D31E6482EE00AC8C75 /* SettingsSection.swift in Sources */ = {isa = PBXBuildFile; fileRef = D61E50D21E6482EE00AC8C75 /* SettingsSection.swift */; };
		D61E50D51E6485D000AC8C75 /* SettingsCells.swift in Sources */ = {isa = PBXBuildFile; fileRef = D61E50D41E6485D000AC8C75 /* SettingsCells.swift */; };
		D61E50D71E657FBE00AC8C75 /* SettingsEntries.swift in Sources */ = {isa = PBXBuildFile; fileRef = D61E50D61E657FBE00AC8C75 /* SettingsEntries.swift */; };
		D629EBBF1E6598B400CDF88F /* SettingsOptionsViewController.swift in Sources */ = {isa = PBXBuildFile; fileRef = D629EBBE1E6598B400CDF88F /* SettingsOptionsViewController.swift */; };
		D629EBC11E65D2D900CDF88F /* SettingsPushTransitionController.swift in Sources */ = {isa = PBXBuildFile; fileRef = D629EBC01E65D2D900CDF88F /* SettingsPushTransitionController.swift */; };
		D629EBC31E65D52C00CDF88F /* SettingsPopTransitionController.swift in Sources */ = {isa = PBXBuildFile; fileRef = D629EBC21E65D52C00CDF88F /* SettingsPopTransitionController.swift */; };
		D62AC0D91E5733A80020B8AE /* AppDelegate.swift in Sources */ = {isa = PBXBuildFile; fileRef = D62AC0D81E5733A80020B8AE /* AppDelegate.swift */; };
		D62AC0DE1E5733A80020B8AE /* Main.storyboard in Resources */ = {isa = PBXBuildFile; fileRef = D62AC0DC1E5733A80020B8AE /* Main.storyboard */; };
		D62AC0E01E5733A80020B8AE /* Assets.xcassets in Resources */ = {isa = PBXBuildFile; fileRef = D62AC0DF1E5733A80020B8AE /* Assets.xcassets */; };
		D62AC0E31E5733A80020B8AE /* LaunchScreen.storyboard in Resources */ = {isa = PBXBuildFile; fileRef = D62AC0E11E5733A80020B8AE /* LaunchScreen.storyboard */; };
		D62AC1091E5736A10020B8AE /* ChildViewController.swift in Sources */ = {isa = PBXBuildFile; fileRef = D62AC1041E5736A10020B8AE /* ChildViewController.swift */; };
		D62AC10A1E5736A10020B8AE /* GradientView.swift in Sources */ = {isa = PBXBuildFile; fileRef = D62AC1051E5736A10020B8AE /* GradientView.swift */; };
		D62AC10B1E5736A10020B8AE /* TabViewController.swift in Sources */ = {isa = PBXBuildFile; fileRef = D62AC1061E5736A10020B8AE /* TabViewController.swift */; };
		D62AC10C1E5736A10020B8AE /* TabViewControllerExtras.swift in Sources */ = {isa = PBXBuildFile; fileRef = D62AC1071E5736A10020B8AE /* TabViewControllerExtras.swift */; };
		D62AC10D1E5736A10020B8AE /* TransparentNavigationBar.swift in Sources */ = {isa = PBXBuildFile; fileRef = D62AC1081E5736A10020B8AE /* TransparentNavigationBar.swift */; };
		D62AC1101E5737590020B8AE /* Tabman.framework in Frameworks */ = {isa = PBXBuildFile; fileRef = D62AC0FC1E5734260020B8AE /* Tabman.framework */; };
		D62AC1111E5737590020B8AE /* Tabman.framework in Embed Frameworks */ = {isa = PBXBuildFile; fileRef = D62AC0FC1E5734260020B8AE /* Tabman.framework */; settings = {ATTRIBUTES = (CodeSignOnCopy, RemoveHeadersOnCopy, ); }; };
/* End PBXBuildFile section */

/* Begin PBXContainerItemProxy section */
		D6020AC51E602BB500C2B7BA /* PBXContainerItemProxy */ = {
			isa = PBXContainerItemProxy;
			containerPortal = D62AC1801E5B03B50020B8AE /* PureLayout.xcodeproj */;
			proxyType = 1;
			remoteGlobalIDString = B1046AAF1A7F32380017187F;
			remoteInfo = PureLayout_iOS;
		};
		D6020AC91E602BBB00C2B7BA /* PBXContainerItemProxy */ = {
			isa = PBXContainerItemProxy;
			containerPortal = D62AC14A1E5AF5440020B8AE /* Pageboy.xcodeproj */;
			proxyType = 1;
			remoteGlobalIDString = D623B1B61E1D0C6A00527F3D;
			remoteInfo = Pageboy;
		};
		D62AC0FB1E5734260020B8AE /* PBXContainerItemProxy */ = {
			isa = PBXContainerItemProxy;
			containerPortal = D62AC0F61E5734260020B8AE /* Tabman.xcodeproj */;
			proxyType = 2;
			remoteGlobalIDString = D62AC0B21E5733810020B8AE;
			remoteInfo = Tabman;
		};
		D62AC0FD1E5734260020B8AE /* PBXContainerItemProxy */ = {
			isa = PBXContainerItemProxy;
			containerPortal = D62AC0F61E5734260020B8AE /* Tabman.xcodeproj */;
			proxyType = 2;
			remoteGlobalIDString = D62AC0BB1E5733810020B8AE;
			remoteInfo = TabmanTests;
		};
		D62AC1121E5737590020B8AE /* PBXContainerItemProxy */ = {
			isa = PBXContainerItemProxy;
			containerPortal = D62AC0F61E5734260020B8AE /* Tabman.xcodeproj */;
			proxyType = 1;
			remoteGlobalIDString = D62AC0B11E5733810020B8AE;
			remoteInfo = Tabman;
		};
		D62AC14F1E5AF5440020B8AE /* PBXContainerItemProxy */ = {
			isa = PBXContainerItemProxy;
			containerPortal = D62AC14A1E5AF5440020B8AE /* Pageboy.xcodeproj */;
			proxyType = 2;
			remoteGlobalIDString = D623B1B71E1D0C6A00527F3D;
			remoteInfo = Pageboy;
		};
		D62AC1511E5AF5440020B8AE /* PBXContainerItemProxy */ = {
			isa = PBXContainerItemProxy;
			containerPortal = D62AC14A1E5AF5440020B8AE /* Pageboy.xcodeproj */;
			proxyType = 2;
			remoteGlobalIDString = D623B1C01E1D0C6B00527F3D;
			remoteInfo = PageboyTests;
		};
		D62AC18C1E5B03B50020B8AE /* PBXContainerItemProxy */ = {
			isa = PBXContainerItemProxy;
			containerPortal = D62AC1801E5B03B50020B8AE /* PureLayout.xcodeproj */;
			proxyType = 2;
			remoteGlobalIDString = B1046AB01A7F32380017187F;
			remoteInfo = PureLayout_iOS;
		};
		D62AC18E1E5B03B50020B8AE /* PBXContainerItemProxy */ = {
			isa = PBXContainerItemProxy;
			containerPortal = D62AC1801E5B03B50020B8AE /* PureLayout.xcodeproj */;
			proxyType = 2;
			remoteGlobalIDString = B1046AD81A7F32790017187F;
			remoteInfo = PureLayout_Mac;
		};
		D62AC1901E5B03B50020B8AE /* PBXContainerItemProxy */ = {
			isa = PBXContainerItemProxy;
			containerPortal = D62AC1801E5B03B50020B8AE /* PureLayout.xcodeproj */;
			proxyType = 2;
			remoteGlobalIDString = 164C8B831C0D36500007A6B1;
			remoteInfo = PureLayout_tvOS;
		};
		D62AC1921E5B03B50020B8AE /* PBXContainerItemProxy */ = {
			isa = PBXContainerItemProxy;
			containerPortal = D62AC1801E5B03B50020B8AE /* PureLayout.xcodeproj */;
			proxyType = 2;
			remoteGlobalIDString = B12C23DB17C3FDE4001CF667;
			remoteInfo = "Example-iOS";
		};
		D62AC1941E5B03B50020B8AE /* PBXContainerItemProxy */ = {
			isa = PBXContainerItemProxy;
			containerPortal = D62AC1801E5B03B50020B8AE /* PureLayout.xcodeproj */;
			proxyType = 2;
			remoteGlobalIDString = A7D4967E1B7B084800A74818;
			remoteInfo = "Example-iOS-Xcode7";
		};
		D62AC1961E5B03B50020B8AE /* PBXContainerItemProxy */ = {
			isa = PBXContainerItemProxy;
			containerPortal = D62AC1801E5B03B50020B8AE /* PureLayout.xcodeproj */;
			proxyType = 2;
			remoteGlobalIDString = B1A290DB19562FDA00D4765E;
			remoteInfo = "Example-Mac";
		};
		D62AC1981E5B03B50020B8AE /* PBXContainerItemProxy */ = {
			isa = PBXContainerItemProxy;
			containerPortal = D62AC1801E5B03B50020B8AE /* PureLayout.xcodeproj */;
			proxyType = 2;
			remoteGlobalIDString = 164C8B4E1C0D354E0007A6B1;
			remoteInfo = "Example-tvOS";
		};
		D62AC19A1E5B03B50020B8AE /* PBXContainerItemProxy */ = {
			isa = PBXContainerItemProxy;
			containerPortal = D62AC1801E5B03B50020B8AE /* PureLayout.xcodeproj */;
			proxyType = 2;
			remoteGlobalIDString = B1EC855D195662790099293C;
			remoteInfo = "PureLayoutTests-iOS";
		};
		D62AC19C1E5B03B50020B8AE /* PBXContainerItemProxy */ = {
			isa = PBXContainerItemProxy;
			containerPortal = D62AC1801E5B03B50020B8AE /* PureLayout.xcodeproj */;
			proxyType = 2;
			remoteGlobalIDString = B1EC857C195662B40099293C;
			remoteInfo = "PureLayoutTests-Mac";
		};
/* End PBXContainerItemProxy section */

/* Begin PBXCopyFilesBuildPhase section */
		D62AC1141E5737590020B8AE /* Embed Frameworks */ = {
			isa = PBXCopyFilesBuildPhase;
			buildActionMask = 2147483647;
			dstPath = "";
			dstSubfolderSpec = 10;
			files = (
				D6020AC81E602BBB00C2B7BA /* Pageboy.framework in Embed Frameworks */,
				D6020AC41E602BB500C2B7BA /* PureLayout.framework in Embed Frameworks */,
				D62AC1111E5737590020B8AE /* Tabman.framework in Embed Frameworks */,
			);
			name = "Embed Frameworks";
			runOnlyForDeploymentPostprocessing = 0;
		};
/* End PBXCopyFilesBuildPhase section */

/* Begin PBXFileReference section */
		D61E50BB1E64452D00AC8C75 /* CircularButton.swift */ = {isa = PBXFileReference; fileEncoding = 4; lastKnownFileType = sourcecode.swift; path = CircularButton.swift; sourceTree = "<group>"; };
		D61E50C71E644A2200AC8C75 /* SettingsViewController.swift */ = {isa = PBXFileReference; fileEncoding = 4; lastKnownFileType = sourcecode.swift; path = SettingsViewController.swift; sourceTree = "<group>"; };
		D61E50C91E644A7500AC8C75 /* SettingsNavigationController.swift */ = {isa = PBXFileReference; fileEncoding = 4; lastKnownFileType = sourcecode.swift; path = SettingsNavigationController.swift; sourceTree = "<group>"; };
		D61E50CB1E646FAD00AC8C75 /* SettingsPresentTransitionController.swift */ = {isa = PBXFileReference; fileEncoding = 4; lastKnownFileType = sourcecode.swift; path = SettingsPresentTransitionController.swift; sourceTree = "<group>"; };
		D61E50CD1E64757000AC8C75 /* SettingsDismissTransitionController.swift */ = {isa = PBXFileReference; fileEncoding = 4; lastKnownFileType = sourcecode.swift; path = SettingsDismissTransitionController.swift; sourceTree = "<group>"; };
		D61E50D01E6481C300AC8C75 /* SettingsItem.swift */ = {isa = PBXFileReference; fileEncoding = 4; lastKnownFileType = sourcecode.swift; path = SettingsItem.swift; sourceTree = "<group>"; };
		D61E50D21E6482EE00AC8C75 /* SettingsSection.swift */ = {isa = PBXFileReference; fileEncoding = 4; lastKnownFileType = sourcecode.swift; path = SettingsSection.swift; sourceTree = "<group>"; };
		D61E50D41E6485D000AC8C75 /* SettingsCells.swift */ = {isa = PBXFileReference; fileEncoding = 4; lastKnownFileType = sourcecode.swift; path = SettingsCells.swift; sourceTree = "<group>"; };
		D61E50D61E657FBE00AC8C75 /* SettingsEntries.swift */ = {isa = PBXFileReference; fileEncoding = 4; lastKnownFileType = sourcecode.swift; path = SettingsEntries.swift; sourceTree = "<group>"; };
		D629EBBE1E6598B400CDF88F /* SettingsOptionsViewController.swift */ = {isa = PBXFileReference; fileEncoding = 4; lastKnownFileType = sourcecode.swift; path = SettingsOptionsViewController.swift; sourceTree = "<group>"; };
		D629EBC01E65D2D900CDF88F /* SettingsPushTransitionController.swift */ = {isa = PBXFileReference; fileEncoding = 4; lastKnownFileType = sourcecode.swift; path = SettingsPushTransitionController.swift; sourceTree = "<group>"; };
		D629EBC21E65D52C00CDF88F /* SettingsPopTransitionController.swift */ = {isa = PBXFileReference; fileEncoding = 4; lastKnownFileType = sourcecode.swift; path = SettingsPopTransitionController.swift; sourceTree = "<group>"; };
		D62AC0D51E5733A80020B8AE /* Tabman-Example.app */ = {isa = PBXFileReference; explicitFileType = wrapper.application; includeInIndex = 0; path = "Tabman-Example.app"; sourceTree = BUILT_PRODUCTS_DIR; };
		D62AC0D81E5733A80020B8AE /* AppDelegate.swift */ = {isa = PBXFileReference; lastKnownFileType = sourcecode.swift; path = AppDelegate.swift; sourceTree = "<group>"; };
		D62AC0DD1E5733A80020B8AE /* Base */ = {isa = PBXFileReference; lastKnownFileType = file.storyboard; name = Base; path = Base.lproj/Main.storyboard; sourceTree = "<group>"; };
		D62AC0DF1E5733A80020B8AE /* Assets.xcassets */ = {isa = PBXFileReference; lastKnownFileType = folder.assetcatalog; path = Assets.xcassets; sourceTree = "<group>"; };
		D62AC0E21E5733A80020B8AE /* Base */ = {isa = PBXFileReference; lastKnownFileType = file.storyboard; name = Base; path = Base.lproj/LaunchScreen.storyboard; sourceTree = "<group>"; };
		D62AC0E41E5733A80020B8AE /* Info.plist */ = {isa = PBXFileReference; lastKnownFileType = text.plist.xml; path = Info.plist; sourceTree = "<group>"; };
		D62AC0F61E5734260020B8AE /* Tabman.xcodeproj */ = {isa = PBXFileReference; lastKnownFileType = "wrapper.pb-project"; name = Tabman.xcodeproj; path = ../Sources/Tabman.xcodeproj; sourceTree = "<group>"; };
		D62AC1041E5736A10020B8AE /* ChildViewController.swift */ = {isa = PBXFileReference; fileEncoding = 4; lastKnownFileType = sourcecode.swift; path = ChildViewController.swift; sourceTree = "<group>"; };
		D62AC1051E5736A10020B8AE /* GradientView.swift */ = {isa = PBXFileReference; fileEncoding = 4; lastKnownFileType = sourcecode.swift; path = GradientView.swift; sourceTree = "<group>"; };
		D62AC1061E5736A10020B8AE /* TabViewController.swift */ = {isa = PBXFileReference; fileEncoding = 4; lastKnownFileType = sourcecode.swift; path = TabViewController.swift; sourceTree = "<group>"; };
		D62AC1071E5736A10020B8AE /* TabViewControllerExtras.swift */ = {isa = PBXFileReference; fileEncoding = 4; lastKnownFileType = sourcecode.swift; path = TabViewControllerExtras.swift; sourceTree = "<group>"; };
		D62AC1081E5736A10020B8AE /* TransparentNavigationBar.swift */ = {isa = PBXFileReference; fileEncoding = 4; lastKnownFileType = sourcecode.swift; path = TransparentNavigationBar.swift; sourceTree = "<group>"; };
		D62AC14A1E5AF5440020B8AE /* Pageboy.xcodeproj */ = {isa = PBXFileReference; lastKnownFileType = "wrapper.pb-project"; name = Pageboy.xcodeproj; path = Dependencies/Pageboy/Sources/Pageboy.xcodeproj; sourceTree = "<group>"; };
		D62AC1801E5B03B50020B8AE /* PureLayout.xcodeproj */ = {isa = PBXFileReference; lastKnownFileType = "wrapper.pb-project"; name = PureLayout.xcodeproj; path = Dependencies/PureLayout/PureLayout/PureLayout.xcodeproj; sourceTree = "<group>"; };
/* End PBXFileReference section */

/* Begin PBXFrameworksBuildPhase section */
		D62AC0D21E5733A80020B8AE /* Frameworks */ = {
			isa = PBXFrameworksBuildPhase;
			buildActionMask = 2147483647;
			files = (
				D6020AC71E602BBB00C2B7BA /* Pageboy.framework in Frameworks */,
				D6020AC31E602BB500C2B7BA /* PureLayout.framework in Frameworks */,
				D62AC1101E5737590020B8AE /* Tabman.framework in Frameworks */,
			);
			runOnlyForDeploymentPostprocessing = 0;
		};
/* End PBXFrameworksBuildPhase section */

/* Begin PBXGroup section */
		D61E50CF1E647F0000AC8C75 /* Settings */ = {
			isa = PBXGroup;
			children = (
				D61E50D61E657FBE00AC8C75 /* SettingsEntries.swift */,
				D61E50C71E644A2200AC8C75 /* SettingsViewController.swift */,
				D629EBBE1E6598B400CDF88F /* SettingsOptionsViewController.swift */,
				D61E50C91E644A7500AC8C75 /* SettingsNavigationController.swift */,
				D61E50D41E6485D000AC8C75 /* SettingsCells.swift */,
				D629EBB21E65989D00CDF88F /* Transitions */,
				D629EBBD1E6598A400CDF88F /* Model */,
			);
			name = Settings;
			sourceTree = "<group>";
		};
		D629EBB21E65989D00CDF88F /* Transitions */ = {
			isa = PBXGroup;
			children = (
				D61E50CB1E646FAD00AC8C75 /* SettingsPresentTransitionController.swift */,
				D61E50CD1E64757000AC8C75 /* SettingsDismissTransitionController.swift */,
				D629EBC01E65D2D900CDF88F /* SettingsPushTransitionController.swift */,
				D629EBC21E65D52C00CDF88F /* SettingsPopTransitionController.swift */,
			);
			name = Transitions;
			sourceTree = "<group>";
		};
		D629EBBD1E6598A400CDF88F /* Model */ = {
			isa = PBXGroup;
			children = (
				D61E50D21E6482EE00AC8C75 /* SettingsSection.swift */,
				D61E50D01E6481C300AC8C75 /* SettingsItem.swift */,
			);
			name = Model;
			sourceTree = "<group>";
		};
		D62AC0CC1E5733A80020B8AE = {
			isa = PBXGroup;
			children = (
				D62AC0F61E5734260020B8AE /* Tabman.xcodeproj */,
				D62AC0D71E5733A80020B8AE /* Tabman-Example */,
				D62AC1741E5AF9B50020B8AE /* Dependencies */,
				D62AC0D61E5733A80020B8AE /* Products */,
			);
			sourceTree = "<group>";
		};
		D62AC0D61E5733A80020B8AE /* Products */ = {
			isa = PBXGroup;
			children = (
				D62AC0D51E5733A80020B8AE /* Tabman-Example.app */,
			);
			name = Products;
			sourceTree = "<group>";
		};
		D62AC0D71E5733A80020B8AE /* Tabman-Example */ = {
			isa = PBXGroup;
			children = (
				D62AC0D81E5733A80020B8AE /* AppDelegate.swift */,
				D62AC1061E5736A10020B8AE /* TabViewController.swift */,
				D62AC1041E5736A10020B8AE /* ChildViewController.swift */,
				D62AC0DC1E5733A80020B8AE /* Main.storyboard */,
				D62AC10E1E5736B20020B8AE /* Example Components */,
				D62AC10F1E5736BE0020B8AE /* Resources */,
			);
			path = "Tabman-Example";
			sourceTree = "<group>";
		};
		D62AC0F71E5734260020B8AE /* Products */ = {
			isa = PBXGroup;
			children = (
				D62AC0FC1E5734260020B8AE /* Tabman.framework */,
				D62AC0FE1E5734260020B8AE /* TabmanTests.xctest */,
			);
			name = Products;
			sourceTree = "<group>";
		};
		D62AC10E1E5736B20020B8AE /* Example Components */ = {
			isa = PBXGroup;
			children = (
				D62AC1071E5736A10020B8AE /* TabViewControllerExtras.swift */,
				D61E50CF1E647F0000AC8C75 /* Settings */,
				D62AC1051E5736A10020B8AE /* GradientView.swift */,
				D62AC1081E5736A10020B8AE /* TransparentNavigationBar.swift */,
				D61E50BB1E64452D00AC8C75 /* CircularButton.swift */,
			);
			name = "Example Components";
			sourceTree = "<group>";
		};
		D62AC10F1E5736BE0020B8AE /* Resources */ = {
			isa = PBXGroup;
			children = (
				D62AC0DF1E5733A80020B8AE /* Assets.xcassets */,
				D62AC0E11E5733A80020B8AE /* LaunchScreen.storyboard */,
				D62AC0E41E5733A80020B8AE /* Info.plist */,
			);
			name = Resources;
			sourceTree = "<group>";
		};
		D62AC14B1E5AF5440020B8AE /* Products */ = {
			isa = PBXGroup;
			children = (
				D62AC1501E5AF5440020B8AE /* Pageboy.framework */,
				D62AC1521E5AF5440020B8AE /* PageboyTests.xctest */,
			);
			name = Products;
			sourceTree = "<group>";
		};
		D62AC1741E5AF9B50020B8AE /* Dependencies */ = {
			isa = PBXGroup;
			children = (
				D62AC1801E5B03B50020B8AE /* PureLayout.xcodeproj */,
				D62AC14A1E5AF5440020B8AE /* Pageboy.xcodeproj */,
			);
			name = Dependencies;
			sourceTree = "<group>";
		};
		D62AC1811E5B03B50020B8AE /* Products */ = {
			isa = PBXGroup;
			children = (
				D62AC18D1E5B03B50020B8AE /* PureLayout.framework */,
				D62AC18F1E5B03B50020B8AE /* PureLayout.framework */,
				D62AC1911E5B03B50020B8AE /* PureLayout.framework */,
				D62AC1931E5B03B50020B8AE /* Example-iOS.app */,
				D62AC1951E5B03B50020B8AE /* Example-iOS-Xcode7.app */,
				D62AC1971E5B03B50020B8AE /* Example-Mac.app */,
				D62AC1991E5B03B50020B8AE /* Example-tvOS.app */,
				D62AC19B1E5B03B50020B8AE /* PureLayoutTests-iOS.xctest */,
				D62AC19D1E5B03B50020B8AE /* PureLayoutTests-Mac.xctest */,
			);
			name = Products;
			sourceTree = "<group>";
		};
/* End PBXGroup section */

/* Begin PBXNativeTarget section */
		D62AC0D41E5733A80020B8AE /* Tabman-Example */ = {
			isa = PBXNativeTarget;
			buildConfigurationList = D62AC0E71E5733A80020B8AE /* Build configuration list for PBXNativeTarget "Tabman-Example" */;
			buildPhases = (
				D62AC0D11E5733A80020B8AE /* Sources */,
				D62AC0D21E5733A80020B8AE /* Frameworks */,
				D62AC0D31E5733A80020B8AE /* Resources */,
				D62AC1141E5737590020B8AE /* Embed Frameworks */,
			);
			buildRules = (
			);
			dependencies = (
				D62AC1131E5737590020B8AE /* PBXTargetDependency */,
				D6020AC61E602BB500C2B7BA /* PBXTargetDependency */,
				D6020ACA1E602BBB00C2B7BA /* PBXTargetDependency */,
			);
			name = "Tabman-Example";
			productName = "Tabman-Example";
			productReference = D62AC0D51E5733A80020B8AE /* Tabman-Example.app */;
			productType = "com.apple.product-type.application";
		};
/* End PBXNativeTarget section */

/* Begin PBXProject section */
		D62AC0CD1E5733A80020B8AE /* Project object */ = {
			isa = PBXProject;
			attributes = {
				LastSwiftUpdateCheck = 0820;
				LastUpgradeCheck = 0820;
				ORGANIZATIONNAME = "Merrick Sapsford";
				TargetAttributes = {
					D62AC0D41E5733A80020B8AE = {
						CreatedOnToolsVersion = 8.2;
						ProvisioningStyle = Automatic;
					};
				};
			};
			buildConfigurationList = D62AC0D01E5733A80020B8AE /* Build configuration list for PBXProject "Tabman-Example" */;
			compatibilityVersion = "Xcode 3.2";
			developmentRegion = English;
			hasScannedForEncodings = 0;
			knownRegions = (
				en,
				Base,
			);
			mainGroup = D62AC0CC1E5733A80020B8AE;
			productRefGroup = D62AC0D61E5733A80020B8AE /* Products */;
			projectDirPath = "";
			projectReferences = (
				{
					ProductGroup = D62AC14B1E5AF5440020B8AE /* Products */;
					ProjectRef = D62AC14A1E5AF5440020B8AE /* Pageboy.xcodeproj */;
				},
				{
					ProductGroup = D62AC1811E5B03B50020B8AE /* Products */;
					ProjectRef = D62AC1801E5B03B50020B8AE /* PureLayout.xcodeproj */;
				},
				{
					ProductGroup = D62AC0F71E5734260020B8AE /* Products */;
					ProjectRef = D62AC0F61E5734260020B8AE /* Tabman.xcodeproj */;
				},
			);
			projectRoot = "";
			targets = (
				D62AC0D41E5733A80020B8AE /* Tabman-Example */,
			);
		};
/* End PBXProject section */

/* Begin PBXReferenceProxy section */
		D62AC0FC1E5734260020B8AE /* Tabman.framework */ = {
			isa = PBXReferenceProxy;
			fileType = wrapper.framework;
			path = Tabman.framework;
			remoteRef = D62AC0FB1E5734260020B8AE /* PBXContainerItemProxy */;
			sourceTree = BUILT_PRODUCTS_DIR;
		};
		D62AC0FE1E5734260020B8AE /* TabmanTests.xctest */ = {
			isa = PBXReferenceProxy;
			fileType = wrapper.cfbundle;
			path = TabmanTests.xctest;
			remoteRef = D62AC0FD1E5734260020B8AE /* PBXContainerItemProxy */;
			sourceTree = BUILT_PRODUCTS_DIR;
		};
		D62AC1501E5AF5440020B8AE /* Pageboy.framework */ = {
			isa = PBXReferenceProxy;
			fileType = wrapper.framework;
			path = Pageboy.framework;
			remoteRef = D62AC14F1E5AF5440020B8AE /* PBXContainerItemProxy */;
			sourceTree = BUILT_PRODUCTS_DIR;
		};
		D62AC1521E5AF5440020B8AE /* PageboyTests.xctest */ = {
			isa = PBXReferenceProxy;
			fileType = wrapper.cfbundle;
			path = PageboyTests.xctest;
			remoteRef = D62AC1511E5AF5440020B8AE /* PBXContainerItemProxy */;
			sourceTree = BUILT_PRODUCTS_DIR;
		};
		D62AC18D1E5B03B50020B8AE /* PureLayout.framework */ = {
			isa = PBXReferenceProxy;
			fileType = wrapper.framework;
			path = PureLayout.framework;
			remoteRef = D62AC18C1E5B03B50020B8AE /* PBXContainerItemProxy */;
			sourceTree = BUILT_PRODUCTS_DIR;
		};
		D62AC18F1E5B03B50020B8AE /* PureLayout.framework */ = {
			isa = PBXReferenceProxy;
			fileType = wrapper.framework;
			path = PureLayout.framework;
			remoteRef = D62AC18E1E5B03B50020B8AE /* PBXContainerItemProxy */;
			sourceTree = BUILT_PRODUCTS_DIR;
		};
		D62AC1911E5B03B50020B8AE /* PureLayout.framework */ = {
			isa = PBXReferenceProxy;
			fileType = wrapper.framework;
			path = PureLayout.framework;
			remoteRef = D62AC1901E5B03B50020B8AE /* PBXContainerItemProxy */;
			sourceTree = BUILT_PRODUCTS_DIR;
		};
		D62AC1931E5B03B50020B8AE /* Example-iOS.app */ = {
			isa = PBXReferenceProxy;
			fileType = wrapper.application;
			path = "Example-iOS.app";
			remoteRef = D62AC1921E5B03B50020B8AE /* PBXContainerItemProxy */;
			sourceTree = BUILT_PRODUCTS_DIR;
		};
		D62AC1951E5B03B50020B8AE /* Example-iOS-Xcode7.app */ = {
			isa = PBXReferenceProxy;
			fileType = wrapper.application;
			path = "Example-iOS-Xcode7.app";
			remoteRef = D62AC1941E5B03B50020B8AE /* PBXContainerItemProxy */;
			sourceTree = BUILT_PRODUCTS_DIR;
		};
		D62AC1971E5B03B50020B8AE /* Example-Mac.app */ = {
			isa = PBXReferenceProxy;
			fileType = wrapper.application;
			path = "Example-Mac.app";
			remoteRef = D62AC1961E5B03B50020B8AE /* PBXContainerItemProxy */;
			sourceTree = BUILT_PRODUCTS_DIR;
		};
		D62AC1991E5B03B50020B8AE /* Example-tvOS.app */ = {
			isa = PBXReferenceProxy;
			fileType = wrapper.application;
			path = "Example-tvOS.app";
			remoteRef = D62AC1981E5B03B50020B8AE /* PBXContainerItemProxy */;
			sourceTree = BUILT_PRODUCTS_DIR;
		};
		D62AC19B1E5B03B50020B8AE /* PureLayoutTests-iOS.xctest */ = {
			isa = PBXReferenceProxy;
			fileType = wrapper.cfbundle;
			path = "PureLayoutTests-iOS.xctest";
			remoteRef = D62AC19A1E5B03B50020B8AE /* PBXContainerItemProxy */;
			sourceTree = BUILT_PRODUCTS_DIR;
		};
		D62AC19D1E5B03B50020B8AE /* PureLayoutTests-Mac.xctest */ = {
			isa = PBXReferenceProxy;
			fileType = wrapper.cfbundle;
			path = "PureLayoutTests-Mac.xctest";
			remoteRef = D62AC19C1E5B03B50020B8AE /* PBXContainerItemProxy */;
			sourceTree = BUILT_PRODUCTS_DIR;
		};
/* End PBXReferenceProxy section */

/* Begin PBXResourcesBuildPhase section */
		D62AC0D31E5733A80020B8AE /* Resources */ = {
			isa = PBXResourcesBuildPhase;
			buildActionMask = 2147483647;
			files = (
				D62AC0E31E5733A80020B8AE /* LaunchScreen.storyboard in Resources */,
				D62AC0E01E5733A80020B8AE /* Assets.xcassets in Resources */,
				D62AC0DE1E5733A80020B8AE /* Main.storyboard in Resources */,
			);
			runOnlyForDeploymentPostprocessing = 0;
		};
/* End PBXResourcesBuildPhase section */

/* Begin PBXSourcesBuildPhase section */
		D62AC0D11E5733A80020B8AE /* Sources */ = {
			isa = PBXSourcesBuildPhase;
			buildActionMask = 2147483647;
			files = (
				D62AC0D91E5733A80020B8AE /* AppDelegate.swift in Sources */,
				D629EBC31E65D52C00CDF88F /* SettingsPopTransitionController.swift in Sources */,
				D61E50D71E657FBE00AC8C75 /* SettingsEntries.swift in Sources */,
				D61E50D31E6482EE00AC8C75 /* SettingsSection.swift in Sources */,
				D62AC1091E5736A10020B8AE /* ChildViewController.swift in Sources */,
				D629EBC11E65D2D900CDF88F /* SettingsPushTransitionController.swift in Sources */,
				D62AC10D1E5736A10020B8AE /* TransparentNavigationBar.swift in Sources */,
				D62AC10C1E5736A10020B8AE /* TabViewControllerExtras.swift in Sources */,
				D62AC10A1E5736A10020B8AE /* GradientView.swift in Sources */,
				D61E50D11E6481C300AC8C75 /* SettingsItem.swift in Sources */,
				D61E50CC1E646FAD00AC8C75 /* SettingsPresentTransitionController.swift in Sources */,
				D61E50CA1E644A7500AC8C75 /* SettingsNavigationController.swift in Sources */,
				D629EBBF1E6598B400CDF88F /* SettingsOptionsViewController.swift in Sources */,
				D62AC10B1E5736A10020B8AE /* TabViewController.swift in Sources */,
				D61E50BC1E64452D00AC8C75 /* CircularButton.swift in Sources */,
				D61E50CE1E64757000AC8C75 /* SettingsDismissTransitionController.swift in Sources */,
				D61E50D51E6485D000AC8C75 /* SettingsCells.swift in Sources */,
				D61E50C81E644A2200AC8C75 /* SettingsViewController.swift in Sources */,
			);
			runOnlyForDeploymentPostprocessing = 0;
		};
/* End PBXSourcesBuildPhase section */

/* Begin PBXTargetDependency section */
		D6020AC61E602BB500C2B7BA /* PBXTargetDependency */ = {
			isa = PBXTargetDependency;
			name = PureLayout_iOS;
			targetProxy = D6020AC51E602BB500C2B7BA /* PBXContainerItemProxy */;
		};
		D6020ACA1E602BBB00C2B7BA /* PBXTargetDependency */ = {
			isa = PBXTargetDependency;
			name = Pageboy;
			targetProxy = D6020AC91E602BBB00C2B7BA /* PBXContainerItemProxy */;
		};
		D62AC1131E5737590020B8AE /* PBXTargetDependency */ = {
			isa = PBXTargetDependency;
			name = Tabman;
			targetProxy = D62AC1121E5737590020B8AE /* PBXContainerItemProxy */;
		};
/* End PBXTargetDependency section */

/* Begin PBXVariantGroup section */
		D62AC0DC1E5733A80020B8AE /* Main.storyboard */ = {
			isa = PBXVariantGroup;
			children = (
				D62AC0DD1E5733A80020B8AE /* Base */,
			);
			name = Main.storyboard;
			sourceTree = "<group>";
		};
		D62AC0E11E5733A80020B8AE /* LaunchScreen.storyboard */ = {
			isa = PBXVariantGroup;
			children = (
				D62AC0E21E5733A80020B8AE /* Base */,
			);
			name = LaunchScreen.storyboard;
			sourceTree = "<group>";
		};
/* End PBXVariantGroup section */

/* Begin XCBuildConfiguration section */
		D62AC0E51E5733A80020B8AE /* Debug */ = {
			isa = XCBuildConfiguration;
			buildSettings = {
				ALWAYS_SEARCH_USER_PATHS = NO;
				CLANG_ANALYZER_NONNULL = YES;
				CLANG_CXX_LANGUAGE_STANDARD = "gnu++0x";
				CLANG_CXX_LIBRARY = "libc++";
				CLANG_ENABLE_MODULES = YES;
				CLANG_ENABLE_OBJC_ARC = YES;
				CLANG_WARN_BOOL_CONVERSION = YES;
				CLANG_WARN_CONSTANT_CONVERSION = YES;
				CLANG_WARN_DIRECT_OBJC_ISA_USAGE = YES_ERROR;
				CLANG_WARN_DOCUMENTATION_COMMENTS = YES;
				CLANG_WARN_EMPTY_BODY = YES;
				CLANG_WARN_ENUM_CONVERSION = YES;
				CLANG_WARN_INFINITE_RECURSION = YES;
				CLANG_WARN_INT_CONVERSION = YES;
				CLANG_WARN_OBJC_ROOT_CLASS = YES_ERROR;
				CLANG_WARN_SUSPICIOUS_MOVE = YES;
				CLANG_WARN_UNREACHABLE_CODE = YES;
				CLANG_WARN__DUPLICATE_METHOD_MATCH = YES;
				"CODE_SIGN_IDENTITY[sdk=iphoneos*]" = "iPhone Developer";
				COPY_PHASE_STRIP = NO;
				DEBUG_INFORMATION_FORMAT = dwarf;
				ENABLE_STRICT_OBJC_MSGSEND = YES;
				ENABLE_TESTABILITY = YES;
				GCC_C_LANGUAGE_STANDARD = gnu99;
				GCC_DYNAMIC_NO_PIC = NO;
				GCC_NO_COMMON_BLOCKS = YES;
				GCC_OPTIMIZATION_LEVEL = 0;
				GCC_PREPROCESSOR_DEFINITIONS = (
					"DEBUG=1",
					"$(inherited)",
				);
				GCC_WARN_64_TO_32_BIT_CONVERSION = YES;
				GCC_WARN_ABOUT_RETURN_TYPE = YES_ERROR;
				GCC_WARN_UNDECLARED_SELECTOR = YES;
				GCC_WARN_UNINITIALIZED_AUTOS = YES_AGGRESSIVE;
				GCC_WARN_UNUSED_FUNCTION = YES;
				GCC_WARN_UNUSED_VARIABLE = YES;
				IPHONEOS_DEPLOYMENT_TARGET = 9.0;
				MTL_ENABLE_DEBUG_INFO = YES;
				ONLY_ACTIVE_ARCH = YES;
				SDKROOT = iphoneos;
				SWIFT_ACTIVE_COMPILATION_CONDITIONS = DEBUG;
				SWIFT_OPTIMIZATION_LEVEL = "-Onone";
			};
			name = Debug;
		};
		D62AC0E61E5733A80020B8AE /* Release */ = {
			isa = XCBuildConfiguration;
			buildSettings = {
				ALWAYS_SEARCH_USER_PATHS = NO;
				CLANG_ANALYZER_NONNULL = YES;
				CLANG_CXX_LANGUAGE_STANDARD = "gnu++0x";
				CLANG_CXX_LIBRARY = "libc++";
				CLANG_ENABLE_MODULES = YES;
				CLANG_ENABLE_OBJC_ARC = YES;
				CLANG_WARN_BOOL_CONVERSION = YES;
				CLANG_WARN_CONSTANT_CONVERSION = YES;
				CLANG_WARN_DIRECT_OBJC_ISA_USAGE = YES_ERROR;
				CLANG_WARN_DOCUMENTATION_COMMENTS = YES;
				CLANG_WARN_EMPTY_BODY = YES;
				CLANG_WARN_ENUM_CONVERSION = YES;
				CLANG_WARN_INFINITE_RECURSION = YES;
				CLANG_WARN_INT_CONVERSION = YES;
				CLANG_WARN_OBJC_ROOT_CLASS = YES_ERROR;
				CLANG_WARN_SUSPICIOUS_MOVE = YES;
				CLANG_WARN_UNREACHABLE_CODE = YES;
				CLANG_WARN__DUPLICATE_METHOD_MATCH = YES;
				"CODE_SIGN_IDENTITY[sdk=iphoneos*]" = "iPhone Developer";
				COPY_PHASE_STRIP = NO;
				DEBUG_INFORMATION_FORMAT = "dwarf-with-dsym";
				ENABLE_NS_ASSERTIONS = NO;
				ENABLE_STRICT_OBJC_MSGSEND = YES;
				GCC_C_LANGUAGE_STANDARD = gnu99;
				GCC_NO_COMMON_BLOCKS = YES;
				GCC_WARN_64_TO_32_BIT_CONVERSION = YES;
				GCC_WARN_ABOUT_RETURN_TYPE = YES_ERROR;
				GCC_WARN_UNDECLARED_SELECTOR = YES;
				GCC_WARN_UNINITIALIZED_AUTOS = YES_AGGRESSIVE;
				GCC_WARN_UNUSED_FUNCTION = YES;
				GCC_WARN_UNUSED_VARIABLE = YES;
				IPHONEOS_DEPLOYMENT_TARGET = 9.0;
				MTL_ENABLE_DEBUG_INFO = NO;
				SDKROOT = iphoneos;
				SWIFT_OPTIMIZATION_LEVEL = "-Owholemodule";
				VALIDATE_PRODUCT = YES;
			};
			name = Release;
		};
		D62AC0E81E5733A80020B8AE /* Debug */ = {
			isa = XCBuildConfiguration;
			buildSettings = {
				ALWAYS_EMBED_SWIFT_STANDARD_LIBRARIES = YES;
				ASSETCATALOG_COMPILER_APPICON_NAME = AppIcon;
				DEVELOPMENT_TEAM = "";
				INFOPLIST_FILE = "Tabman-Example/Info.plist";
				LD_RUNPATH_SEARCH_PATHS = "$(inherited) @executable_path/Frameworks";
				PRODUCT_BUNDLE_IDENTIFIER = "com.msapsford.Tabman-Example";
				PRODUCT_NAME = "$(TARGET_NAME)";
				SWIFT_VERSION = 3.0;
			};
			name = Debug;
		};
		D62AC0E91E5733A80020B8AE /* Release */ = {
			isa = XCBuildConfiguration;
			buildSettings = {
				ALWAYS_EMBED_SWIFT_STANDARD_LIBRARIES = YES;
				ASSETCATALOG_COMPILER_APPICON_NAME = AppIcon;
				DEVELOPMENT_TEAM = "";
				INFOPLIST_FILE = "Tabman-Example/Info.plist";
				LD_RUNPATH_SEARCH_PATHS = "$(inherited) @executable_path/Frameworks";
				PRODUCT_BUNDLE_IDENTIFIER = "com.msapsford.Tabman-Example";
				PRODUCT_NAME = "$(TARGET_NAME)";
				SWIFT_VERSION = 3.0;
			};
			name = Release;
		};
/* End XCBuildConfiguration section */

/* Begin XCConfigurationList section */
		D62AC0D01E5733A80020B8AE /* Build configuration list for PBXProject "Tabman-Example" */ = {
			isa = XCConfigurationList;
			buildConfigurations = (
				D62AC0E51E5733A80020B8AE /* Debug */,
				D62AC0E61E5733A80020B8AE /* Release */,
			);
			defaultConfigurationIsVisible = 0;
			defaultConfigurationName = Release;
		};
		D62AC0E71E5733A80020B8AE /* Build configuration list for PBXNativeTarget "Tabman-Example" */ = {
			isa = XCConfigurationList;
			buildConfigurations = (
				D62AC0E81E5733A80020B8AE /* Debug */,
				D62AC0E91E5733A80020B8AE /* Release */,
			);
			defaultConfigurationIsVisible = 0;
			defaultConfigurationName = Release;
		};
/* End XCConfigurationList section */
	};
	rootObject = D62AC0CD1E5733A80020B8AE /* Project object */;
}
