// !$*UTF8*$!
{
	archiveVersion = 1;
	classes = {
	};
	objectVersion = 46;
	objects = {

/* Begin PBXBuildFile section */
		4622FFA22167B9BB00214563 /* Randient.framework in Frameworks */ = {isa = PBXBuildFile; fileRef = 4622FFA12167B9BB00214563 /* Randient.framework */; };
		468EDFBE2164C6F700C27982 /* Pageboy.framework in Frameworks */ = {isa = PBXBuildFile; fileRef = 468EDFBC2164C6F700C27982 /* Pageboy.framework */; };
		468EDFBF2164C6F700C27982 /* AutoInsetter.framework in Frameworks */ = {isa = PBXBuildFile; fileRef = 468EDFBD2164C6F700C27982 /* AutoInsetter.framework */; };
		468EDFC22164C77500C27982 /* BLTNBoard.framework in Frameworks */ = {isa = PBXBuildFile; fileRef = 468EDFC02164C77400C27982 /* BLTNBoard.framework */; };
		468EDFC32164C77500C27982 /* SnapKit.framework in Frameworks */ = {isa = PBXBuildFile; fileRef = 468EDFC12164C77400C27982 /* SnapKit.framework */; };
		468EDFC52164C78800C27982 /* Tabman.framework in Frameworks */ = {isa = PBXBuildFile; fileRef = 468EDFC42164C78800C27982 /* Tabman.framework */; };
		468EDFC62164C78800C27982 /* Tabman.framework in Embed Frameworks */ = {isa = PBXBuildFile; fileRef = 468EDFC42164C78800C27982 /* Tabman.framework */; settings = {ATTRIBUTES = (CodeSignOnCopy, RemoveHeadersOnCopy, ); }; };
		46BBC24D2177B47B00D8EED5 /* EmojiBarButton.swift in Sources */ = {isa = PBXBuildFile; fileRef = 46BBC24C2177B47B00D8EED5 /* EmojiBarButton.swift */; };
		46BBC24F2177B8DA00D8EED5 /* FadingScrollView.swift in Sources */ = {isa = PBXBuildFile; fileRef = 46BBC24E2177B8DA00D8EED5 /* FadingScrollView.swift */; };
		46BBCF4D2143C962003238FD /* SettingsOptionButton.swift in Sources */ = {isa = PBXBuildFile; fileRef = 46BBCF322143C962003238FD /* SettingsOptionButton.swift */; };
		46BBCF4E2143C962003238FD /* UIColor+Interpolation.swift in Sources */ = {isa = PBXBuildFile; fileRef = 46BBCF332143C962003238FD /* UIColor+Interpolation.swift */; };
		46BBCF4F2143C962003238FD /* GradientViewController.swift in Sources */ = {isa = PBXBuildFile; fileRef = 46BBCF342143C962003238FD /* GradientViewController.swift */; };
		46BBCF502143C962003238FD /* Assets.xcassets in Resources */ = {isa = PBXBuildFile; fileRef = 46BBCF352143C962003238FD /* Assets.xcassets */; };
		46BBCF512143C962003238FD /* SettingsBulletinPage.swift in Sources */ = {isa = PBXBuildFile; fileRef = 46BBCF362143C962003238FD /* SettingsBulletinPage.swift */; };
		46BBCF522143C962003238FD /* LaunchScreen.storyboard in Resources */ = {isa = PBXBuildFile; fileRef = 46BBCF372143C962003238FD /* LaunchScreen.storyboard */; };
		46BBCF532143C962003238FD /* Tabman.storyboard in Resources */ = {isa = PBXBuildFile; fileRef = 46BBCF392143C962003238FD /* Tabman.storyboard */; };
		46BBCF542143C962003238FD /* SettingsBulletinDataSource.swift in Sources */ = {isa = PBXBuildFile; fileRef = 46BBCF3B2143C962003238FD /* SettingsBulletinDataSource.swift */; };
		46BBCF552143C962003238FD /* TransparentNavigationBar.swift in Sources */ = {isa = PBXBuildFile; fileRef = 46BBCF3C2143C962003238FD /* TransparentNavigationBar.swift */; };
		46BBCF572143C962003238FD /* PageModificationBulletinPage.swift in Sources */ = {isa = PBXBuildFile; fileRef = 46BBCF3E2143C962003238FD /* PageModificationBulletinPage.swift */; };
		46BBCF582143C962003238FD /* PageStepper.swift in Sources */ = {isa = PBXBuildFile; fileRef = 46BBCF3F2143C962003238FD /* PageStepper.swift */; };
		46BBCF592143C962003238FD /* Launch.storyboard in Resources */ = {isa = PBXBuildFile; fileRef = 46BBCF402143C962003238FD /* Launch.storyboard */; };
		46BBCF5A2143C962003238FD /* ActionButton.swift in Sources */ = {isa = PBXBuildFile; fileRef = 46BBCF412143C962003238FD /* ActionButton.swift */; };
		46BBCF5B2143C962003238FD /* AppDelegate.swift in Sources */ = {isa = PBXBuildFile; fileRef = 46BBCF422143C962003238FD /* AppDelegate.swift */; };
		46BBCF5C2143C962003238FD /* UINavigationController+Utilities.swift in Sources */ = {isa = PBXBuildFile; fileRef = 46BBCF432143C962003238FD /* UINavigationController+Utilities.swift */; };
		46BBCF5D2143C962003238FD /* TabPageViewController+Bulletins.swift in Sources */ = {isa = PBXBuildFile; fileRef = 46BBCF442143C962003238FD /* TabPageViewController+Bulletins.swift */; };
		46BBCF5F2143C962003238FD /* TabPageViewController.swift in Sources */ = {isa = PBXBuildFile; fileRef = 46BBCF462143C962003238FD /* TabPageViewController.swift */; };
		46BBCF602143C962003238FD /* PageStatusView.swift in Sources */ = {isa = PBXBuildFile; fileRef = 46BBCF472143C962003238FD /* PageStatusView.swift */; };
		46BBCF612143C962003238FD /* TabPageViewController+Settings.swift in Sources */ = {isa = PBXBuildFile; fileRef = 46BBCF482143C962003238FD /* TabPageViewController+Settings.swift */; };
		46BBCF632143C962003238FD /* ChildViewController.swift in Sources */ = {isa = PBXBuildFile; fileRef = 46BBCF4A2143C962003238FD /* ChildViewController.swift */; };
		46BBCF7B2143F97E003238FD /* CircularBarActionButton.swift in Sources */ = {isa = PBXBuildFile; fileRef = 46BBCF7A2143F97E003238FD /* CircularBarActionButton.swift */; };
		46E057B821762BA7003FB809 /* BarOptionButton.swift in Sources */ = {isa = PBXBuildFile; fileRef = 46E057B721762BA7003FB809 /* BarOptionButton.swift */; };
		46E057BA21764185003FB809 /* AddBarBulletinPage.swift in Sources */ = {isa = PBXBuildFile; fileRef = 46E057B921764185003FB809 /* AddBarBulletinPage.swift */; };
		46E057BC21764504003FB809 /* TabmanViewController+InteractiveAdd.swift in Sources */ = {isa = PBXBuildFile; fileRef = 46E057BB21764504003FB809 /* TabmanViewController+InteractiveAdd.swift */; };
		46E057BE2176756A003FB809 /* BarInteractiveOverlayView.swift in Sources */ = {isa = PBXBuildFile; fileRef = 46E057BD2176756A003FB809 /* BarInteractiveOverlayView.swift */; };
/* End PBXBuildFile section */

/* Begin PBXCopyFilesBuildPhase section */
		D6E73A701E51F7C400A8D5A5 /* Embed Frameworks */ = {
			isa = PBXCopyFilesBuildPhase;
			buildActionMask = 2147483647;
			dstPath = "";
			dstSubfolderSpec = 10;
			files = (
				468EDFC62164C78800C27982 /* Tabman.framework in Embed Frameworks */,
			);
			name = "Embed Frameworks";
			runOnlyForDeploymentPostprocessing = 0;
		};
/* End PBXCopyFilesBuildPhase section */

/* Begin PBXFileReference section */
		4622FFA12167B9BB00214563 /* Randient.framework */ = {isa = PBXFileReference; lastKnownFileType = wrapper.framework; name = Randient.framework; path = Carthage/Build/iOS/Randient.framework; sourceTree = "<group>"; };
		468EDFBC2164C6F700C27982 /* Pageboy.framework */ = {isa = PBXFileReference; lastKnownFileType = wrapper.framework; name = Pageboy.framework; path = ../Carthage/Build/iOS/Pageboy.framework; sourceTree = "<group>"; };
		468EDFBD2164C6F700C27982 /* AutoInsetter.framework */ = {isa = PBXFileReference; lastKnownFileType = wrapper.framework; name = AutoInsetter.framework; path = ../Carthage/Build/iOS/AutoInsetter.framework; sourceTree = "<group>"; };
		468EDFC02164C77400C27982 /* BLTNBoard.framework */ = {isa = PBXFileReference; lastKnownFileType = wrapper.framework; name = BLTNBoard.framework; path = Carthage/Build/iOS/BLTNBoard.framework; sourceTree = "<group>"; };
		468EDFC12164C77400C27982 /* SnapKit.framework */ = {isa = PBXFileReference; lastKnownFileType = wrapper.framework; name = SnapKit.framework; path = Carthage/Build/iOS/SnapKit.framework; sourceTree = "<group>"; };
		468EDFC42164C78800C27982 /* Tabman.framework */ = {isa = PBXFileReference; explicitFileType = wrapper.framework; path = Tabman.framework; sourceTree = BUILT_PRODUCTS_DIR; };
		46BBC24C2177B47B00D8EED5 /* EmojiBarButton.swift */ = {isa = PBXFileReference; lastKnownFileType = sourcecode.swift; path = EmojiBarButton.swift; sourceTree = "<group>"; };
		46BBC24E2177B8DA00D8EED5 /* FadingScrollView.swift */ = {isa = PBXFileReference; lastKnownFileType = sourcecode.swift; path = FadingScrollView.swift; sourceTree = "<group>"; };
		46BBCF322143C962003238FD /* SettingsOptionButton.swift */ = {isa = PBXFileReference; fileEncoding = 4; lastKnownFileType = sourcecode.swift; path = SettingsOptionButton.swift; sourceTree = "<group>"; };
		46BBCF332143C962003238FD /* UIColor+Interpolation.swift */ = {isa = PBXFileReference; fileEncoding = 4; lastKnownFileType = sourcecode.swift; path = "UIColor+Interpolation.swift"; sourceTree = "<group>"; };
		46BBCF342143C962003238FD /* GradientViewController.swift */ = {isa = PBXFileReference; fileEncoding = 4; lastKnownFileType = sourcecode.swift; path = GradientViewController.swift; sourceTree = "<group>"; };
		46BBCF352143C962003238FD /* Assets.xcassets */ = {isa = PBXFileReference; lastKnownFileType = folder.assetcatalog; path = Assets.xcassets; sourceTree = "<group>"; };
		46BBCF362143C962003238FD /* SettingsBulletinPage.swift */ = {isa = PBXFileReference; fileEncoding = 4; lastKnownFileType = sourcecode.swift; path = SettingsBulletinPage.swift; sourceTree = "<group>"; };
		46BBCF382143C962003238FD /* Base */ = {isa = PBXFileReference; lastKnownFileType = file.storyboard; name = Base; path = Base.lproj/LaunchScreen.storyboard; sourceTree = "<group>"; };
		46BBCF3A2143C962003238FD /* Base */ = {isa = PBXFileReference; lastKnownFileType = file.storyboard; name = Base; path = Base.lproj/Tabman.storyboard; sourceTree = "<group>"; };
		46BBCF3B2143C962003238FD /* SettingsBulletinDataSource.swift */ = {isa = PBXFileReference; fileEncoding = 4; lastKnownFileType = sourcecode.swift; path = SettingsBulletinDataSource.swift; sourceTree = "<group>"; };
		46BBCF3C2143C962003238FD /* TransparentNavigationBar.swift */ = {isa = PBXFileReference; fileEncoding = 4; lastKnownFileType = sourcecode.swift; path = TransparentNavigationBar.swift; sourceTree = "<group>"; };
		46BBCF3E2143C962003238FD /* PageModificationBulletinPage.swift */ = {isa = PBXFileReference; fileEncoding = 4; lastKnownFileType = sourcecode.swift; path = PageModificationBulletinPage.swift; sourceTree = "<group>"; };
		46BBCF3F2143C962003238FD /* PageStepper.swift */ = {isa = PBXFileReference; fileEncoding = 4; lastKnownFileType = sourcecode.swift; path = PageStepper.swift; sourceTree = "<group>"; };
		46BBCF402143C962003238FD /* Launch.storyboard */ = {isa = PBXFileReference; fileEncoding = 4; lastKnownFileType = file.storyboard; path = Launch.storyboard; sourceTree = "<group>"; };
		46BBCF412143C962003238FD /* ActionButton.swift */ = {isa = PBXFileReference; fileEncoding = 4; lastKnownFileType = sourcecode.swift; path = ActionButton.swift; sourceTree = "<group>"; };
		46BBCF422143C962003238FD /* AppDelegate.swift */ = {isa = PBXFileReference; fileEncoding = 4; lastKnownFileType = sourcecode.swift; path = AppDelegate.swift; sourceTree = "<group>"; };
		46BBCF432143C962003238FD /* UINavigationController+Utilities.swift */ = {isa = PBXFileReference; fileEncoding = 4; lastKnownFileType = sourcecode.swift; path = "UINavigationController+Utilities.swift"; sourceTree = "<group>"; };
		46BBCF442143C962003238FD /* TabPageViewController+Bulletins.swift */ = {isa = PBXFileReference; fileEncoding = 4; lastKnownFileType = sourcecode.swift; path = "TabPageViewController+Bulletins.swift"; sourceTree = "<group>"; };
		46BBCF462143C962003238FD /* TabPageViewController.swift */ = {isa = PBXFileReference; fileEncoding = 4; lastKnownFileType = sourcecode.swift; path = TabPageViewController.swift; sourceTree = "<group>"; };
		46BBCF472143C962003238FD /* PageStatusView.swift */ = {isa = PBXFileReference; fileEncoding = 4; lastKnownFileType = sourcecode.swift; path = PageStatusView.swift; sourceTree = "<group>"; };
		46BBCF482143C962003238FD /* TabPageViewController+Settings.swift */ = {isa = PBXFileReference; fileEncoding = 4; lastKnownFileType = sourcecode.swift; path = "TabPageViewController+Settings.swift"; sourceTree = "<group>"; };
		46BBCF492143C962003238FD /* Info.plist */ = {isa = PBXFileReference; fileEncoding = 4; lastKnownFileType = text.plist.xml; path = Info.plist; sourceTree = "<group>"; };
		46BBCF4A2143C962003238FD /* ChildViewController.swift */ = {isa = PBXFileReference; fileEncoding = 4; lastKnownFileType = sourcecode.swift; path = ChildViewController.swift; sourceTree = "<group>"; };
		46BBCF7A2143F97E003238FD /* CircularBarActionButton.swift */ = {isa = PBXFileReference; lastKnownFileType = sourcecode.swift; path = CircularBarActionButton.swift; sourceTree = "<group>"; };
		46E057B721762BA7003FB809 /* BarOptionButton.swift */ = {isa = PBXFileReference; lastKnownFileType = sourcecode.swift; path = BarOptionButton.swift; sourceTree = "<group>"; };
		46E057B921764185003FB809 /* AddBarBulletinPage.swift */ = {isa = PBXFileReference; fileEncoding = 4; lastKnownFileType = sourcecode.swift; path = AddBarBulletinPage.swift; sourceTree = "<group>"; };
		46E057BB21764504003FB809 /* TabmanViewController+InteractiveAdd.swift */ = {isa = PBXFileReference; lastKnownFileType = sourcecode.swift; path = "TabmanViewController+InteractiveAdd.swift"; sourceTree = "<group>"; };
		46E057BD2176756A003FB809 /* BarInteractiveOverlayView.swift */ = {isa = PBXFileReference; lastKnownFileType = sourcecode.swift; path = BarInteractiveOverlayView.swift; sourceTree = "<group>"; };
		D623B1DE1E1D32D700527F3D /* Tabman-Example.app */ = {isa = PBXFileReference; explicitFileType = wrapper.application; includeInIndex = 0; path = "Tabman-Example.app"; sourceTree = BUILT_PRODUCTS_DIR; };
/* End PBXFileReference section */

/* Begin PBXFrameworksBuildPhase section */
		D623B1DB1E1D32D700527F3D /* Frameworks */ = {
			isa = PBXFrameworksBuildPhase;
			buildActionMask = 2147483647;
			files = (
				4622FFA22167B9BB00214563 /* Randient.framework in Frameworks */,
				468EDFC22164C77500C27982 /* BLTNBoard.framework in Frameworks */,
				468EDFC32164C77500C27982 /* SnapKit.framework in Frameworks */,
				468EDFC52164C78800C27982 /* Tabman.framework in Frameworks */,
				468EDFBE2164C6F700C27982 /* Pageboy.framework in Frameworks */,
				468EDFBF2164C6F700C27982 /* AutoInsetter.framework in Frameworks */,
			);
			runOnlyForDeploymentPostprocessing = 0;
		};
/* End PBXFrameworksBuildPhase section */

/* Begin PBXGroup section */
		46BBCF2F2143C962003238FD /* Tabman-Example */ = {
			isa = PBXGroup;
			children = (
				46BBCF422143C962003238FD /* AppDelegate.swift */,
				46BBCF462143C962003238FD /* TabPageViewController.swift */,
				46BBCF4A2143C962003238FD /* ChildViewController.swift */,
				46BBCF392143C962003238FD /* Tabman.storyboard */,
				46BBCF652143C991003238FD /* Example Extras */,
				46BBCF6A2143CA31003238FD /* Resources */,
			);
			path = "Tabman-Example";
			sourceTree = "<group>";
		};
		46BBCF652143C991003238FD /* Example Extras */ = {
			isa = PBXGroup;
			children = (
				46BBCF402143C962003238FD /* Launch.storyboard */,
				46BBCF442143C962003238FD /* TabPageViewController+Bulletins.swift */,
				46BBCF482143C962003238FD /* TabPageViewController+Settings.swift */,
				46E057BB21764504003FB809 /* TabmanViewController+InteractiveAdd.swift */,
				46BBCF662143C999003238FD /* Settings */,
				46BBCF682143C9D7003238FD /* Components */,
				46BBCF692143CA0E003238FD /* Utilities */,
			);
			name = "Example Extras";
			sourceTree = "<group>";
		};
		46BBCF662143C999003238FD /* Settings */ = {
			isa = PBXGroup;
			children = (
				46BBCF3B2143C962003238FD /* SettingsBulletinDataSource.swift */,
				46BBCF362143C962003238FD /* SettingsBulletinPage.swift */,
				46BBCF3E2143C962003238FD /* PageModificationBulletinPage.swift */,
				46E057B921764185003FB809 /* AddBarBulletinPage.swift */,
			);
			name = Settings;
			sourceTree = "<group>";
		};
		46BBCF682143C9D7003238FD /* Components */ = {
			isa = PBXGroup;
			children = (
				46BBCF3C2143C962003238FD /* TransparentNavigationBar.swift */,
				46BBCF342143C962003238FD /* GradientViewController.swift */,
				46BBCF472143C962003238FD /* PageStatusView.swift */,
				46BBCF412143C962003238FD /* ActionButton.swift */,
				46BBCF322143C962003238FD /* SettingsOptionButton.swift */,
				46BBCF3F2143C962003238FD /* PageStepper.swift */,
				46BBCF7A2143F97E003238FD /* CircularBarActionButton.swift */,
				46E057B721762BA7003FB809 /* BarOptionButton.swift */,
				46E057BD2176756A003FB809 /* BarInteractiveOverlayView.swift */,
				46BBC24E2177B8DA00D8EED5 /* FadingScrollView.swift */,
			);
			name = Components;
			sourceTree = "<group>";
		};
		46BBCF692143CA0E003238FD /* Utilities */ = {
			isa = PBXGroup;
			children = (
				46BBCF432143C962003238FD /* UINavigationController+Utilities.swift */,
				46BBCF332143C962003238FD /* UIColor+Interpolation.swift */,
				46BBC24C2177B47B00D8EED5 /* EmojiBarButton.swift */,
			);
			name = Utilities;
			sourceTree = "<group>";
		};
		46BBCF6A2143CA31003238FD /* Resources */ = {
			isa = PBXGroup;
			children = (
				46BBCF352143C962003238FD /* Assets.xcassets */,
				46BBCF372143C962003238FD /* LaunchScreen.storyboard */,
				46BBCF492143C962003238FD /* Info.plist */,
			);
			name = Resources;
			sourceTree = "<group>";
		};
		D623B1D51E1D32D700527F3D = {
			isa = PBXGroup;
			children = (
				46BBCF2F2143C962003238FD /* Tabman-Example */,
				D6CC55831ECCCCB700A7FBB4 /* Frameworks */,
				D623B1DF1E1D32D700527F3D /* Products */,
				468EDFC42164C78800C27982 /* Tabman.framework */,
			);
			sourceTree = "<group>";
		};
		D623B1DF1E1D32D700527F3D /* Products */ = {
			isa = PBXGroup;
			children = (
				D623B1DE1E1D32D700527F3D /* Tabman-Example.app */,
			);
			name = Products;
			sourceTree = "<group>";
		};
		D6CC55831ECCCCB700A7FBB4 /* Frameworks */ = {
			isa = PBXGroup;
			children = (
				4622FFA12167B9BB00214563 /* Randient.framework */,
				468EDFC02164C77400C27982 /* BLTNBoard.framework */,
				468EDFC12164C77400C27982 /* SnapKit.framework */,
				468EDFBD2164C6F700C27982 /* AutoInsetter.framework */,
				468EDFBC2164C6F700C27982 /* Pageboy.framework */,
			);
			name = Frameworks;
			sourceTree = "<group>";
		};
/* End PBXGroup section */

/* Begin PBXNativeTarget section */
		D623B1DD1E1D32D700527F3D /* Tabman-Example */ = {
			isa = PBXNativeTarget;
			buildConfigurationList = D623B1F01E1D32D700527F3D /* Build configuration list for PBXNativeTarget "Tabman-Example" */;
			buildPhases = (
				D623B1DA1E1D32D700527F3D /* Sources */,
				D623B1DB1E1D32D700527F3D /* Frameworks */,
				D623B1DC1E1D32D700527F3D /* Resources */,
				D6E73A701E51F7C400A8D5A5 /* Embed Frameworks */,
				468EDFC72164C7AA00C27982 /* Copy Carthage Frameworks */,
			);
			buildRules = (
			);
			dependencies = (
			);
			name = "Tabman-Example";
			productName = "Pageboy-Example";
			productReference = D623B1DE1E1D32D700527F3D /* Tabman-Example.app */;
			productType = "com.apple.product-type.application";
		};
/* End PBXNativeTarget section */

/* Begin PBXProject section */
		D623B1D61E1D32D700527F3D /* Project object */ = {
			isa = PBXProject;
			attributes = {
				LastSwiftUpdateCheck = 0820;
				LastUpgradeCheck = 0930;
				ORGANIZATIONNAME = "UI At Six";
				TargetAttributes = {
					D623B1DD1E1D32D700527F3D = {
						CreatedOnToolsVersion = 8.2;
						LastSwiftMigration = 1000;
						ProvisioningStyle = Automatic;
					};
				};
			};
			buildConfigurationList = D623B1D91E1D32D700527F3D /* Build configuration list for PBXProject "Tabman-Example" */;
			compatibilityVersion = "Xcode 3.2";
			developmentRegion = English;
			hasScannedForEncodings = 0;
			knownRegions = (
				en,
				Base,
			);
			mainGroup = D623B1D51E1D32D700527F3D;
			productRefGroup = D623B1DF1E1D32D700527F3D /* Products */;
			projectDirPath = "";
			projectRoot = "";
			targets = (
				D623B1DD1E1D32D700527F3D /* Tabman-Example */,
			);
		};
/* End PBXProject section */

/* Begin PBXResourcesBuildPhase section */
		D623B1DC1E1D32D700527F3D /* Resources */ = {
			isa = PBXResourcesBuildPhase;
			buildActionMask = 2147483647;
			files = (
				46BBCF502143C962003238FD /* Assets.xcassets in Resources */,
				46BBCF532143C962003238FD /* Tabman.storyboard in Resources */,
				46BBCF522143C962003238FD /* LaunchScreen.storyboard in Resources */,
				46BBCF592143C962003238FD /* Launch.storyboard in Resources */,
			);
			runOnlyForDeploymentPostprocessing = 0;
		};
/* End PBXResourcesBuildPhase section */

/* Begin PBXShellScriptBuildPhase section */
		468EDFC72164C7AA00C27982 /* Copy Carthage Frameworks */ = {
			isa = PBXShellScriptBuildPhase;
			buildActionMask = 2147483647;
			files = (
			);
			inputFileListPaths = (
			);
			inputPaths = (
				"$(SRCROOT)/../Carthage/Build/iOS/Pageboy.framework",
				"$(SRCROOT)/../Carthage/Build/iOS/AutoInsetter.framework",
				"$(SRCROOT)/../Carthage/Build/iOS/BLTNBoard.framework",
				"$(SRCROOT)/../Carthage/Build/iOS/SnapKit.framework",
				"$(SRCROOT)/../Carthage/Build/iOS/Randient.framework",
			);
			name = "Copy Carthage Frameworks";
			outputFileListPaths = (
			);
			outputPaths = (
				"$(BUILT_PRODUCTS_DIR)/$(FRAMEWORKS_FOLDER_PATH)/Pageboy.framework",
				"$(BUILT_PRODUCTS_DIR)/$(FRAMEWORKS_FOLDER_PATH)/AutoInsetter.framework",
				"$(BUILT_PRODUCTS_DIR)/$(FRAMEWORKS_FOLDER_PATH)/BLTNBoard.framework",
				"$(BUILT_PRODUCTS_DIR)/$(FRAMEWORKS_FOLDER_PATH)/SnapKit.framework",
				"$(BUILT_PRODUCTS_DIR)/$(FRAMEWORKS_FOLDER_PATH)/Randient.framework",
			);
			runOnlyForDeploymentPostprocessing = 0;
			shellPath = /bin/sh;
			shellScript = "/usr/local/bin/carthage copy-frameworks\n";
		};
/* End PBXShellScriptBuildPhase section */

/* Begin PBXSourcesBuildPhase section */
		D623B1DA1E1D32D700527F3D /* Sources */ = {
			isa = PBXSourcesBuildPhase;
			buildActionMask = 2147483647;
			files = (
				46BBCF7B2143F97E003238FD /* CircularBarActionButton.swift in Sources */,
				46BBC24F2177B8DA00D8EED5 /* FadingScrollView.swift in Sources */,
				46BBCF552143C962003238FD /* TransparentNavigationBar.swift in Sources */,
				46BBCF5D2143C962003238FD /* TabPageViewController+Bulletins.swift in Sources */,
				46BBCF582143C962003238FD /* PageStepper.swift in Sources */,
				46E057B821762BA7003FB809 /* BarOptionButton.swift in Sources */,
				46BBCF4F2143C962003238FD /* GradientViewController.swift in Sources */,
				46E057BC21764504003FB809 /* TabmanViewController+InteractiveAdd.swift in Sources */,
				46BBCF602143C962003238FD /* PageStatusView.swift in Sources */,
				46BBCF572143C962003238FD /* PageModificationBulletinPage.swift in Sources */,
				46BBCF5F2143C962003238FD /* TabPageViewController.swift in Sources */,
				46BBCF5C2143C962003238FD /* UINavigationController+Utilities.swift in Sources */,
				46E057BE2176756A003FB809 /* BarInteractiveOverlayView.swift in Sources */,
				46BBCF632143C962003238FD /* ChildViewController.swift in Sources */,
				46BBCF4E2143C962003238FD /* UIColor+Interpolation.swift in Sources */,
				46BBC24D2177B47B00D8EED5 /* EmojiBarButton.swift in Sources */,
				46BBCF512143C962003238FD /* SettingsBulletinPage.swift in Sources */,
				46BBCF5B2143C962003238FD /* AppDelegate.swift in Sources */,
				46BBCF4D2143C962003238FD /* SettingsOptionButton.swift in Sources */,
				46E057BA21764185003FB809 /* AddBarBulletinPage.swift in Sources */,
				46BBCF542143C962003238FD /* SettingsBulletinDataSource.swift in Sources */,
				46BBCF612143C962003238FD /* TabPageViewController+Settings.swift in Sources */,
				46BBCF5A2143C962003238FD /* ActionButton.swift in Sources */,
			);
			runOnlyForDeploymentPostprocessing = 0;
		};
/* End PBXSourcesBuildPhase section */

/* Begin PBXVariantGroup section */
		46BBCF372143C962003238FD /* LaunchScreen.storyboard */ = {
			isa = PBXVariantGroup;
			children = (
				46BBCF382143C962003238FD /* Base */,
			);
			name = LaunchScreen.storyboard;
			sourceTree = "<group>";
		};
		46BBCF392143C962003238FD /* Tabman.storyboard */ = {
			isa = PBXVariantGroup;
			children = (
				46BBCF3A2143C962003238FD /* Base */,
			);
			name = Tabman.storyboard;
			sourceTree = "<group>";
		};
/* End PBXVariantGroup section */

/* Begin XCBuildConfiguration section */
		D623B1EE1E1D32D700527F3D /* Debug */ = {
			isa = XCBuildConfiguration;
			buildSettings = {
				ALWAYS_SEARCH_USER_PATHS = NO;
				CLANG_ANALYZER_NONNULL = YES;
				CLANG_CXX_LANGUAGE_STANDARD = "gnu++0x";
				CLANG_CXX_LIBRARY = "libc++";
				CLANG_ENABLE_MODULES = YES;
				CLANG_ENABLE_OBJC_ARC = YES;
				CLANG_WARN_BLOCK_CAPTURE_AUTORELEASING = YES;
				CLANG_WARN_BOOL_CONVERSION = YES;
				CLANG_WARN_COMMA = YES;
				CLANG_WARN_CONSTANT_CONVERSION = YES;
				CLANG_WARN_DEPRECATED_OBJC_IMPLEMENTATIONS = YES;
				CLANG_WARN_DIRECT_OBJC_ISA_USAGE = YES_ERROR;
				CLANG_WARN_DOCUMENTATION_COMMENTS = YES;
				CLANG_WARN_EMPTY_BODY = YES;
				CLANG_WARN_ENUM_CONVERSION = YES;
				CLANG_WARN_INFINITE_RECURSION = YES;
				CLANG_WARN_INT_CONVERSION = YES;
				CLANG_WARN_NON_LITERAL_NULL_CONVERSION = YES;
				CLANG_WARN_OBJC_IMPLICIT_RETAIN_SELF = YES;
				CLANG_WARN_OBJC_LITERAL_CONVERSION = YES;
				CLANG_WARN_OBJC_ROOT_CLASS = YES_ERROR;
				CLANG_WARN_RANGE_LOOP_ANALYSIS = YES;
				CLANG_WARN_STRICT_PROTOTYPES = YES;
				CLANG_WARN_SUSPICIOUS_MOVE = YES;
				CLANG_WARN_UNREACHABLE_CODE = YES;
				CLANG_WARN__DUPLICATE_METHOD_MATCH = YES;
				"CODE_SIGN_IDENTITY[sdk=iphoneos*]" = "iPhone Developer";
				COPY_PHASE_STRIP = NO;
				DEBUG_INFORMATION_FORMAT = dwarf;
				ENABLE_STRICT_OBJC_MSGSEND = YES;
				ENABLE_TESTABILITY = YES;
				GCC_C_LANGUAGE_STANDARD = gnu99;
				GCC_DYNAMIC_NO_PIC = NO;
				GCC_NO_COMMON_BLOCKS = YES;
				GCC_OPTIMIZATION_LEVEL = 0;
				GCC_PREPROCESSOR_DEFINITIONS = (
					"DEBUG=1",
					"$(inherited)",
				);
				GCC_WARN_64_TO_32_BIT_CONVERSION = YES;
				GCC_WARN_ABOUT_RETURN_TYPE = YES_ERROR;
				GCC_WARN_UNDECLARED_SELECTOR = YES;
				GCC_WARN_UNINITIALIZED_AUTOS = YES_AGGRESSIVE;
				GCC_WARN_UNUSED_FUNCTION = YES;
				GCC_WARN_UNUSED_VARIABLE = YES;
				IPHONEOS_DEPLOYMENT_TARGET = 9.0;
				MTL_ENABLE_DEBUG_INFO = YES;
				ONLY_ACTIVE_ARCH = YES;
				SDKROOT = iphoneos;
				SWIFT_ACTIVE_COMPILATION_CONDITIONS = DEBUG;
				SWIFT_OPTIMIZATION_LEVEL = "-Onone";
				SWIFT_SWIFT3_OBJC_INFERENCE = Off;
				SWIFT_VERSION = 4.2;
			};
			name = Debug;
		};
		D623B1EF1E1D32D700527F3D /* Release */ = {
			isa = XCBuildConfiguration;
			buildSettings = {
				ALWAYS_SEARCH_USER_PATHS = NO;
				CLANG_ANALYZER_NONNULL = YES;
				CLANG_CXX_LANGUAGE_STANDARD = "gnu++0x";
				CLANG_CXX_LIBRARY = "libc++";
				CLANG_ENABLE_MODULES = YES;
				CLANG_ENABLE_OBJC_ARC = YES;
				CLANG_WARN_BLOCK_CAPTURE_AUTORELEASING = YES;
				CLANG_WARN_BOOL_CONVERSION = YES;
				CLANG_WARN_COMMA = YES;
				CLANG_WARN_CONSTANT_CONVERSION = YES;
				CLANG_WARN_DEPRECATED_OBJC_IMPLEMENTATIONS = YES;
				CLANG_WARN_DIRECT_OBJC_ISA_USAGE = YES_ERROR;
				CLANG_WARN_DOCUMENTATION_COMMENTS = YES;
				CLANG_WARN_EMPTY_BODY = YES;
				CLANG_WARN_ENUM_CONVERSION = YES;
				CLANG_WARN_INFINITE_RECURSION = YES;
				CLANG_WARN_INT_CONVERSION = YES;
				CLANG_WARN_NON_LITERAL_NULL_CONVERSION = YES;
				CLANG_WARN_OBJC_IMPLICIT_RETAIN_SELF = YES;
				CLANG_WARN_OBJC_LITERAL_CONVERSION = YES;
				CLANG_WARN_OBJC_ROOT_CLASS = YES_ERROR;
				CLANG_WARN_RANGE_LOOP_ANALYSIS = YES;
				CLANG_WARN_STRICT_PROTOTYPES = YES;
				CLANG_WARN_SUSPICIOUS_MOVE = YES;
				CLANG_WARN_UNREACHABLE_CODE = YES;
				CLANG_WARN__DUPLICATE_METHOD_MATCH = YES;
				"CODE_SIGN_IDENTITY[sdk=iphoneos*]" = "iPhone Developer";
				COPY_PHASE_STRIP = NO;
				DEBUG_INFORMATION_FORMAT = "dwarf-with-dsym";
				ENABLE_NS_ASSERTIONS = NO;
				ENABLE_STRICT_OBJC_MSGSEND = YES;
				GCC_C_LANGUAGE_STANDARD = gnu99;
				GCC_NO_COMMON_BLOCKS = YES;
				GCC_WARN_64_TO_32_BIT_CONVERSION = YES;
				GCC_WARN_ABOUT_RETURN_TYPE = YES_ERROR;
				GCC_WARN_UNDECLARED_SELECTOR = YES;
				GCC_WARN_UNINITIALIZED_AUTOS = YES_AGGRESSIVE;
				GCC_WARN_UNUSED_FUNCTION = YES;
				GCC_WARN_UNUSED_VARIABLE = YES;
				IPHONEOS_DEPLOYMENT_TARGET = 9.0;
				MTL_ENABLE_DEBUG_INFO = NO;
				SDKROOT = iphoneos;
				SWIFT_OPTIMIZATION_LEVEL = "-Owholemodule";
				SWIFT_SWIFT3_OBJC_INFERENCE = Off;
				SWIFT_VERSION = 4.2;
				VALIDATE_PRODUCT = YES;
			};
			name = Release;
		};
		D623B1F11E1D32D700527F3D /* Debug */ = {
			isa = XCBuildConfiguration;
			buildSettings = {
				ASSETCATALOG_COMPILER_APPICON_NAME = AppIcon;
				"CODE_SIGN_IDENTITY[sdk=iphoneos*]" = "iPhone Developer";
				DEVELOPMENT_TEAM = "";
				FRAMEWORK_SEARCH_PATHS = (
					"$(INHERITED)",
					"$(PROJECT_DIR)/../Carthage/Build/iOS",
				);
				INFOPLIST_FILE = "$(SRCROOT)/Tabman-Example/Info.plist";
				LD_RUNPATH_SEARCH_PATHS = "$(inherited) @executable_path/Frameworks";
				PRODUCT_BUNDLE_IDENTIFIER = "com.uias.Tabman-Example";
				PRODUCT_NAME = "$(TARGET_NAME)";
				PROVISIONING_PROFILE = "";
				PROVISIONING_PROFILE_SPECIFIER = "";
				TARGETED_DEVICE_FAMILY = "1,2";
			};
			name = Debug;
		};
		D623B1F21E1D32D700527F3D /* Release */ = {
			isa = XCBuildConfiguration;
			buildSettings = {
				ASSETCATALOG_COMPILER_APPICON_NAME = AppIcon;
				"CODE_SIGN_IDENTITY[sdk=iphoneos*]" = "iPhone Developer";
				DEVELOPMENT_TEAM = "";
				FRAMEWORK_SEARCH_PATHS = (
					"$(INHERITED)",
					"$(PROJECT_DIR)/../Carthage/Build/iOS",
				);
				INFOPLIST_FILE = "$(SRCROOT)/Tabman-Example/Info.plist";
				LD_RUNPATH_SEARCH_PATHS = "$(inherited) @executable_path/Frameworks";
				PRODUCT_BUNDLE_IDENTIFIER = "com.uias.Tabman-Example";
				PRODUCT_NAME = "$(TARGET_NAME)";
				TARGETED_DEVICE_FAMILY = "1,2";
			};
			name = Release;
		};
/* End XCBuildConfiguration section */

/* Begin XCConfigurationList section */
		D623B1D91E1D32D700527F3D /* Build configuration list for PBXProject "Tabman-Example" */ = {
			isa = XCConfigurationList;
			buildConfigurations = (
				D623B1EE1E1D32D700527F3D /* Debug */,
				D623B1EF1E1D32D700527F3D /* Release */,
			);
			defaultConfigurationIsVisible = 0;
			defaultConfigurationName = Release;
		};
		D623B1F01E1D32D700527F3D /* Build configuration list for PBXNativeTarget "Tabman-Example" */ = {
			isa = XCConfigurationList;
			buildConfigurations = (
				D623B1F11E1D32D700527F3D /* Debug */,
				D623B1F21E1D32D700527F3D /* Release */,
			);
			defaultConfigurationIsVisible = 0;
			defaultConfigurationName = Release;
		};
/* End XCConfigurationList section */
	};
	rootObject = D623B1D61E1D32D700527F3D /* Project object */;
}
