{
  "originHash" : "1a2774f2b9a19abf85b7a496f11f0a878f46aa87c0360293fe1b0648a5c233b1",
  "pins" : [
    {
      "identity" : "pageboy",
      "kind" : "remoteSourceControl",
      "location" : "https://github.com/uias/Pageboy",
      "state" : {
        "revision" : "293e7860ac0eafabd7301cad5fe69bdabde56102",
        "version" : "5.0.2"
      }
    }
  ],
  "version" : 3
}
