{
  "object": {
    "pins": [
      {
        "package": "Pageboy",
        "repositoryURL": "https://github.com/uias/Pageboy",
        "state": {
          "branch": null,
          "revision": "cd9f976a7d92f4fb56965c15da65b4c1b35b2460",
          "version": "4.1.0"
        }
      }
    ]
  },
  "version": 1
}
