PODS:
  - Pageboy (0.4.12)
  - PureLayout (3.0.2)

DEPENDENCIES:
  - Pageboy (~> 0.4.0)
  - PureLayout (~> 3.0.0)

SPEC CHECKSUMS:
  Pageboy: 4a0a478d78cf5b31a5439828bc8f6519edf4e508
  PureLayout: 4d550abe49a94f24c2808b9b95db9131685fe4cd

PODFILE CHECKSUM: 994920f5c7f362a30b31a8faaa230fa3db37e92c

COCOAPODS: 1.2.1.beta.1
