// !$*UTF8*$!
{
	archiveVersion = 1;
	classes = {
	};
	objectVersion = 54;
	objects = {

/* Begin PBXBuildFile section */
		425FFEAC22B7838A00B01B56 /* UIView+LayoutGuide.swift in Sources */ = {isa = PBXBuildFile; fileRef = 425FFEAB22B7838A00B01B56 /* UIView+LayoutGuide.swift */; };
		461196EC222004EF0033FE04 /* TMBadgeView.swift in Sources */ = {isa = PBXBuildFile; fileRef = 461196EB222004EF0033FE04 /* TMBadgeView.swift */; };
		4611970E2221B7E70033FE04 /* UIViewController+Tabman.swift in Sources */ = {isa = PBXBuildFile; fileRef = 4611970D2221B7E70033FE04 /* UIViewController+Tabman.swift */; };
		4612BCF220C88D24001A37B5 /* TMBar+Templates.swift in Sources */ = {isa = PBXBuildFile; fileRef = 4612BCF120C88D24001A37B5 /* TMBar+Templates.swift */; };
		4612BD1120C9B851001A37B5 /* BarMath.swift in Sources */ = {isa = PBXBuildFile; fileRef = 4612BD1020C9B851001A37B5 /* BarMath.swift */; };
		4613CBF2214187EE000E6766 /* CGRect+Interpolation.swift in Sources */ = {isa = PBXBuildFile; fileRef = 4613CBF1214187EE000E6766 /* CGRect+Interpolation.swift */; };
		4613CBF421418804000E6766 /* UIColor+Interpolation.swift in Sources */ = {isa = PBXBuildFile; fileRef = 4613CBF321418804000E6766 /* UIColor+Interpolation.swift */; };
		4613CBF821418839000E6766 /* WeakContainer.swift in Sources */ = {isa = PBXBuildFile; fileRef = 4613CBF621418839000E6766 /* WeakContainer.swift */; };
		46196A4E2179C7BB00B51D0F /* TMBarItem.swift in Sources */ = {isa = PBXBuildFile; fileRef = 46196A4D2179C7BB00B51D0F /* TMBarItem.swift */; };
		46196A502179C7C800B51D0F /* UIKit+TMBarItemable.swift in Sources */ = {isa = PBXBuildFile; fileRef = 46196A4F2179C7C800B51D0F /* UIKit+TMBarItemable.swift */; };
		462203432191EB9B008CD536 /* TMBlockBarIndicator.swift in Sources */ = {isa = PBXBuildFile; fileRef = 462203422191EB9B008CD536 /* TMBlockBarIndicator.swift */; };
		4628609A213EDB63009C707F /* TMBarViewFocusRect.swift in Sources */ = {isa = PBXBuildFile; fileRef = 46286099213EDB63009C707F /* TMBarViewFocusRect.swift */; };
		462941EB2111EB7C00345B52 /* TMBarView.swift in Sources */ = {isa = PBXBuildFile; fileRef = 462941E42111EB7C00345B52 /* TMBarView.swift */; };
		462941F52112012300345B52 /* TMBarViewContentInsetGuides.swift in Sources */ = {isa = PBXBuildFile; fileRef = 462941F42112012300345B52 /* TMBarViewContentInsetGuides.swift */; };
		4629F0E721825F21001919F2 /* GestureScrollView.swift in Sources */ = {isa = PBXBuildFile; fileRef = 4629F0E621825F21001919F2 /* GestureScrollView.swift */; };
		462AB98C2246B1F70041DE3A /* ViewTitleViewContainer.swift in Sources */ = {isa = PBXBuildFile; fileRef = 462AB98B2246B1F70041DE3A /* ViewTitleViewContainer.swift */; };
		462F7F31217387E50036080C /* TMBarViewScrollHandler.swift in Sources */ = {isa = PBXBuildFile; fileRef = 462F7F30217387E50036080C /* TMBarViewScrollHandler.swift */; };
		462F7F3421739D5A0036080C /* TMSystemBar.swift in Sources */ = {isa = PBXBuildFile; fileRef = 462F7F3321739D5A0036080C /* TMSystemBar.swift */; };
		46324A78213A99250059D469 /* MockBarView.swift in Sources */ = {isa = PBXBuildFile; fileRef = 46324A77213A99250059D469 /* MockBarView.swift */; };
		46324A7A213A99860059D469 /* TabmanViewControllerTests.swift in Sources */ = {isa = PBXBuildFile; fileRef = 46324A79213A99860059D469 /* TabmanViewControllerTests.swift */; };
		46324A7C213A99E30059D469 /* MockBarDataSource.swift in Sources */ = {isa = PBXBuildFile; fileRef = 46324A7B213A99E30059D469 /* MockBarDataSource.swift */; };
		46324A7E213A9C700059D469 /* MockTabmanViewController.swift in Sources */ = {isa = PBXBuildFile; fileRef = 46324A7D213A9C700059D469 /* MockTabmanViewController.swift */; };
		463EA0972275D20A0068A86C /* TMHorizontalBarLayout+Separator.swift in Sources */ = {isa = PBXBuildFile; fileRef = 463EA0962275D20A0068A86C /* TMHorizontalBarLayout+Separator.swift */; };
		464264DD217E12680001C4AF /* PageboyViewController+RelativeCurrentPosition.swift in Sources */ = {isa = PBXBuildFile; fileRef = 464264DC217E12680001C4AF /* PageboyViewController+RelativeCurrentPosition.swift */; };
		464264DF217E12A20001C4AF /* TabmanViewController+Insets.swift in Sources */ = {isa = PBXBuildFile; fileRef = 464264DE217E12A20001C4AF /* TabmanViewController+Insets.swift */; };
		464E9095218857490096308E /* TMAnimation.swift in Sources */ = {isa = PBXBuildFile; fileRef = 464E9094218857490096308E /* TMAnimation.swift */; };
		464E90972188724D0096308E /* TMBarViewUpdateHandler.swift in Sources */ = {isa = PBXBuildFile; fileRef = 464E90962188724D0096308E /* TMBarViewUpdateHandler.swift */; };
		464E90992188853F0096308E /* TMTransition.swift in Sources */ = {isa = PBXBuildFile; fileRef = 464E90982188853F0096308E /* TMTransition.swift */; };
		465F976E2529C375003A5AEE /* Pageboy in Frameworks */ = {isa = PBXBuildFile; productRef = 465F976D2529C375003A5AEE /* Pageboy */; };
		4670EC7623BE09B6006FEC9B /* InsetExecutor.swift in Sources */ = {isa = PBXBuildFile; fileRef = 4670EC6723BE09B6006FEC9B /* InsetExecutor.swift */; };
		4670EC7723BE09B6006FEC9B /* AutoInsetter.swift in Sources */ = {isa = PBXBuildFile; fileRef = 4670EC6823BE09B6006FEC9B /* AutoInsetter.swift */; };
		4670EC7823BE09B6006FEC9B /* DefaultInsetStore.swift in Sources */ = {isa = PBXBuildFile; fileRef = 4670EC6A23BE09B6006FEC9B /* DefaultInsetStore.swift */; };
		4670EC7923BE09B6006FEC9B /* InsetStore.swift in Sources */ = {isa = PBXBuildFile; fileRef = 4670EC6B23BE09B6006FEC9B /* InsetStore.swift */; };
		4670EC7B23BE09B6006FEC9B /* UIViewController+ScrollViewDetection.swift in Sources */ = {isa = PBXBuildFile; fileRef = 4670EC6E23BE09B6006FEC9B /* UIViewController+ScrollViewDetection.swift */; };
		4670EC7C23BE09B6006FEC9B /* TableViewInsetCalculator.swift in Sources */ = {isa = PBXBuildFile; fileRef = 4670EC7023BE09B6006FEC9B /* TableViewInsetCalculator.swift */; };
		4670EC7D23BE09B6006FEC9B /* ScrollViewInsetCalculator.swift in Sources */ = {isa = PBXBuildFile; fileRef = 4670EC7123BE09B6006FEC9B /* ScrollViewInsetCalculator.swift */; };
		4670EC7E23BE09B6006FEC9B /* CollectionViewInsetCalculator.swift in Sources */ = {isa = PBXBuildFile; fileRef = 4670EC7223BE09B6006FEC9B /* CollectionViewInsetCalculator.swift */; };
		4670EC7F23BE09B6006FEC9B /* InsetCalculator.swift in Sources */ = {isa = PBXBuildFile; fileRef = 4670EC7323BE09B6006FEC9B /* InsetCalculator.swift */; };
		4670EC8023BE09B6006FEC9B /* InsetCalculations.swift in Sources */ = {isa = PBXBuildFile; fileRef = 4670EC7423BE09B6006FEC9B /* InsetCalculations.swift */; };
		4670EC8123BE09B6006FEC9B /* AutoInsetSpec.swift in Sources */ = {isa = PBXBuildFile; fileRef = 4670EC7523BE09B6006FEC9B /* AutoInsetSpec.swift */; };
		4670EC8323BE1182006FEC9B /* PageboyNavigationDirection+Tabman.swift in Sources */ = {isa = PBXBuildFile; fileRef = 4670EC8223BE1182006FEC9B /* PageboyNavigationDirection+Tabman.swift */; };
		467E1B7E21C2B441000BB77D /* TMHidingBar.swift in Sources */ = {isa = PBXBuildFile; fileRef = 467E1B7D21C2B441000BB77D /* TMHidingBar.swift */; };
		46A9D28A213C145D001D9A70 /* TMBarIndicatorContainer.swift in Sources */ = {isa = PBXBuildFile; fileRef = 46A9D289213C145D001D9A70 /* TMBarIndicatorContainer.swift */; };
		46A9D28C213C3005001D9A70 /* TMBarViewLayoutGrid.swift in Sources */ = {isa = PBXBuildFile; fileRef = 46A9D28B213C3005001D9A70 /* TMBarViewLayoutGrid.swift */; };
		46B244EA21C8399900B4D26A /* TMHidingBar+Triggers.swift in Sources */ = {isa = PBXBuildFile; fileRef = 46B244E921C8399900B4D26A /* TMHidingBar+Triggers.swift */; };
		46B7FDFB20BC537000E9BB7E /* TMBar.swift in Sources */ = {isa = PBXBuildFile; fileRef = 46B7FDFA20BC537000E9BB7E /* TMBar.swift */; };
		46CCBAD52174BDF600C370E1 /* TMTabItemBarButton.swift in Sources */ = {isa = PBXBuildFile; fileRef = 46CCBAD22174BDF600C370E1 /* TMTabItemBarButton.swift */; };
		46CCBAD62174BDF600C370E1 /* TMLabelBarButton.swift in Sources */ = {isa = PBXBuildFile; fileRef = 46CCBAD32174BDF600C370E1 /* TMLabelBarButton.swift */; };
		46CCBAD72174BDF600C370E1 /* TMBarButton+None.swift in Sources */ = {isa = PBXBuildFile; fileRef = 46CCBAD42174BDF600C370E1 /* TMBarButton+None.swift */; };
		46CCBADC2174BE0900C370E1 /* TMHorizontalBarLayout.swift in Sources */ = {isa = PBXBuildFile; fileRef = 46CCBAD92174BE0900C370E1 /* TMHorizontalBarLayout.swift */; };
		46CCBADD2174BE0900C370E1 /* TMBarLayout+None.swift in Sources */ = {isa = PBXBuildFile; fileRef = 46CCBADA2174BE0900C370E1 /* TMBarLayout+None.swift */; };
		46CCBADE2174BE0900C370E1 /* TMConstrainedHorizontalBarLayout.swift in Sources */ = {isa = PBXBuildFile; fileRef = 46CCBADB2174BE0900C370E1 /* TMConstrainedHorizontalBarLayout.swift */; };
		46CCBAE22174BE1900C370E1 /* TMBarIndicator+None.swift in Sources */ = {isa = PBXBuildFile; fileRef = 46CCBAE02174BE1900C370E1 /* TMBarIndicator+None.swift */; };
		46CCBAE32174BE1900C370E1 /* TMLineBarIndicator.swift in Sources */ = {isa = PBXBuildFile; fileRef = 46CCBAE12174BE1900C370E1 /* TMLineBarIndicator.swift */; };
		46D8775B218B62E700C83076 /* TMChevronBarIndicator.swift in Sources */ = {isa = PBXBuildFile; fileRef = 46D8775A218B62E700C83076 /* TMChevronBarIndicator.swift */; };
		46DC3F0B2113006C0085FF37 /* TMBarViewFocusProvider.swift in Sources */ = {isa = PBXBuildFile; fileRef = 46DC3F0A2113006C0085FF37 /* TMBarViewFocusProvider.swift */; };
		46E598EF2168FD3200D8A138 /* TMBarBackgroundView.swift in Sources */ = {isa = PBXBuildFile; fileRef = 46E598EE2168FD3100D8A138 /* TMBarBackgroundView.swift */; };
		46E96320211B3A01004C7468 /* TMBarLayout.swift in Sources */ = {isa = PBXBuildFile; fileRef = 46E9630F211B3A01004C7468 /* TMBarLayout.swift */; };
		46E96321211B3A01004C7468 /* TMBarButton.swift in Sources */ = {isa = PBXBuildFile; fileRef = 46E96311211B3A01004C7468 /* TMBarButton.swift */; };
		46E96322211B3A01004C7468 /* TMBarButtonController.swift in Sources */ = {isa = PBXBuildFile; fileRef = 46E96312211B3A01004C7468 /* TMBarButtonController.swift */; };
		46E96325211B3A01004C7468 /* TMBarButtonStateController.swift in Sources */ = {isa = PBXBuildFile; fileRef = 46E96316211B3A01004C7468 /* TMBarButtonStateController.swift */; };
		46E96326211B3A01004C7468 /* TMBarButtonInteractionController.swift in Sources */ = {isa = PBXBuildFile; fileRef = 46E96317211B3A01004C7468 /* TMBarButtonInteractionController.swift */; };
		46E96327211B3A01004C7468 /* TMBarButtonCollection.swift in Sources */ = {isa = PBXBuildFile; fileRef = 46E96318211B3A01004C7468 /* TMBarButtonCollection.swift */; };
		46E96328211B3A01004C7468 /* TMBarIndicatorLayoutHandler.swift in Sources */ = {isa = PBXBuildFile; fileRef = 46E9631A211B3A01004C7468 /* TMBarIndicatorLayoutHandler.swift */; };
		46E96329211B3A01004C7468 /* TMBarIndicator.swift in Sources */ = {isa = PBXBuildFile; fileRef = 46E9631B211B3A01004C7468 /* TMBarIndicator.swift */; };
		46E9632E211B3BFB004C7468 /* TMBarLayoutInsetGuides.swift in Sources */ = {isa = PBXBuildFile; fileRef = 46E9632D211B3BFB004C7468 /* TMBarLayoutInsetGuides.swift */; };
		46E96336211B4B06004C7468 /* EdgeFadedView.swift in Sources */ = {isa = PBXBuildFile; fileRef = 46E96335211B4B06004C7468 /* EdgeFadedView.swift */; };
		46E96339211B7F03004C7468 /* TMBarLayoutParent.swift in Sources */ = {isa = PBXBuildFile; fileRef = 46E96338211B7F03004C7468 /* TMBarLayoutParent.swift */; };
		46EA239C2195DB660004E0AC /* AnimateableLabel.swift in Sources */ = {isa = PBXBuildFile; fileRef = 46EA239B2195DB660004E0AC /* AnimateableLabel.swift */; };
		46F608872193231500E2BD14 /* TMDotBarIndicator.swift in Sources */ = {isa = PBXBuildFile; fileRef = 46F608862193231500E2BD14 /* TMDotBarIndicator.swift */; };
		D62AC0BC1E5733810020B8AE /* Tabman.framework in Frameworks */ = {isa = PBXBuildFile; fileRef = D62AC0B21E5733810020B8AE /* Tabman.framework */; };
		D62AC0C31E5733810020B8AE /* Tabman.h in Headers */ = {isa = PBXBuildFile; fileRef = D62AC0B51E5733810020B8AE /* Tabman.h */; settings = {ATTRIBUTES = (Public, ); }; };
		D62AC0F51E5733FE0020B8AE /* TabmanViewController.swift in Sources */ = {isa = PBXBuildFile; fileRef = D62AC0F41E5733FE0020B8AE /* TabmanViewController.swift */; };
/* End PBXBuildFile section */

/* Begin PBXContainerItemProxy section */
		D62AC0BD1E5733810020B8AE /* PBXContainerItemProxy */ = {
			isa = PBXContainerItemProxy;
			containerPortal = D62AC0A91E5733810020B8AE /* Project object */;
			proxyType = 1;
			remoteGlobalIDString = D62AC0B11E5733810020B8AE;
			remoteInfo = Tabman;
		};
/* End PBXContainerItemProxy section */

/* Begin PBXFileReference section */
		425FFEAB22B7838A00B01B56 /* UIView+LayoutGuide.swift */ = {isa = PBXFileReference; lastKnownFileType = sourcecode.swift; path = "UIView+LayoutGuide.swift"; sourceTree = "<group>"; };
		461196EB222004EF0033FE04 /* TMBadgeView.swift */ = {isa = PBXFileReference; lastKnownFileType = sourcecode.swift; path = TMBadgeView.swift; sourceTree = "<group>"; };
		4611970D2221B7E70033FE04 /* UIViewController+Tabman.swift */ = {isa = PBXFileReference; lastKnownFileType = sourcecode.swift; path = "UIViewController+Tabman.swift"; sourceTree = "<group>"; };
		4612BCF120C88D24001A37B5 /* TMBar+Templates.swift */ = {isa = PBXFileReference; lastKnownFileType = sourcecode.swift; path = "TMBar+Templates.swift"; sourceTree = "<group>"; };
		4612BD1020C9B851001A37B5 /* BarMath.swift */ = {isa = PBXFileReference; lastKnownFileType = sourcecode.swift; path = BarMath.swift; sourceTree = "<group>"; };
		4613CBF1214187EE000E6766 /* CGRect+Interpolation.swift */ = {isa = PBXFileReference; fileEncoding = 4; lastKnownFileType = sourcecode.swift; path = "CGRect+Interpolation.swift"; sourceTree = "<group>"; };
		4613CBF321418804000E6766 /* UIColor+Interpolation.swift */ = {isa = PBXFileReference; fileEncoding = 4; lastKnownFileType = sourcecode.swift; path = "UIColor+Interpolation.swift"; sourceTree = "<group>"; };
		4613CBF621418839000E6766 /* WeakContainer.swift */ = {isa = PBXFileReference; fileEncoding = 4; lastKnownFileType = sourcecode.swift; path = WeakContainer.swift; sourceTree = "<group>"; };
		46196A4D2179C7BB00B51D0F /* TMBarItem.swift */ = {isa = PBXFileReference; fileEncoding = 4; lastKnownFileType = sourcecode.swift; path = TMBarItem.swift; sourceTree = "<group>"; };
		46196A4F2179C7C800B51D0F /* UIKit+TMBarItemable.swift */ = {isa = PBXFileReference; lastKnownFileType = sourcecode.swift; path = "UIKit+TMBarItemable.swift"; sourceTree = "<group>"; };
		462203422191EB9B008CD536 /* TMBlockBarIndicator.swift */ = {isa = PBXFileReference; lastKnownFileType = sourcecode.swift; path = TMBlockBarIndicator.swift; sourceTree = "<group>"; };
		46286099213EDB63009C707F /* TMBarViewFocusRect.swift */ = {isa = PBXFileReference; lastKnownFileType = sourcecode.swift; path = TMBarViewFocusRect.swift; sourceTree = "<group>"; };
		462941E42111EB7C00345B52 /* TMBarView.swift */ = {isa = PBXFileReference; fileEncoding = 4; lastKnownFileType = sourcecode.swift; path = TMBarView.swift; sourceTree = "<group>"; };
		462941F42112012300345B52 /* TMBarViewContentInsetGuides.swift */ = {isa = PBXFileReference; fileEncoding = 4; lastKnownFileType = sourcecode.swift; path = TMBarViewContentInsetGuides.swift; sourceTree = "<group>"; };
		4629F0E621825F21001919F2 /* GestureScrollView.swift */ = {isa = PBXFileReference; lastKnownFileType = sourcecode.swift; path = GestureScrollView.swift; sourceTree = "<group>"; };
		462AB98B2246B1F70041DE3A /* ViewTitleViewContainer.swift */ = {isa = PBXFileReference; lastKnownFileType = sourcecode.swift; path = ViewTitleViewContainer.swift; sourceTree = "<group>"; };
		462F7F30217387E50036080C /* TMBarViewScrollHandler.swift */ = {isa = PBXFileReference; lastKnownFileType = sourcecode.swift; path = TMBarViewScrollHandler.swift; sourceTree = "<group>"; };
		462F7F3321739D5A0036080C /* TMSystemBar.swift */ = {isa = PBXFileReference; fileEncoding = 4; lastKnownFileType = sourcecode.swift; path = TMSystemBar.swift; sourceTree = "<group>"; };
		462F85DA201B33AE00C3D4D4 /* AutoInsetter.framework */ = {isa = PBXFileReference; lastKnownFileType = wrapper.framework; name = AutoInsetter.framework; path = ../Carthage/Build/iOS/AutoInsetter.framework; sourceTree = "<group>"; };
		46324A77213A99250059D469 /* MockBarView.swift */ = {isa = PBXFileReference; lastKnownFileType = sourcecode.swift; path = MockBarView.swift; sourceTree = "<group>"; };
		46324A79213A99860059D469 /* TabmanViewControllerTests.swift */ = {isa = PBXFileReference; lastKnownFileType = sourcecode.swift; path = TabmanViewControllerTests.swift; sourceTree = "<group>"; };
		46324A7B213A99E30059D469 /* MockBarDataSource.swift */ = {isa = PBXFileReference; lastKnownFileType = sourcecode.swift; path = MockBarDataSource.swift; sourceTree = "<group>"; };
		46324A7D213A9C700059D469 /* MockTabmanViewController.swift */ = {isa = PBXFileReference; lastKnownFileType = sourcecode.swift; path = MockTabmanViewController.swift; sourceTree = "<group>"; };
		463EA0962275D20A0068A86C /* TMHorizontalBarLayout+Separator.swift */ = {isa = PBXFileReference; lastKnownFileType = sourcecode.swift; path = "TMHorizontalBarLayout+Separator.swift"; sourceTree = "<group>"; };
		464264DC217E12680001C4AF /* PageboyViewController+RelativeCurrentPosition.swift */ = {isa = PBXFileReference; lastKnownFileType = sourcecode.swift; path = "PageboyViewController+RelativeCurrentPosition.swift"; sourceTree = "<group>"; };
		464264DE217E12A20001C4AF /* TabmanViewController+Insets.swift */ = {isa = PBXFileReference; fileEncoding = 4; lastKnownFileType = sourcecode.swift; path = "TabmanViewController+Insets.swift"; sourceTree = "<group>"; };
		464E9094218857490096308E /* TMAnimation.swift */ = {isa = PBXFileReference; lastKnownFileType = sourcecode.swift; path = TMAnimation.swift; sourceTree = "<group>"; };
		464E90962188724D0096308E /* TMBarViewUpdateHandler.swift */ = {isa = PBXFileReference; lastKnownFileType = sourcecode.swift; path = TMBarViewUpdateHandler.swift; sourceTree = "<group>"; };
		464E90982188853F0096308E /* TMTransition.swift */ = {isa = PBXFileReference; lastKnownFileType = sourcecode.swift; path = TMTransition.swift; sourceTree = "<group>"; };
		4670EC6723BE09B6006FEC9B /* InsetExecutor.swift */ = {isa = PBXFileReference; fileEncoding = 4; lastKnownFileType = sourcecode.swift; path = InsetExecutor.swift; sourceTree = "<group>"; };
		4670EC6823BE09B6006FEC9B /* AutoInsetter.swift */ = {isa = PBXFileReference; fileEncoding = 4; lastKnownFileType = sourcecode.swift; path = AutoInsetter.swift; sourceTree = "<group>"; };
		4670EC6A23BE09B6006FEC9B /* DefaultInsetStore.swift */ = {isa = PBXFileReference; fileEncoding = 4; lastKnownFileType = sourcecode.swift; path = DefaultInsetStore.swift; sourceTree = "<group>"; };
		4670EC6B23BE09B6006FEC9B /* InsetStore.swift */ = {isa = PBXFileReference; fileEncoding = 4; lastKnownFileType = sourcecode.swift; path = InsetStore.swift; sourceTree = "<group>"; };
		4670EC6E23BE09B6006FEC9B /* UIViewController+ScrollViewDetection.swift */ = {isa = PBXFileReference; fileEncoding = 4; lastKnownFileType = sourcecode.swift; name = "UIViewController+ScrollViewDetection.swift"; path = "../AutoInsetter/Utilities/UIViewController+ScrollViewDetection.swift"; sourceTree = "<group>"; };
		4670EC7023BE09B6006FEC9B /* TableViewInsetCalculator.swift */ = {isa = PBXFileReference; fileEncoding = 4; lastKnownFileType = sourcecode.swift; path = TableViewInsetCalculator.swift; sourceTree = "<group>"; };
		4670EC7123BE09B6006FEC9B /* ScrollViewInsetCalculator.swift */ = {isa = PBXFileReference; fileEncoding = 4; lastKnownFileType = sourcecode.swift; path = ScrollViewInsetCalculator.swift; sourceTree = "<group>"; };
		4670EC7223BE09B6006FEC9B /* CollectionViewInsetCalculator.swift */ = {isa = PBXFileReference; fileEncoding = 4; lastKnownFileType = sourcecode.swift; path = CollectionViewInsetCalculator.swift; sourceTree = "<group>"; };
		4670EC7323BE09B6006FEC9B /* InsetCalculator.swift */ = {isa = PBXFileReference; fileEncoding = 4; lastKnownFileType = sourcecode.swift; path = InsetCalculator.swift; sourceTree = "<group>"; };
		4670EC7423BE09B6006FEC9B /* InsetCalculations.swift */ = {isa = PBXFileReference; fileEncoding = 4; lastKnownFileType = sourcecode.swift; path = InsetCalculations.swift; sourceTree = "<group>"; };
		4670EC7523BE09B6006FEC9B /* AutoInsetSpec.swift */ = {isa = PBXFileReference; fileEncoding = 4; lastKnownFileType = sourcecode.swift; path = AutoInsetSpec.swift; sourceTree = "<group>"; };
		4670EC8223BE1182006FEC9B /* PageboyNavigationDirection+Tabman.swift */ = {isa = PBXFileReference; lastKnownFileType = sourcecode.swift; path = "PageboyNavigationDirection+Tabman.swift"; sourceTree = "<group>"; };
		467E1B7D21C2B441000BB77D /* TMHidingBar.swift */ = {isa = PBXFileReference; lastKnownFileType = sourcecode.swift; path = TMHidingBar.swift; sourceTree = "<group>"; };
		46A9D289213C145D001D9A70 /* TMBarIndicatorContainer.swift */ = {isa = PBXFileReference; lastKnownFileType = sourcecode.swift; path = TMBarIndicatorContainer.swift; sourceTree = "<group>"; };
		46A9D28B213C3005001D9A70 /* TMBarViewLayoutGrid.swift */ = {isa = PBXFileReference; lastKnownFileType = sourcecode.swift; path = TMBarViewLayoutGrid.swift; sourceTree = "<group>"; };
		46B244E921C8399900B4D26A /* TMHidingBar+Triggers.swift */ = {isa = PBXFileReference; lastKnownFileType = sourcecode.swift; path = "TMHidingBar+Triggers.swift"; sourceTree = "<group>"; };
		46B4874E2529C4BC007CCFF2 /* Tabman.xcconfig */ = {isa = PBXFileReference; lastKnownFileType = text.xcconfig; name = Tabman.xcconfig; path = ../Tabman.xcconfig; sourceTree = "<group>"; };
		46B7FDFA20BC537000E9BB7E /* TMBar.swift */ = {isa = PBXFileReference; lastKnownFileType = sourcecode.swift; path = TMBar.swift; sourceTree = "<group>"; };
		46CCBAD22174BDF600C370E1 /* TMTabItemBarButton.swift */ = {isa = PBXFileReference; fileEncoding = 4; lastKnownFileType = sourcecode.swift; path = TMTabItemBarButton.swift; sourceTree = "<group>"; };
		46CCBAD32174BDF600C370E1 /* TMLabelBarButton.swift */ = {isa = PBXFileReference; fileEncoding = 4; lastKnownFileType = sourcecode.swift; path = TMLabelBarButton.swift; sourceTree = "<group>"; };
		46CCBAD42174BDF600C370E1 /* TMBarButton+None.swift */ = {isa = PBXFileReference; fileEncoding = 4; lastKnownFileType = sourcecode.swift; path = "TMBarButton+None.swift"; sourceTree = "<group>"; };
		46CCBAD92174BE0900C370E1 /* TMHorizontalBarLayout.swift */ = {isa = PBXFileReference; fileEncoding = 4; lastKnownFileType = sourcecode.swift; path = TMHorizontalBarLayout.swift; sourceTree = "<group>"; };
		46CCBADA2174BE0900C370E1 /* TMBarLayout+None.swift */ = {isa = PBXFileReference; fileEncoding = 4; lastKnownFileType = sourcecode.swift; path = "TMBarLayout+None.swift"; sourceTree = "<group>"; };
		46CCBADB2174BE0900C370E1 /* TMConstrainedHorizontalBarLayout.swift */ = {isa = PBXFileReference; fileEncoding = 4; lastKnownFileType = sourcecode.swift; path = TMConstrainedHorizontalBarLayout.swift; sourceTree = "<group>"; };
		46CCBAE02174BE1900C370E1 /* TMBarIndicator+None.swift */ = {isa = PBXFileReference; fileEncoding = 4; lastKnownFileType = sourcecode.swift; path = "TMBarIndicator+None.swift"; sourceTree = "<group>"; };
		46CCBAE12174BE1900C370E1 /* TMLineBarIndicator.swift */ = {isa = PBXFileReference; fileEncoding = 4; lastKnownFileType = sourcecode.swift; path = TMLineBarIndicator.swift; sourceTree = "<group>"; };
		46D8775A218B62E700C83076 /* TMChevronBarIndicator.swift */ = {isa = PBXFileReference; lastKnownFileType = sourcecode.swift; path = TMChevronBarIndicator.swift; sourceTree = "<group>"; };
		46DC3F0A2113006C0085FF37 /* TMBarViewFocusProvider.swift */ = {isa = PBXFileReference; fileEncoding = 4; lastKnownFileType = sourcecode.swift; path = TMBarViewFocusProvider.swift; sourceTree = "<group>"; };
		46E598EE2168FD3100D8A138 /* TMBarBackgroundView.swift */ = {isa = PBXFileReference; fileEncoding = 4; lastKnownFileType = sourcecode.swift; path = TMBarBackgroundView.swift; sourceTree = "<group>"; };
		46E9630F211B3A01004C7468 /* TMBarLayout.swift */ = {isa = PBXFileReference; fileEncoding = 4; lastKnownFileType = sourcecode.swift; path = TMBarLayout.swift; sourceTree = "<group>"; };
		46E96311211B3A01004C7468 /* TMBarButton.swift */ = {isa = PBXFileReference; fileEncoding = 4; lastKnownFileType = sourcecode.swift; path = TMBarButton.swift; sourceTree = "<group>"; };
		46E96312211B3A01004C7468 /* TMBarButtonController.swift */ = {isa = PBXFileReference; fileEncoding = 4; lastKnownFileType = sourcecode.swift; path = TMBarButtonController.swift; sourceTree = "<group>"; };
		46E96316211B3A01004C7468 /* TMBarButtonStateController.swift */ = {isa = PBXFileReference; fileEncoding = 4; lastKnownFileType = sourcecode.swift; path = TMBarButtonStateController.swift; sourceTree = "<group>"; };
		46E96317211B3A01004C7468 /* TMBarButtonInteractionController.swift */ = {isa = PBXFileReference; fileEncoding = 4; lastKnownFileType = sourcecode.swift; path = TMBarButtonInteractionController.swift; sourceTree = "<group>"; };
		46E96318211B3A01004C7468 /* TMBarButtonCollection.swift */ = {isa = PBXFileReference; fileEncoding = 4; lastKnownFileType = sourcecode.swift; path = TMBarButtonCollection.swift; sourceTree = "<group>"; };
		46E9631A211B3A01004C7468 /* TMBarIndicatorLayoutHandler.swift */ = {isa = PBXFileReference; fileEncoding = 4; lastKnownFileType = sourcecode.swift; path = TMBarIndicatorLayoutHandler.swift; sourceTree = "<group>"; };
		46E9631B211B3A01004C7468 /* TMBarIndicator.swift */ = {isa = PBXFileReference; fileEncoding = 4; lastKnownFileType = sourcecode.swift; path = TMBarIndicator.swift; sourceTree = "<group>"; };
		46E9632D211B3BFB004C7468 /* TMBarLayoutInsetGuides.swift */ = {isa = PBXFileReference; lastKnownFileType = sourcecode.swift; path = TMBarLayoutInsetGuides.swift; sourceTree = "<group>"; };
		46E96335211B4B06004C7468 /* EdgeFadedView.swift */ = {isa = PBXFileReference; fileEncoding = 4; lastKnownFileType = sourcecode.swift; path = EdgeFadedView.swift; sourceTree = "<group>"; };
		46E96338211B7F03004C7468 /* TMBarLayoutParent.swift */ = {isa = PBXFileReference; lastKnownFileType = sourcecode.swift; path = TMBarLayoutParent.swift; sourceTree = "<group>"; };
		46EA239B2195DB660004E0AC /* AnimateableLabel.swift */ = {isa = PBXFileReference; lastKnownFileType = sourcecode.swift; path = AnimateableLabel.swift; sourceTree = "<group>"; };
		46F608862193231500E2BD14 /* TMDotBarIndicator.swift */ = {isa = PBXFileReference; lastKnownFileType = sourcecode.swift; path = TMDotBarIndicator.swift; sourceTree = "<group>"; };
		D62AC0B21E5733810020B8AE /* Tabman.framework */ = {isa = PBXFileReference; explicitFileType = wrapper.framework; includeInIndex = 0; path = Tabman.framework; sourceTree = BUILT_PRODUCTS_DIR; };
		D62AC0B51E5733810020B8AE /* Tabman.h */ = {isa = PBXFileReference; lastKnownFileType = sourcecode.c.h; path = Tabman.h; sourceTree = "<group>"; };
		D62AC0B61E5733810020B8AE /* Info.plist */ = {isa = PBXFileReference; lastKnownFileType = text.plist.xml; path = Info.plist; sourceTree = "<group>"; };
		D62AC0BB1E5733810020B8AE /* TabmanTests.xctest */ = {isa = PBXFileReference; explicitFileType = wrapper.cfbundle; includeInIndex = 0; path = TabmanTests.xctest; sourceTree = BUILT_PRODUCTS_DIR; };
		D62AC0C21E5733810020B8AE /* Info.plist */ = {isa = PBXFileReference; lastKnownFileType = text.plist.xml; path = Info.plist; sourceTree = "<group>"; };
		D62AC0F41E5733FE0020B8AE /* TabmanViewController.swift */ = {isa = PBXFileReference; fileEncoding = 4; lastKnownFileType = sourcecode.swift; path = TabmanViewController.swift; sourceTree = "<group>"; };
		D65F101C1EAEA2730090980C /* Pageboy.framework */ = {isa = PBXFileReference; lastKnownFileType = wrapper.framework; name = Pageboy.framework; path = ../Carthage/Build/iOS/Pageboy.framework; sourceTree = "<group>"; };
		E8529AE72BC1384200C96B7B /* PrivacyInfo.xcprivacy */ = {isa = PBXFileReference; lastKnownFileType = text.xml; path = PrivacyInfo.xcprivacy; sourceTree = "<group>"; };
/* End PBXFileReference section */

/* Begin PBXFrameworksBuildPhase section */
		D62AC0AE1E5733810020B8AE /* Frameworks */ = {
			isa = PBXFrameworksBuildPhase;
			buildActionMask = 2147483647;
			files = (
				465F976E2529C375003A5AEE /* Pageboy in Frameworks */,
			);
			runOnlyForDeploymentPostprocessing = 0;
		};
		D62AC0B81E5733810020B8AE /* Frameworks */ = {
			isa = PBXFrameworksBuildPhase;
			buildActionMask = 2147483647;
			files = (
				D62AC0BC1E5733810020B8AE /* Tabman.framework in Frameworks */,
			);
			runOnlyForDeploymentPostprocessing = 0;
		};
/* End PBXFrameworksBuildPhase section */

/* Begin PBXGroup section */
		461196EA222004E30033FE04 /* Badge */ = {
			isa = PBXGroup;
			children = (
				461196EB222004EF0033FE04 /* TMBadgeView.swift */,
			);
			path = Badge;
			sourceTree = "<group>";
		};
		4612BD0F20C9B7F5001A37B5 /* Utility */ = {
			isa = PBXGroup;
			children = (
				4613CBF621418839000E6766 /* WeakContainer.swift */,
				4612BD1020C9B851001A37B5 /* BarMath.swift */,
			);
			path = Utility;
			sourceTree = "<group>";
		};
		4613CBF0214187EE000E6766 /* Extensions */ = {
			isa = PBXGroup;
			children = (
				4613CBF1214187EE000E6766 /* CGRect+Interpolation.swift */,
				4613CBF321418804000E6766 /* UIColor+Interpolation.swift */,
			);
			path = Extensions;
			sourceTree = "<group>";
		};
		46196A4C2179C7BB00B51D0F /* BarItem */ = {
			isa = PBXGroup;
			children = (
				46196A4D2179C7BB00B51D0F /* TMBarItem.swift */,
				46196A4F2179C7C800B51D0F /* UIKit+TMBarItemable.swift */,
			);
			path = BarItem;
			sourceTree = "<group>";
		};
		462941D92111EB7C00345B52 /* BarView */ = {
			isa = PBXGroup;
			children = (
				462941E42111EB7C00345B52 /* TMBarView.swift */,
				46A9D28B213C3005001D9A70 /* TMBarViewLayoutGrid.swift */,
				462941F42112012300345B52 /* TMBarViewContentInsetGuides.swift */,
				46DC3F0A2113006C0085FF37 /* TMBarViewFocusProvider.swift */,
				46286099213EDB63009C707F /* TMBarViewFocusRect.swift */,
				464E90962188724D0096308E /* TMBarViewUpdateHandler.swift */,
				462F7F30217387E50036080C /* TMBarViewScrollHandler.swift */,
			);
			path = BarView;
			sourceTree = "<group>";
		};
		462F7F3221739D5A0036080C /* SystemBar */ = {
			isa = PBXGroup;
			children = (
				462F7F3321739D5A0036080C /* TMSystemBar.swift */,
			);
			path = SystemBar;
			sourceTree = "<group>";
		};
		46324A76213A98E50059D469 /* Bar */ = {
			isa = PBXGroup;
			children = (
				46324A77213A99250059D469 /* MockBarView.swift */,
				46324A7B213A99E30059D469 /* MockBarDataSource.swift */,
			);
			path = Bar;
			sourceTree = "<group>";
		};
		464264DB217E12570001C4AF /* Extensions */ = {
			isa = PBXGroup;
			children = (
				464264DC217E12680001C4AF /* PageboyViewController+RelativeCurrentPosition.swift */,
				4611970D2221B7E70033FE04 /* UIViewController+Tabman.swift */,
				425FFEAB22B7838A00B01B56 /* UIView+LayoutGuide.swift */,
				4670EC6E23BE09B6006FEC9B /* UIViewController+ScrollViewDetection.swift */,
				4670EC8223BE1182006FEC9B /* PageboyNavigationDirection+Tabman.swift */,
			);
			path = Extensions;
			sourceTree = "<group>";
		};
		4670EC6523BE0960006FEC9B /* AutoInsetter */ = {
			isa = PBXGroup;
			children = (
				4670EC7523BE09B6006FEC9B /* AutoInsetSpec.swift */,
				4670EC6823BE09B6006FEC9B /* AutoInsetter.swift */,
				4670EC6F23BE09B6006FEC9B /* InsetCalculator */,
				4670EC6623BE09B6006FEC9B /* InsetExecutor */,
				4670EC6923BE09B6006FEC9B /* InsetStore */,
			);
			path = AutoInsetter;
			sourceTree = "<group>";
		};
		4670EC6623BE09B6006FEC9B /* InsetExecutor */ = {
			isa = PBXGroup;
			children = (
				4670EC6723BE09B6006FEC9B /* InsetExecutor.swift */,
			);
			path = InsetExecutor;
			sourceTree = "<group>";
		};
		4670EC6923BE09B6006FEC9B /* InsetStore */ = {
			isa = PBXGroup;
			children = (
				4670EC6A23BE09B6006FEC9B /* DefaultInsetStore.swift */,
				4670EC6B23BE09B6006FEC9B /* InsetStore.swift */,
			);
			path = InsetStore;
			sourceTree = "<group>";
		};
		4670EC6F23BE09B6006FEC9B /* InsetCalculator */ = {
			isa = PBXGroup;
			children = (
				4670EC7023BE09B6006FEC9B /* TableViewInsetCalculator.swift */,
				4670EC7123BE09B6006FEC9B /* ScrollViewInsetCalculator.swift */,
				4670EC7223BE09B6006FEC9B /* CollectionViewInsetCalculator.swift */,
				4670EC7323BE09B6006FEC9B /* InsetCalculator.swift */,
				4670EC7423BE09B6006FEC9B /* InsetCalculations.swift */,
			);
			path = InsetCalculator;
			sourceTree = "<group>";
		};
		467E1B7B21C2B3FF000BB77D /* BarExtensions */ = {
			isa = PBXGroup;
			children = (
				467E1B7C21C2B422000BB77D /* AutoHidingBar */,
				462F7F3221739D5A0036080C /* SystemBar */,
			);
			path = BarExtensions;
			sourceTree = "<group>";
		};
		467E1B7C21C2B422000BB77D /* AutoHidingBar */ = {
			isa = PBXGroup;
			children = (
				467E1B7D21C2B441000BB77D /* TMHidingBar.swift */,
				46B244E921C8399900B4D26A /* TMHidingBar+Triggers.swift */,
			);
			path = AutoHidingBar;
			sourceTree = "<group>";
		};
		46B4874D2529C4B1007CCFF2 /* Config */ = {
			isa = PBXGroup;
			children = (
				46B4874E2529C4BC007CCFF2 /* Tabman.xcconfig */,
			);
			name = Config;
			sourceTree = "<group>";
		};
		46B7FDF920BC52D000E9BB7E /* Bar */ = {
			isa = PBXGroup;
			children = (
				46B7FDFA20BC537000E9BB7E /* TMBar.swift */,
				4612BCF120C88D24001A37B5 /* TMBar+Templates.swift */,
				464E9094218857490096308E /* TMAnimation.swift */,
				464E90982188853F0096308E /* TMTransition.swift */,
				46196A4C2179C7BB00B51D0F /* BarItem */,
				462941D92111EB7C00345B52 /* BarView */,
				46E96309211B3A01004C7468 /* BarLayout */,
				46E96310211B3A01004C7468 /* BarButton */,
				46E96319211B3A01004C7468 /* BarIndicator */,
				46E598ED2168FD3100D8A138 /* BarBackgroundView */,
				467E1B7B21C2B3FF000BB77D /* BarExtensions */,
				46E96334211B4AF6004C7468 /* Generic */,
				4612BD0F20C9B7F5001A37B5 /* Utility */,
				4613CBF0214187EE000E6766 /* Extensions */,
			);
			path = Bar;
			sourceTree = "<group>";
		};
		46CCBAD12174BDF600C370E1 /* Types */ = {
			isa = PBXGroup;
			children = (
				46CCBAD42174BDF600C370E1 /* TMBarButton+None.swift */,
				46CCBAD32174BDF600C370E1 /* TMLabelBarButton.swift */,
				46CCBAD22174BDF600C370E1 /* TMTabItemBarButton.swift */,
			);
			path = Types;
			sourceTree = "<group>";
		};
		46CCBAD82174BE0900C370E1 /* Types */ = {
			isa = PBXGroup;
			children = (
				46CCBADA2174BE0900C370E1 /* TMBarLayout+None.swift */,
				46CCBAD92174BE0900C370E1 /* TMHorizontalBarLayout.swift */,
				463EA0962275D20A0068A86C /* TMHorizontalBarLayout+Separator.swift */,
				46CCBADB2174BE0900C370E1 /* TMConstrainedHorizontalBarLayout.swift */,
			);
			path = Types;
			sourceTree = "<group>";
		};
		46CCBADF2174BE1900C370E1 /* Types */ = {
			isa = PBXGroup;
			children = (
				46CCBAE02174BE1900C370E1 /* TMBarIndicator+None.swift */,
				46CCBAE12174BE1900C370E1 /* TMLineBarIndicator.swift */,
				46D8775A218B62E700C83076 /* TMChevronBarIndicator.swift */,
				462203422191EB9B008CD536 /* TMBlockBarIndicator.swift */,
				46F608862193231500E2BD14 /* TMDotBarIndicator.swift */,
			);
			path = Types;
			sourceTree = "<group>";
		};
		46E598ED2168FD3100D8A138 /* BarBackgroundView */ = {
			isa = PBXGroup;
			children = (
				46E598EE2168FD3100D8A138 /* TMBarBackgroundView.swift */,
			);
			path = BarBackgroundView;
			sourceTree = "<group>";
		};
		46E96309211B3A01004C7468 /* BarLayout */ = {
			isa = PBXGroup;
			children = (
				46E9630F211B3A01004C7468 /* TMBarLayout.swift */,
				46E96338211B7F03004C7468 /* TMBarLayoutParent.swift */,
				46E9632D211B3BFB004C7468 /* TMBarLayoutInsetGuides.swift */,
				46CCBAD82174BE0900C370E1 /* Types */,
			);
			path = BarLayout;
			sourceTree = "<group>";
		};
		46E96310211B3A01004C7468 /* BarButton */ = {
			isa = PBXGroup;
			children = (
				46E96311211B3A01004C7468 /* TMBarButton.swift */,
				46E96312211B3A01004C7468 /* TMBarButtonController.swift */,
				46E96316211B3A01004C7468 /* TMBarButtonStateController.swift */,
				46E96317211B3A01004C7468 /* TMBarButtonInteractionController.swift */,
				46E96318211B3A01004C7468 /* TMBarButtonCollection.swift */,
				46CCBAD12174BDF600C370E1 /* Types */,
				461196EA222004E30033FE04 /* Badge */,
			);
			path = BarButton;
			sourceTree = "<group>";
		};
		46E96319211B3A01004C7468 /* BarIndicator */ = {
			isa = PBXGroup;
			children = (
				46E9631B211B3A01004C7468 /* TMBarIndicator.swift */,
				46A9D289213C145D001D9A70 /* TMBarIndicatorContainer.swift */,
				46E9631A211B3A01004C7468 /* TMBarIndicatorLayoutHandler.swift */,
				46CCBADF2174BE1900C370E1 /* Types */,
			);
			path = BarIndicator;
			sourceTree = "<group>";
		};
		46E96334211B4AF6004C7468 /* Generic */ = {
			isa = PBXGroup;
			children = (
				46E96335211B4B06004C7468 /* EdgeFadedView.swift */,
				4629F0E621825F21001919F2 /* GestureScrollView.swift */,
				46EA239B2195DB660004E0AC /* AnimateableLabel.swift */,
				462AB98B2246B1F70041DE3A /* ViewTitleViewContainer.swift */,
			);
			path = Generic;
			sourceTree = "<group>";
		};
		D62AC0A81E5733810020B8AE = {
			isa = PBXGroup;
			children = (
				D62AC0B41E5733810020B8AE /* Tabman */,
				D62AC0BF1E5733810020B8AE /* TabmanTests */,
				46B4874D2529C4B1007CCFF2 /* Config */,
				D62AC0B31E5733810020B8AE /* Products */,
				D62AC1531E5AF5500020B8AE /* Frameworks */,
			);
			sourceTree = "<group>";
		};
		D62AC0B31E5733810020B8AE /* Products */ = {
			isa = PBXGroup;
			children = (
				D62AC0B21E5733810020B8AE /* Tabman.framework */,
				D62AC0BB1E5733810020B8AE /* TabmanTests.xctest */,
			);
			name = Products;
			sourceTree = "<group>";
		};
		D62AC0B41E5733810020B8AE /* Tabman */ = {
			isa = PBXGroup;
			children = (
				D62AC0B51E5733810020B8AE /* Tabman.h */,
				E8529AE72BC1384200C96B7B /* PrivacyInfo.xcprivacy */,
				D62AC0F41E5733FE0020B8AE /* TabmanViewController.swift */,
				464264DE217E12A20001C4AF /* TabmanViewController+Insets.swift */,
				46B7FDF920BC52D000E9BB7E /* Bar */,
				4670EC6523BE0960006FEC9B /* AutoInsetter */,
				464264DB217E12570001C4AF /* Extensions */,
				D62AC0B61E5733810020B8AE /* Info.plist */,
			);
			path = Tabman;
			sourceTree = "<group>";
		};
		D62AC0BF1E5733810020B8AE /* TabmanTests */ = {
			isa = PBXGroup;
			children = (
				46324A79213A99860059D469 /* TabmanViewControllerTests.swift */,
				46324A7D213A9C700059D469 /* MockTabmanViewController.swift */,
				46324A76213A98E50059D469 /* Bar */,
				D62AC0C21E5733810020B8AE /* Info.plist */,
			);
			path = TabmanTests;
			sourceTree = "<group>";
		};
		D62AC1531E5AF5500020B8AE /* Frameworks */ = {
			isa = PBXGroup;
			children = (
				462F85DA201B33AE00C3D4D4 /* AutoInsetter.framework */,
				D65F101C1EAEA2730090980C /* Pageboy.framework */,
			);
			name = Frameworks;
			sourceTree = "<group>";
		};
/* End PBXGroup section */

/* Begin PBXHeadersBuildPhase section */
		D62AC0AF1E5733810020B8AE /* Headers */ = {
			isa = PBXHeadersBuildPhase;
			buildActionMask = 2147483647;
			files = (
				D62AC0C31E5733810020B8AE /* Tabman.h in Headers */,
			);
			runOnlyForDeploymentPostprocessing = 0;
		};
/* End PBXHeadersBuildPhase section */

/* Begin PBXNativeTarget section */
		D62AC0B11E5733810020B8AE /* Tabman */ = {
			isa = PBXNativeTarget;
			buildConfigurationList = D62AC0C61E5733810020B8AE /* Build configuration list for PBXNativeTarget "Tabman" */;
			buildPhases = (
				468AC2AC1FC85EC000B870EE /* Swift Lint */,
				D62AC0AD1E5733810020B8AE /* Sources */,
				D62AC0AE1E5733810020B8AE /* Frameworks */,
				D62AC0AF1E5733810020B8AE /* Headers */,
				D62AC0B01E5733810020B8AE /* Resources */,
			);
			buildRules = (
			);
			dependencies = (
			);
			name = Tabman;
			packageProductDependencies = (
				465F976D2529C375003A5AEE /* Pageboy */,
			);
			productName = Tabman;
			productReference = D62AC0B21E5733810020B8AE /* Tabman.framework */;
			productType = "com.apple.product-type.framework";
		};
		D62AC0BA1E5733810020B8AE /* TabmanTests */ = {
			isa = PBXNativeTarget;
			buildConfigurationList = D62AC0C91E5733810020B8AE /* Build configuration list for PBXNativeTarget "TabmanTests" */;
			buildPhases = (
				D62AC0B71E5733810020B8AE /* Sources */,
				D62AC0B81E5733810020B8AE /* Frameworks */,
				D62AC0B91E5733810020B8AE /* Resources */,
			);
			buildRules = (
			);
			dependencies = (
				D62AC0BE1E5733810020B8AE /* PBXTargetDependency */,
			);
			name = TabmanTests;
			productName = TabmanTests;
			productReference = D62AC0BB1E5733810020B8AE /* TabmanTests.xctest */;
			productType = "com.apple.product-type.bundle.unit-test";
		};
/* End PBXNativeTarget section */

/* Begin PBXProject section */
		D62AC0A91E5733810020B8AE /* Project object */ = {
			isa = PBXProject;
			attributes = {
				BuildIndependentTargetsInParallel = YES;
				LastSwiftUpdateCheck = 0820;
				LastUpgradeCheck = 1530;
				ORGANIZATIONNAME = "UI At Six";
				TargetAttributes = {
					D62AC0B11E5733810020B8AE = {
						CreatedOnToolsVersion = 8.2;
						LastSwiftMigration = 1020;
						ProvisioningStyle = Automatic;
					};
					D62AC0BA1E5733810020B8AE = {
						CreatedOnToolsVersion = 8.2;
						LastSwiftMigration = 1000;
						ProvisioningStyle = Automatic;
					};
				};
			};
			buildConfigurationList = D62AC0AC1E5733810020B8AE /* Build configuration list for PBXProject "Tabman" */;
			compatibilityVersion = "Xcode 8.0";
			developmentRegion = en;
			hasScannedForEncodings = 0;
			knownRegions = (
				en,
				Base,
			);
			mainGroup = D62AC0A81E5733810020B8AE;
			packageReferences = (
				465F976C2529C375003A5AEE /* XCRemoteSwiftPackageReference "Pageboy" */,
			);
			productRefGroup = D62AC0B31E5733810020B8AE /* Products */;
			projectDirPath = "";
			projectRoot = "";
			targets = (
				D62AC0B11E5733810020B8AE /* Tabman */,
				D62AC0BA1E5733810020B8AE /* TabmanTests */,
			);
		};
/* End PBXProject section */

/* Begin PBXResourcesBuildPhase section */
		D62AC0B01E5733810020B8AE /* Resources */ = {
			isa = PBXResourcesBuildPhase;
			buildActionMask = 2147483647;
			files = (
			);
			runOnlyForDeploymentPostprocessing = 0;
		};
		D62AC0B91E5733810020B8AE /* Resources */ = {
			isa = PBXResourcesBuildPhase;
			buildActionMask = 2147483647;
			files = (
			);
			runOnlyForDeploymentPostprocessing = 0;
		};
/* End PBXResourcesBuildPhase section */

/* Begin PBXShellScriptBuildPhase section */
		468AC2AC1FC85EC000B870EE /* Swift Lint */ = {
			isa = PBXShellScriptBuildPhase;
			alwaysOutOfDate = 1;
			buildActionMask = 2147483647;
			files = (
			);
			inputPaths = (
			);
			name = "Swift Lint";
			outputPaths = (
			);
			runOnlyForDeploymentPostprocessing = 0;
			shellPath = /bin/sh;
			shellScript = "if which swiftlint >/dev/null; then\n    swiftlint\nfi\n";
		};
/* End PBXShellScriptBuildPhase section */

/* Begin PBXSourcesBuildPhase section */
		D62AC0AD1E5733810020B8AE /* Sources */ = {
			isa = PBXSourcesBuildPhase;
			buildActionMask = 2147483647;
			files = (
				4670EC7623BE09B6006FEC9B /* InsetExecutor.swift in Sources */,
				46E9632E211B3BFB004C7468 /* TMBarLayoutInsetGuides.swift in Sources */,
				4670EC7E23BE09B6006FEC9B /* CollectionViewInsetCalculator.swift in Sources */,
				464E90972188724D0096308E /* TMBarViewUpdateHandler.swift in Sources */,
				462203432191EB9B008CD536 /* TMBlockBarIndicator.swift in Sources */,
				4670EC7D23BE09B6006FEC9B /* ScrollViewInsetCalculator.swift in Sources */,
				46EA239C2195DB660004E0AC /* AnimateableLabel.swift in Sources */,
				4670EC8123BE09B6006FEC9B /* AutoInsetSpec.swift in Sources */,
				46A9D28C213C3005001D9A70 /* TMBarViewLayoutGrid.swift in Sources */,
				4629F0E721825F21001919F2 /* GestureScrollView.swift in Sources */,
				464E90992188853F0096308E /* TMTransition.swift in Sources */,
				4670EC7823BE09B6006FEC9B /* DefaultInsetStore.swift in Sources */,
				4670EC7B23BE09B6006FEC9B /* UIViewController+ScrollViewDetection.swift in Sources */,
				462941F52112012300345B52 /* TMBarViewContentInsetGuides.swift in Sources */,
				46196A4E2179C7BB00B51D0F /* TMBarItem.swift in Sources */,
				4670EC7923BE09B6006FEC9B /* InsetStore.swift in Sources */,
				46E96322211B3A01004C7468 /* TMBarButtonController.swift in Sources */,
				46D8775B218B62E700C83076 /* TMChevronBarIndicator.swift in Sources */,
				463EA0972275D20A0068A86C /* TMHorizontalBarLayout+Separator.swift in Sources */,
				46E96327211B3A01004C7468 /* TMBarButtonCollection.swift in Sources */,
				46B7FDFB20BC537000E9BB7E /* TMBar.swift in Sources */,
				462AB98C2246B1F70041DE3A /* ViewTitleViewContainer.swift in Sources */,
				464E9095218857490096308E /* TMAnimation.swift in Sources */,
				4670EC8323BE1182006FEC9B /* PageboyNavigationDirection+Tabman.swift in Sources */,
				46E96320211B3A01004C7468 /* TMBarLayout.swift in Sources */,
				46DC3F0B2113006C0085FF37 /* TMBarViewFocusProvider.swift in Sources */,
				464264DD217E12680001C4AF /* PageboyViewController+RelativeCurrentPosition.swift in Sources */,
				46E96325211B3A01004C7468 /* TMBarButtonStateController.swift in Sources */,
				4670EC7C23BE09B6006FEC9B /* TableViewInsetCalculator.swift in Sources */,
				46B244EA21C8399900B4D26A /* TMHidingBar+Triggers.swift in Sources */,
				425FFEAC22B7838A00B01B56 /* UIView+LayoutGuide.swift in Sources */,
				46CCBADC2174BE0900C370E1 /* TMHorizontalBarLayout.swift in Sources */,
				462941EB2111EB7C00345B52 /* TMBarView.swift in Sources */,
				462F7F3421739D5A0036080C /* TMSystemBar.swift in Sources */,
				461196EC222004EF0033FE04 /* TMBadgeView.swift in Sources */,
				46CCBAE22174BE1900C370E1 /* TMBarIndicator+None.swift in Sources */,
				462F7F31217387E50036080C /* TMBarViewScrollHandler.swift in Sources */,
				4612BD1120C9B851001A37B5 /* BarMath.swift in Sources */,
				46CCBAE32174BE1900C370E1 /* TMLineBarIndicator.swift in Sources */,
				46CCBAD62174BDF600C370E1 /* TMLabelBarButton.swift in Sources */,
				4670EC7F23BE09B6006FEC9B /* InsetCalculator.swift in Sources */,
				46CCBADD2174BE0900C370E1 /* TMBarLayout+None.swift in Sources */,
				46E96329211B3A01004C7468 /* TMBarIndicator.swift in Sources */,
				46F608872193231500E2BD14 /* TMDotBarIndicator.swift in Sources */,
				4613CBF2214187EE000E6766 /* CGRect+Interpolation.swift in Sources */,
				46CCBADE2174BE0900C370E1 /* TMConstrainedHorizontalBarLayout.swift in Sources */,
				46E96328211B3A01004C7468 /* TMBarIndicatorLayoutHandler.swift in Sources */,
				46E96326211B3A01004C7468 /* TMBarButtonInteractionController.swift in Sources */,
				46E96321211B3A01004C7468 /* TMBarButton.swift in Sources */,
				46A9D28A213C145D001D9A70 /* TMBarIndicatorContainer.swift in Sources */,
				4613CBF821418839000E6766 /* WeakContainer.swift in Sources */,
				4670EC7723BE09B6006FEC9B /* AutoInsetter.swift in Sources */,
				46E96339211B7F03004C7468 /* TMBarLayoutParent.swift in Sources */,
				4613CBF421418804000E6766 /* UIColor+Interpolation.swift in Sources */,
				46CCBAD52174BDF600C370E1 /* TMTabItemBarButton.swift in Sources */,
				467E1B7E21C2B441000BB77D /* TMHidingBar.swift in Sources */,
				4612BCF220C88D24001A37B5 /* TMBar+Templates.swift in Sources */,
				46CCBAD72174BDF600C370E1 /* TMBarButton+None.swift in Sources */,
				46E96336211B4B06004C7468 /* EdgeFadedView.swift in Sources */,
				46196A502179C7C800B51D0F /* UIKit+TMBarItemable.swift in Sources */,
				4611970E2221B7E70033FE04 /* UIViewController+Tabman.swift in Sources */,
				D62AC0F51E5733FE0020B8AE /* TabmanViewController.swift in Sources */,
				46E598EF2168FD3200D8A138 /* TMBarBackgroundView.swift in Sources */,
				4670EC8023BE09B6006FEC9B /* InsetCalculations.swift in Sources */,
				4628609A213EDB63009C707F /* TMBarViewFocusRect.swift in Sources */,
				464264DF217E12A20001C4AF /* TabmanViewController+Insets.swift in Sources */,
			);
			runOnlyForDeploymentPostprocessing = 0;
		};
		D62AC0B71E5733810020B8AE /* Sources */ = {
			isa = PBXSourcesBuildPhase;
			buildActionMask = 2147483647;
			files = (
				46324A7C213A99E30059D469 /* MockBarDataSource.swift in Sources */,
				46324A7E213A9C700059D469 /* MockTabmanViewController.swift in Sources */,
				46324A78213A99250059D469 /* MockBarView.swift in Sources */,
				46324A7A213A99860059D469 /* TabmanViewControllerTests.swift in Sources */,
			);
			runOnlyForDeploymentPostprocessing = 0;
		};
/* End PBXSourcesBuildPhase section */

/* Begin PBXTargetDependency section */
		D62AC0BE1E5733810020B8AE /* PBXTargetDependency */ = {
			isa = PBXTargetDependency;
			target = D62AC0B11E5733810020B8AE /* Tabman */;
			targetProxy = D62AC0BD1E5733810020B8AE /* PBXContainerItemProxy */;
		};
/* End PBXTargetDependency section */

/* Begin XCBuildConfiguration section */
		D62AC0C41E5733810020B8AE /* Debug */ = {
			isa = XCBuildConfiguration;
			baseConfigurationReference = 46B4874E2529C4BC007CCFF2 /* Tabman.xcconfig */;
			buildSettings = {
				ALWAYS_SEARCH_USER_PATHS = NO;
				CLANG_ANALYZER_LOCALIZABILITY_NONLOCALIZED = YES;
				CLANG_ANALYZER_NONNULL = YES;
				CLANG_CXX_LANGUAGE_STANDARD = "gnu++0x";
				CLANG_CXX_LIBRARY = "libc++";
				CLANG_ENABLE_MODULES = YES;
				CLANG_ENABLE_OBJC_ARC = YES;
				CLANG_WARN_BLOCK_CAPTURE_AUTORELEASING = YES;
				CLANG_WARN_BOOL_CONVERSION = YES;
				CLANG_WARN_COMMA = YES;
				CLANG_WARN_CONSTANT_CONVERSION = YES;
				CLANG_WARN_DEPRECATED_OBJC_IMPLEMENTATIONS = YES;
				CLANG_WARN_DIRECT_OBJC_ISA_USAGE = YES_ERROR;
				CLANG_WARN_DOCUMENTATION_COMMENTS = YES;
				CLANG_WARN_EMPTY_BODY = YES;
				CLANG_WARN_ENUM_CONVERSION = YES;
				CLANG_WARN_INFINITE_RECURSION = YES;
				CLANG_WARN_INT_CONVERSION = YES;
				CLANG_WARN_NON_LITERAL_NULL_CONVERSION = YES;
				CLANG_WARN_OBJC_IMPLICIT_RETAIN_SELF = YES;
				CLANG_WARN_OBJC_LITERAL_CONVERSION = YES;
				CLANG_WARN_OBJC_ROOT_CLASS = YES_ERROR;
				CLANG_WARN_QUOTED_INCLUDE_IN_FRAMEWORK_HEADER = YES;
				CLANG_WARN_RANGE_LOOP_ANALYSIS = YES;
				CLANG_WARN_STRICT_PROTOTYPES = YES;
				CLANG_WARN_SUSPICIOUS_MOVE = YES;
				CLANG_WARN_UNREACHABLE_CODE = YES;
				CLANG_WARN__DUPLICATE_METHOD_MATCH = YES;
				"CODE_SIGN_IDENTITY[sdk=iphoneos*]" = "iPhone Developer";
				COPY_PHASE_STRIP = NO;
				CURRENT_PROJECT_VERSION = 1;
				DEBUG_INFORMATION_FORMAT = dwarf;
				ENABLE_STRICT_OBJC_MSGSEND = YES;
				ENABLE_TESTABILITY = YES;
				GCC_C_LANGUAGE_STANDARD = gnu99;
				GCC_DYNAMIC_NO_PIC = NO;
				GCC_NO_COMMON_BLOCKS = YES;
				GCC_OPTIMIZATION_LEVEL = 0;
				GCC_PREPROCESSOR_DEFINITIONS = (
					"DEBUG=1",
					"$(inherited)",
				);
				GCC_WARN_64_TO_32_BIT_CONVERSION = YES;
				GCC_WARN_ABOUT_RETURN_TYPE = YES_ERROR;
				GCC_WARN_UNDECLARED_SELECTOR = YES;
				GCC_WARN_UNINITIALIZED_AUTOS = YES_AGGRESSIVE;
				GCC_WARN_UNUSED_FUNCTION = YES;
				GCC_WARN_UNUSED_VARIABLE = YES;
				IPHONEOS_DEPLOYMENT_TARGET = "$(TM_IOS_DEPLOYMENT_TARGET)";
				MTL_ENABLE_DEBUG_INFO = YES;
				ONLY_ACTIVE_ARCH = YES;
				SDKROOT = iphoneos;
				SWIFT_ACTIVE_COMPILATION_CONDITIONS = DEBUG;
				SWIFT_OPTIMIZATION_LEVEL = "-Onone";
				SWIFT_VERSION = 5.0;
				TARGETED_DEVICE_FAMILY = "1,2";
				VERSIONING_SYSTEM = "apple-generic";
				VERSION_INFO_PREFIX = "";
			};
			name = Debug;
		};
		D62AC0C51E5733810020B8AE /* Release */ = {
			isa = XCBuildConfiguration;
			baseConfigurationReference = 46B4874E2529C4BC007CCFF2 /* Tabman.xcconfig */;
			buildSettings = {
				ALWAYS_SEARCH_USER_PATHS = NO;
				CLANG_ANALYZER_LOCALIZABILITY_NONLOCALIZED = YES;
				CLANG_ANALYZER_NONNULL = YES;
				CLANG_CXX_LANGUAGE_STANDARD = "gnu++0x";
				CLANG_CXX_LIBRARY = "libc++";
				CLANG_ENABLE_MODULES = YES;
				CLANG_ENABLE_OBJC_ARC = YES;
				CLANG_WARN_BLOCK_CAPTURE_AUTORELEASING = YES;
				CLANG_WARN_BOOL_CONVERSION = YES;
				CLANG_WARN_COMMA = YES;
				CLANG_WARN_CONSTANT_CONVERSION = YES;
				CLANG_WARN_DEPRECATED_OBJC_IMPLEMENTATIONS = YES;
				CLANG_WARN_DIRECT_OBJC_ISA_USAGE = YES_ERROR;
				CLANG_WARN_DOCUMENTATION_COMMENTS = YES;
				CLANG_WARN_EMPTY_BODY = YES;
				CLANG_WARN_ENUM_CONVERSION = YES;
				CLANG_WARN_INFINITE_RECURSION = YES;
				CLANG_WARN_INT_CONVERSION = YES;
				CLANG_WARN_NON_LITERAL_NULL_CONVERSION = YES;
				CLANG_WARN_OBJC_IMPLICIT_RETAIN_SELF = YES;
				CLANG_WARN_OBJC_LITERAL_CONVERSION = YES;
				CLANG_WARN_OBJC_ROOT_CLASS = YES_ERROR;
				CLANG_WARN_QUOTED_INCLUDE_IN_FRAMEWORK_HEADER = YES;
				CLANG_WARN_RANGE_LOOP_ANALYSIS = YES;
				CLANG_WARN_STRICT_PROTOTYPES = YES;
				CLANG_WARN_SUSPICIOUS_MOVE = YES;
				CLANG_WARN_UNREACHABLE_CODE = YES;
				CLANG_WARN__DUPLICATE_METHOD_MATCH = YES;
				"CODE_SIGN_IDENTITY[sdk=iphoneos*]" = "iPhone Developer";
				COPY_PHASE_STRIP = NO;
				CURRENT_PROJECT_VERSION = 1;
				DEBUG_INFORMATION_FORMAT = "dwarf-with-dsym";
				ENABLE_NS_ASSERTIONS = NO;
				ENABLE_STRICT_OBJC_MSGSEND = YES;
				GCC_C_LANGUAGE_STANDARD = gnu99;
				GCC_NO_COMMON_BLOCKS = YES;
				GCC_WARN_64_TO_32_BIT_CONVERSION = YES;
				GCC_WARN_ABOUT_RETURN_TYPE = YES_ERROR;
				GCC_WARN_UNDECLARED_SELECTOR = YES;
				GCC_WARN_UNINITIALIZED_AUTOS = YES_AGGRESSIVE;
				GCC_WARN_UNUSED_FUNCTION = YES;
				GCC_WARN_UNUSED_VARIABLE = YES;
				IPHONEOS_DEPLOYMENT_TARGET = "$(TM_IOS_DEPLOYMENT_TARGET)";
				MTL_ENABLE_DEBUG_INFO = NO;
				SDKROOT = iphoneos;
				SWIFT_COMPILATION_MODE = wholemodule;
				SWIFT_OPTIMIZATION_LEVEL = "-O";
				SWIFT_VERSION = 5.0;
				TARGETED_DEVICE_FAMILY = "1,2";
				VALIDATE_PRODUCT = YES;
				VERSIONING_SYSTEM = "apple-generic";
				VERSION_INFO_PREFIX = "";
			};
			name = Release;
		};
		D62AC0C71E5733810020B8AE /* Debug */ = {
			isa = XCBuildConfiguration;
			buildSettings = {
				APPLICATION_EXTENSION_API_ONLY = YES;
				CLANG_ENABLE_MODULES = YES;
				CODE_SIGN_IDENTITY = "";
				DEFINES_MODULE = YES;
				DYLIB_COMPATIBILITY_VERSION = 1;
				DYLIB_CURRENT_VERSION = 1;
				DYLIB_INSTALL_NAME_BASE = "@rpath";
				EMBED_ASSET_PACKS_IN_PRODUCT_BUNDLE = NO;
				ENABLE_MODULE_VERIFIER = YES;
				INFOPLIST_FILE = Tabman/Info.plist;
				INSTALL_PATH = "$(LOCAL_LIBRARY_DIR)/Frameworks";
				IPHONEOS_DEPLOYMENT_TARGET = "$(TM_IOS_DEPLOYMENT_TARGET)";
				LD_RUNPATH_SEARCH_PATHS = (
					"$(inherited)",
					"@executable_path/Frameworks",
					"@loader_path/Frameworks",
				);
				MARKETING_VERSION = "$(TM_VERSION)";
				MODULE_VERIFIER_SUPPORTED_LANGUAGE_STANDARDS = "gnu99 gnu++11";
				PRODUCT_BUNDLE_IDENTIFIER = com.uias.Tabman;
				PRODUCT_NAME = Tabman;
				SKIP_INSTALL = YES;
				SUPPORTS_MACCATALYST = NO;
				SWIFT_INSTALL_OBJC_HEADER = NO;
				SWIFT_OPTIMIZATION_LEVEL = "-Onone";
			};
			name = Debug;
		};
		D62AC0C81E5733810020B8AE /* Release */ = {
			isa = XCBuildConfiguration;
			buildSettings = {
				APPLICATION_EXTENSION_API_ONLY = YES;
				CLANG_ENABLE_MODULES = YES;
				CODE_SIGN_IDENTITY = "";
				DEFINES_MODULE = YES;
				DYLIB_COMPATIBILITY_VERSION = 1;
				DYLIB_CURRENT_VERSION = 1;
				DYLIB_INSTALL_NAME_BASE = "@rpath";
				EMBED_ASSET_PACKS_IN_PRODUCT_BUNDLE = NO;
				ENABLE_MODULE_VERIFIER = YES;
				INFOPLIST_FILE = Tabman/Info.plist;
				INSTALL_PATH = "$(LOCAL_LIBRARY_DIR)/Frameworks";
				IPHONEOS_DEPLOYMENT_TARGET = "$(TM_IOS_DEPLOYMENT_TARGET)";
				LD_RUNPATH_SEARCH_PATHS = (
					"$(inherited)",
					"@executable_path/Frameworks",
					"@loader_path/Frameworks",
				);
				MARKETING_VERSION = "$(TM_VERSION)";
				MODULE_VERIFIER_SUPPORTED_LANGUAGE_STANDARDS = "gnu99 gnu++11";
				PRODUCT_BUNDLE_IDENTIFIER = com.uias.Tabman;
				PRODUCT_NAME = Tabman;
				SKIP_INSTALL = YES;
				SUPPORTS_MACCATALYST = NO;
				SWIFT_INSTALL_OBJC_HEADER = NO;
			};
			name = Release;
		};
		D62AC0CA1E5733810020B8AE /* Debug */ = {
			isa = XCBuildConfiguration;
			buildSettings = {
				CLANG_ENABLE_MODULES = YES;
				"CODE_SIGN_IDENTITY[sdk=iphoneos*]" = "iPhone Developer";
				DEVELOPMENT_TEAM = "";
				EMBED_ASSET_PACKS_IN_PRODUCT_BUNDLE = NO;
				INFOPLIST_FILE = TabmanTests/Info.plist;
				LD_RUNPATH_SEARCH_PATHS = (
					"$(inherited)",
					"@executable_path/Frameworks",
					"@loader_path/Frameworks",
					"\"$(SRCROOT)/../Carthage/Build/iOS\"",
				);
				PRODUCT_BUNDLE_IDENTIFIER = com.msapsford.TabmanTests;
				PRODUCT_NAME = "$(TARGET_NAME)";
				SUPPORTS_MACCATALYST = NO;
				SWIFT_OPTIMIZATION_LEVEL = "-Onone";
			};
			name = Debug;
		};
		D62AC0CB1E5733810020B8AE /* Release */ = {
			isa = XCBuildConfiguration;
			buildSettings = {
				CLANG_ENABLE_MODULES = YES;
				"CODE_SIGN_IDENTITY[sdk=iphoneos*]" = "iPhone Developer";
				DEVELOPMENT_TEAM = "";
				EMBED_ASSET_PACKS_IN_PRODUCT_BUNDLE = NO;
				INFOPLIST_FILE = TabmanTests/Info.plist;
				LD_RUNPATH_SEARCH_PATHS = (
					"$(inherited)",
					"@executable_path/Frameworks",
					"@loader_path/Frameworks",
					"\"$(SRCROOT)/../Carthage/Build/iOS\"",
				);
				PRODUCT_BUNDLE_IDENTIFIER = com.msapsford.TabmanTests;
				PRODUCT_NAME = "$(TARGET_NAME)";
				SUPPORTS_MACCATALYST = NO;
			};
			name = Release;
		};
/* End XCBuildConfiguration section */

/* Begin XCConfigurationList section */
		D62AC0AC1E5733810020B8AE /* Build configuration list for PBXProject "Tabman" */ = {
			isa = XCConfigurationList;
			buildConfigurations = (
				D62AC0C41E5733810020B8AE /* Debug */,
				D62AC0C51E5733810020B8AE /* Release */,
			);
			defaultConfigurationIsVisible = 0;
			defaultConfigurationName = Release;
		};
		D62AC0C61E5733810020B8AE /* Build configuration list for PBXNativeTarget "Tabman" */ = {
			isa = XCConfigurationList;
			buildConfigurations = (
				D62AC0C71E5733810020B8AE /* Debug */,
				D62AC0C81E5733810020B8AE /* Release */,
			);
			defaultConfigurationIsVisible = 0;
			defaultConfigurationName = Release;
		};
		D62AC0C91E5733810020B8AE /* Build configuration list for PBXNativeTarget "TabmanTests" */ = {
			isa = XCConfigurationList;
			buildConfigurations = (
				D62AC0CA1E5733810020B8AE /* Debug */,
				D62AC0CB1E5733810020B8AE /* Release */,
			);
			defaultConfigurationIsVisible = 0;
			defaultConfigurationName = Release;
		};
/* End XCConfigurationList section */

/* Begin XCRemoteSwiftPackageReference section */
		465F976C2529C375003A5AEE /* XCRemoteSwiftPackageReference "Pageboy" */ = {
			isa = XCRemoteSwiftPackageReference;
			repositoryURL = "https://github.com/uias/Pageboy";
			requirement = {
				kind = upToNextMajorVersion;
				minimumVersion = 4.2.0;
			};
		};
/* End XCRemoteSwiftPackageReference section */

/* Begin XCSwiftPackageProductDependency section */
		465F976D2529C375003A5AEE /* Pageboy */ = {
			isa = XCSwiftPackageProductDependency;
			package = 465F976C2529C375003A5AEE /* XCRemoteSwiftPackageReference "Pageboy" */;
			productName = Pageboy;
		};
/* End XCSwiftPackageProductDependency section */
	};
	rootObject = D62AC0A91E5733810020B8AE /* Project object */;
}
