// !$*UTF8*$!
{
	archiveVersion = 1;
	classes = {
	};
	objectVersion = 50;
	objects = {

/* Begin PBXBuildFile section */
		46B487622529C556007CCFF2 /* AppDelegate.swift in Sources */ = {isa = PBXBuildFile; fileRef = 46B487612529C556007CCFF2 /* AppDelegate.swift */; };
		46B487662529C556007CCFF2 /* ButtonBarExampleViewController.swift in Sources */ = {isa = PBXBuildFile; fileRef = 46B487652529C556007CCFF2 /* ButtonBarExampleViewController.swift */; };
		46B4876B2529C557007CCFF2 /* Assets.xcassets in Resources */ = {isa = PBXBuildFile; fileRef = 46B4876A2529C557007CCFF2 /* Assets.xcassets */; };
		46B4876E2529C557007CCFF2 /* LaunchScreen.storyboard in Resources */ = {isa = PBXBuildFile; fileRef = 46B4876C2529C557007CCFF2 /* LaunchScreen.storyboard */; };
		46B487762529C590007CCFF2 /* Tabman.framework in Frameworks */ = {isa = PBXBuildFile; fileRef = 46B487752529C590007CCFF2 /* Tabman.framework */; };
		46B487772529C590007CCFF2 /* Tabman.framework in Embed Frameworks */ = {isa = PBXBuildFile; fileRef = 46B487752529C590007CCFF2 /* Tabman.framework */; settings = {ATTRIBUTES = (CodeSignOnCopy, RemoveHeadersOnCopy, ); }; };
		46B4877B2529C6FE007CCFF2 /* ChildViewController.swift in Sources */ = {isa = PBXBuildFile; fileRef = 46B4877A2529C6FE007CCFF2 /* ChildViewController.swift */; };
		46B4877F2529C9DB007CCFF2 /* GradientBackgroundViewController.swift in Sources */ = {isa = PBXBuildFile; fileRef = 46B4877E2529C9DB007CCFF2 /* GradientBackgroundViewController.swift */; };
		46B487832529CBE6007CCFF2 /* UIColor+Tabman.swift in Sources */ = {isa = PBXBuildFile; fileRef = 46B487822529CBE6007CCFF2 /* UIColor+Tabman.swift */; };
		840F58D126867B09008FE109 /* TabItemBarExampleViewController.swift in Sources */ = {isa = PBXBuildFile; fileRef = 840F58D026867B09008FE109 /* TabItemBarExampleViewController.swift */; };
/* End PBXBuildFile section */

/* Begin PBXCopyFilesBuildPhase section */
		46B487782529C590007CCFF2 /* Embed Frameworks */ = {
			isa = PBXCopyFilesBuildPhase;
			buildActionMask = 2147483647;
			dstPath = "";
			dstSubfolderSpec = 10;
			files = (
				46B487772529C590007CCFF2 /* Tabman.framework in Embed Frameworks */,
			);
			name = "Embed Frameworks";
			runOnlyForDeploymentPostprocessing = 0;
		};
/* End PBXCopyFilesBuildPhase section */

/* Begin PBXFileReference section */
		46B4874A2529C49C007CCFF2 /* Tabman.xcconfig */ = {isa = PBXFileReference; lastKnownFileType = text.xcconfig; name = Tabman.xcconfig; path = ../Tabman.xcconfig; sourceTree = "<group>"; };
		46B4875F2529C556007CCFF2 /* Example iOS.app */ = {isa = PBXFileReference; explicitFileType = wrapper.application; includeInIndex = 0; path = "Example iOS.app"; sourceTree = BUILT_PRODUCTS_DIR; };
		46B487612529C556007CCFF2 /* AppDelegate.swift */ = {isa = PBXFileReference; lastKnownFileType = sourcecode.swift; path = AppDelegate.swift; sourceTree = "<group>"; };
		46B487652529C556007CCFF2 /* ButtonBarExampleViewController.swift */ = {isa = PBXFileReference; lastKnownFileType = sourcecode.swift; path = ButtonBarExampleViewController.swift; sourceTree = "<group>"; };
		46B4876A2529C557007CCFF2 /* Assets.xcassets */ = {isa = PBXFileReference; lastKnownFileType = folder.assetcatalog; path = Assets.xcassets; sourceTree = "<group>"; };
		46B4876D2529C557007CCFF2 /* Base */ = {isa = PBXFileReference; lastKnownFileType = file.storyboard; name = Base; path = Base.lproj/LaunchScreen.storyboard; sourceTree = "<group>"; };
		46B4876F2529C557007CCFF2 /* Info.plist */ = {isa = PBXFileReference; lastKnownFileType = text.plist.xml; path = Info.plist; sourceTree = "<group>"; };
		46B487752529C590007CCFF2 /* Tabman.framework */ = {isa = PBXFileReference; explicitFileType = wrapper.framework; path = Tabman.framework; sourceTree = BUILT_PRODUCTS_DIR; };
		46B4877A2529C6FE007CCFF2 /* ChildViewController.swift */ = {isa = PBXFileReference; lastKnownFileType = sourcecode.swift; path = ChildViewController.swift; sourceTree = "<group>"; };
		46B4877E2529C9DB007CCFF2 /* GradientBackgroundViewController.swift */ = {isa = PBXFileReference; lastKnownFileType = sourcecode.swift; path = GradientBackgroundViewController.swift; sourceTree = "<group>"; };
		46B487822529CBE6007CCFF2 /* UIColor+Tabman.swift */ = {isa = PBXFileReference; lastKnownFileType = sourcecode.swift; path = "UIColor+Tabman.swift"; sourceTree = "<group>"; };
		840F58D026867B09008FE109 /* TabItemBarExampleViewController.swift */ = {isa = PBXFileReference; lastKnownFileType = sourcecode.swift; path = TabItemBarExampleViewController.swift; sourceTree = "<group>"; };
/* End PBXFileReference section */

/* Begin PBXFrameworksBuildPhase section */
		46B4875C2529C556007CCFF2 /* Frameworks */ = {
			isa = PBXFrameworksBuildPhase;
			buildActionMask = 2147483647;
			files = (
				46B487762529C590007CCFF2 /* Tabman.framework in Frameworks */,
			);
			runOnlyForDeploymentPostprocessing = 0;
		};
/* End PBXFrameworksBuildPhase section */

/* Begin PBXGroup section */
		46B487282529C461007CCFF2 = {
			isa = PBXGroup;
			children = (
				46B487602529C556007CCFF2 /* iOS */,
				46B4874B2529C4A3007CCFF2 /* Config */,
				46B487322529C461007CCFF2 /* Products */,
				46B487742529C590007CCFF2 /* Frameworks */,
			);
			sourceTree = "<group>";
		};
		46B487322529C461007CCFF2 /* Products */ = {
			isa = PBXGroup;
			children = (
				46B4875F2529C556007CCFF2 /* Example iOS.app */,
			);
			name = Products;
			sourceTree = "<group>";
		};
		46B4874B2529C4A3007CCFF2 /* Config */ = {
			isa = PBXGroup;
			children = (
				46B4874A2529C49C007CCFF2 /* Tabman.xcconfig */,
			);
			name = Config;
			sourceTree = "<group>";
		};
		46B487602529C556007CCFF2 /* iOS */ = {
			isa = PBXGroup;
			children = (
				46B487612529C556007CCFF2 /* AppDelegate.swift */,
				46B487652529C556007CCFF2 /* ButtonBarExampleViewController.swift */,
				840F58D026867B09008FE109 /* TabItemBarExampleViewController.swift */,
				46B4877A2529C6FE007CCFF2 /* ChildViewController.swift */,
				46B4877D2529C9CD007CCFF2 /* Extras */,
				46B487792529C5C1007CCFF2 /* Resources */,
			);
			path = iOS;
			sourceTree = "<group>";
		};
		46B487742529C590007CCFF2 /* Frameworks */ = {
			isa = PBXGroup;
			children = (
				46B487752529C590007CCFF2 /* Tabman.framework */,
			);
			name = Frameworks;
			sourceTree = "<group>";
		};
		46B487792529C5C1007CCFF2 /* Resources */ = {
			isa = PBXGroup;
			children = (
				46B4876A2529C557007CCFF2 /* Assets.xcassets */,
				46B4876C2529C557007CCFF2 /* LaunchScreen.storyboard */,
				46B4876F2529C557007CCFF2 /* Info.plist */,
			);
			name = Resources;
			sourceTree = "<group>";
		};
		46B4877D2529C9CD007CCFF2 /* Extras */ = {
			isa = PBXGroup;
			children = (
				46B4877E2529C9DB007CCFF2 /* GradientBackgroundViewController.swift */,
				46B487822529CBE6007CCFF2 /* UIColor+Tabman.swift */,
			);
			path = Extras;
			sourceTree = "<group>";
		};
/* End PBXGroup section */

/* Begin PBXNativeTarget section */
		46B4875E2529C556007CCFF2 /* Example iOS */ = {
			isa = PBXNativeTarget;
			buildConfigurationList = 46B487702529C557007CCFF2 /* Build configuration list for PBXNativeTarget "Example iOS" */;
			buildPhases = (
				46B4875B2529C556007CCFF2 /* Sources */,
				46B4875C2529C556007CCFF2 /* Frameworks */,
				46B4875D2529C556007CCFF2 /* Resources */,
				46B487782529C590007CCFF2 /* Embed Frameworks */,
			);
			buildRules = (
			);
			dependencies = (
			);
			name = "Example iOS";
			productName = iOS;
			productReference = 46B4875F2529C556007CCFF2 /* Example iOS.app */;
			productType = "com.apple.product-type.application";
		};
/* End PBXNativeTarget section */

/* Begin PBXProject section */
		46B487292529C461007CCFF2 /* Project object */ = {
			isa = PBXProject;
			attributes = {
				LastSwiftUpdateCheck = 1200;
				LastUpgradeCheck = 1340;
				TargetAttributes = {
					46B4875E2529C556007CCFF2 = {
						CreatedOnToolsVersion = 12.0;
					};
				};
			};
			buildConfigurationList = 46B4872C2529C461007CCFF2 /* Build configuration list for PBXProject "Examples" */;
			compatibilityVersion = "Xcode 9.3";
			developmentRegion = en;
			hasScannedForEncodings = 0;
			knownRegions = (
				en,
				Base,
			);
			mainGroup = 46B487282529C461007CCFF2;
			productRefGroup = 46B487322529C461007CCFF2 /* Products */;
			projectDirPath = "";
			projectRoot = "";
			targets = (
				46B4875E2529C556007CCFF2 /* Example iOS */,
			);
		};
/* End PBXProject section */

/* Begin PBXResourcesBuildPhase section */
		46B4875D2529C556007CCFF2 /* Resources */ = {
			isa = PBXResourcesBuildPhase;
			buildActionMask = 2147483647;
			files = (
				46B4876E2529C557007CCFF2 /* LaunchScreen.storyboard in Resources */,
				46B4876B2529C557007CCFF2 /* Assets.xcassets in Resources */,
			);
			runOnlyForDeploymentPostprocessing = 0;
		};
/* End PBXResourcesBuildPhase section */

/* Begin PBXSourcesBuildPhase section */
		46B4875B2529C556007CCFF2 /* Sources */ = {
			isa = PBXSourcesBuildPhase;
			buildActionMask = 2147483647;
			files = (
				46B4877F2529C9DB007CCFF2 /* GradientBackgroundViewController.swift in Sources */,
				46B487662529C556007CCFF2 /* ButtonBarExampleViewController.swift in Sources */,
				46B487832529CBE6007CCFF2 /* UIColor+Tabman.swift in Sources */,
				46B487622529C556007CCFF2 /* AppDelegate.swift in Sources */,
				840F58D126867B09008FE109 /* TabItemBarExampleViewController.swift in Sources */,
				46B4877B2529C6FE007CCFF2 /* ChildViewController.swift in Sources */,
			);
			runOnlyForDeploymentPostprocessing = 0;
		};
/* End PBXSourcesBuildPhase section */

/* Begin PBXVariantGroup section */
		46B4876C2529C557007CCFF2 /* LaunchScreen.storyboard */ = {
			isa = PBXVariantGroup;
			children = (
				46B4876D2529C557007CCFF2 /* Base */,
			);
			name = LaunchScreen.storyboard;
			sourceTree = "<group>";
		};
/* End PBXVariantGroup section */

/* Begin XCBuildConfiguration section */
		46B487432529C462007CCFF2 /* Debug */ = {
			isa = XCBuildConfiguration;
			baseConfigurationReference = 46B4874A2529C49C007CCFF2 /* Tabman.xcconfig */;
			buildSettings = {
				ALWAYS_SEARCH_USER_PATHS = NO;
				CLANG_ANALYZER_NONNULL = YES;
				CLANG_ANALYZER_NUMBER_OBJECT_CONVERSION = YES_AGGRESSIVE;
				CLANG_CXX_LANGUAGE_STANDARD = "gnu++14";
				CLANG_CXX_LIBRARY = "libc++";
				CLANG_ENABLE_MODULES = YES;
				CLANG_ENABLE_OBJC_ARC = YES;
				CLANG_ENABLE_OBJC_WEAK = YES;
				CLANG_WARN_BLOCK_CAPTURE_AUTORELEASING = YES;
				CLANG_WARN_BOOL_CONVERSION = YES;
				CLANG_WARN_COMMA = YES;
				CLANG_WARN_CONSTANT_CONVERSION = YES;
				CLANG_WARN_DEPRECATED_OBJC_IMPLEMENTATIONS = YES;
				CLANG_WARN_DIRECT_OBJC_ISA_USAGE = YES_ERROR;
				CLANG_WARN_DOCUMENTATION_COMMENTS = YES;
				CLANG_WARN_EMPTY_BODY = YES;
				CLANG_WARN_ENUM_CONVERSION = YES;
				CLANG_WARN_INFINITE_RECURSION = YES;
				CLANG_WARN_INT_CONVERSION = YES;
				CLANG_WARN_NON_LITERAL_NULL_CONVERSION = YES;
				CLANG_WARN_OBJC_IMPLICIT_RETAIN_SELF = YES;
				CLANG_WARN_OBJC_LITERAL_CONVERSION = YES;
				CLANG_WARN_OBJC_ROOT_CLASS = YES_ERROR;
				CLANG_WARN_QUOTED_INCLUDE_IN_FRAMEWORK_HEADER = YES;
				CLANG_WARN_RANGE_LOOP_ANALYSIS = YES;
				CLANG_WARN_STRICT_PROTOTYPES = YES;
				CLANG_WARN_SUSPICIOUS_MOVE = YES;
				CLANG_WARN_UNGUARDED_AVAILABILITY = YES_AGGRESSIVE;
				CLANG_WARN_UNREACHABLE_CODE = YES;
				CLANG_WARN__DUPLICATE_METHOD_MATCH = YES;
				COPY_PHASE_STRIP = NO;
				DEBUG_INFORMATION_FORMAT = dwarf;
				ENABLE_STRICT_OBJC_MSGSEND = YES;
				ENABLE_TESTABILITY = YES;
				GCC_C_LANGUAGE_STANDARD = gnu11;
				GCC_DYNAMIC_NO_PIC = NO;
				GCC_NO_COMMON_BLOCKS = YES;
				GCC_OPTIMIZATION_LEVEL = 0;
				GCC_PREPROCESSOR_DEFINITIONS = (
					"DEBUG=1",
					"$(inherited)",
				);
				GCC_WARN_64_TO_32_BIT_CONVERSION = YES;
				GCC_WARN_ABOUT_RETURN_TYPE = YES_ERROR;
				GCC_WARN_UNDECLARED_SELECTOR = YES;
				GCC_WARN_UNINITIALIZED_AUTOS = YES_AGGRESSIVE;
				GCC_WARN_UNUSED_FUNCTION = YES;
				GCC_WARN_UNUSED_VARIABLE = YES;
				IPHONEOS_DEPLOYMENT_TARGET = "$(TM_IOS_DEPLOYMENT_TARGET)";
				MTL_ENABLE_DEBUG_INFO = INCLUDE_SOURCE;
				MTL_FAST_MATH = YES;
				ONLY_ACTIVE_ARCH = YES;
				SDKROOT = iphoneos;
				SWIFT_ACTIVE_COMPILATION_CONDITIONS = DEBUG;
				SWIFT_OPTIMIZATION_LEVEL = "-Onone";
			};
			name = Debug;
		};
		46B487442529C462007CCFF2 /* Release */ = {
			isa = XCBuildConfiguration;
			baseConfigurationReference = 46B4874A2529C49C007CCFF2 /* Tabman.xcconfig */;
			buildSettings = {
				ALWAYS_SEARCH_USER_PATHS = NO;
				CLANG_ANALYZER_NONNULL = YES;
				CLANG_ANALYZER_NUMBER_OBJECT_CONVERSION = YES_AGGRESSIVE;
				CLANG_CXX_LANGUAGE_STANDARD = "gnu++14";
				CLANG_CXX_LIBRARY = "libc++";
				CLANG_ENABLE_MODULES = YES;
				CLANG_ENABLE_OBJC_ARC = YES;
				CLANG_ENABLE_OBJC_WEAK = YES;
				CLANG_WARN_BLOCK_CAPTURE_AUTORELEASING = YES;
				CLANG_WARN_BOOL_CONVERSION = YES;
				CLANG_WARN_COMMA = YES;
				CLANG_WARN_CONSTANT_CONVERSION = YES;
				CLANG_WARN_DEPRECATED_OBJC_IMPLEMENTATIONS = YES;
				CLANG_WARN_DIRECT_OBJC_ISA_USAGE = YES_ERROR;
				CLANG_WARN_DOCUMENTATION_COMMENTS = YES;
				CLANG_WARN_EMPTY_BODY = YES;
				CLANG_WARN_ENUM_CONVERSION = YES;
				CLANG_WARN_INFINITE_RECURSION = YES;
				CLANG_WARN_INT_CONVERSION = YES;
				CLANG_WARN_NON_LITERAL_NULL_CONVERSION = YES;
				CLANG_WARN_OBJC_IMPLICIT_RETAIN_SELF = YES;
				CLANG_WARN_OBJC_LITERAL_CONVERSION = YES;
				CLANG_WARN_OBJC_ROOT_CLASS = YES_ERROR;
				CLANG_WARN_QUOTED_INCLUDE_IN_FRAMEWORK_HEADER = YES;
				CLANG_WARN_RANGE_LOOP_ANALYSIS = YES;
				CLANG_WARN_STRICT_PROTOTYPES = YES;
				CLANG_WARN_SUSPICIOUS_MOVE = YES;
				CLANG_WARN_UNGUARDED_AVAILABILITY = YES_AGGRESSIVE;
				CLANG_WARN_UNREACHABLE_CODE = YES;
				CLANG_WARN__DUPLICATE_METHOD_MATCH = YES;
				COPY_PHASE_STRIP = NO;
				DEBUG_INFORMATION_FORMAT = "dwarf-with-dsym";
				ENABLE_NS_ASSERTIONS = NO;
				ENABLE_STRICT_OBJC_MSGSEND = YES;
				GCC_C_LANGUAGE_STANDARD = gnu11;
				GCC_NO_COMMON_BLOCKS = YES;
				GCC_WARN_64_TO_32_BIT_CONVERSION = YES;
				GCC_WARN_ABOUT_RETURN_TYPE = YES_ERROR;
				GCC_WARN_UNDECLARED_SELECTOR = YES;
				GCC_WARN_UNINITIALIZED_AUTOS = YES_AGGRESSIVE;
				GCC_WARN_UNUSED_FUNCTION = YES;
				GCC_WARN_UNUSED_VARIABLE = YES;
				IPHONEOS_DEPLOYMENT_TARGET = "$(TM_IOS_DEPLOYMENT_TARGET)";
				MTL_ENABLE_DEBUG_INFO = NO;
				MTL_FAST_MATH = YES;
				SDKROOT = iphoneos;
				SWIFT_COMPILATION_MODE = wholemodule;
				SWIFT_OPTIMIZATION_LEVEL = "-O";
				VALIDATE_PRODUCT = YES;
			};
			name = Release;
		};
		46B487712529C557007CCFF2 /* Debug */ = {
			isa = XCBuildConfiguration;
			buildSettings = {
				ASSETCATALOG_COMPILER_APPICON_NAME = AppIcon;
				ASSETCATALOG_COMPILER_GLOBAL_ACCENT_COLOR_NAME = AccentColor;
				CODE_SIGN_STYLE = Automatic;
				INFOPLIST_FILE = iOS/Info.plist;
				IPHONEOS_DEPLOYMENT_TARGET = "$(TM_IOS_DEPLOYMENT_TARGET)";
				LD_RUNPATH_SEARCH_PATHS = (
					"$(inherited)",
					"@executable_path/Frameworks",
				);
				MARKETING_VERSION = "$(TM_VERSION)";
				PRODUCT_BUNDLE_IDENTIFIER = com.uias.Tabman.iOS;
				PRODUCT_NAME = "$(TARGET_NAME)";
				SWIFT_VERSION = 5.0;
				TARGETED_DEVICE_FAMILY = "1,2";
			};
			name = Debug;
		};
		46B487722529C557007CCFF2 /* Release */ = {
			isa = XCBuildConfiguration;
			buildSettings = {
				ASSETCATALOG_COMPILER_APPICON_NAME = AppIcon;
				ASSETCATALOG_COMPILER_GLOBAL_ACCENT_COLOR_NAME = AccentColor;
				CODE_SIGN_STYLE = Automatic;
				INFOPLIST_FILE = iOS/Info.plist;
				IPHONEOS_DEPLOYMENT_TARGET = "$(TM_IOS_DEPLOYMENT_TARGET)";
				LD_RUNPATH_SEARCH_PATHS = (
					"$(inherited)",
					"@executable_path/Frameworks",
				);
				MARKETING_VERSION = "$(TM_VERSION)";
				PRODUCT_BUNDLE_IDENTIFIER = com.uias.Tabman.iOS;
				PRODUCT_NAME = "$(TARGET_NAME)";
				SWIFT_VERSION = 5.0;
				TARGETED_DEVICE_FAMILY = "1,2";
			};
			name = Release;
		};
/* End XCBuildConfiguration section */

/* Begin XCConfigurationList section */
		46B4872C2529C461007CCFF2 /* Build configuration list for PBXProject "Examples" */ = {
			isa = XCConfigurationList;
			buildConfigurations = (
				46B487432529C462007CCFF2 /* Debug */,
				46B487442529C462007CCFF2 /* Release */,
			);
			defaultConfigurationIsVisible = 0;
			defaultConfigurationName = Release;
		};
		46B487702529C557007CCFF2 /* Build configuration list for PBXNativeTarget "Example iOS" */ = {
			isa = XCConfigurationList;
			buildConfigurations = (
				46B487712529C557007CCFF2 /* Debug */,
				46B487722529C557007CCFF2 /* Release */,
			);
			defaultConfigurationIsVisible = 0;
			defaultConfigurationName = Release;
		};
/* End XCConfigurationList section */
	};
	rootObject = 46B487292529C461007CCFF2 /* Project object */;
}
